Microsoft Visual Studio Solution File, Format Version 12.00
# Visual Studio 15
VisualStudioVersion = 15.0.28307.168
MinimumVisualStudioVersion = 10.0.40219.1
Project("{2150E333-8FDC-42A3-9474-1A3956D46DE8}") = "Build", "Build", "{5AFE4009-FEC4-42BA-A38C-6DC8E313DCC1}"
EndProject
Project("{2150E333-8FDC-42A3-9474-1A3956D46DE8}") = "Core", "Core", "{B853A323-2F8F-418A-A956-D106E5626271}"
EndProject
Project("{2150E333-8FDC-42A3-9474-1A3956D46DE8}") = "Forms", "Forms", "{5DDCBDC0-B633-43D5-BCDD-E4E5B0AB7045}"
EndProject
Project("{2150E333-8FDC-42A3-9474-1A3956D46DE8}") = "IDE", "IDE", "{BF0CECC6-A9AC-46D2-9B8B-944C6569F381}"
EndProject
Project("{2150E333-8FDC-42A3-9474-1A3956D46DE8}") = "ExpressionFuture", "ExpressionFuture", "{7A29DDFA-D500-4F38-9412-CAEC23C7370C}"
EndProject
Project("{9A19103F-16F7-4668-BE54-9A1E7A4F7556}") = "Debugging", "Core\ExpressionFuture\Debugging\Debugging.csproj", "{12CE4EDC-35A9-4D0C-96D3-A96C91A53BE0}"
EndProject
Project("{9A19103F-16F7-4668-BE54-9A1E7A4F7556}") = "CSharpExpressions", "Core\ExpressionFuture\CSharpExpressions\CSharpExpressions.csproj", "{D5118A79-243D-4318-A88A-A7B6728A8063}"
EndProject
Project("{9A19103F-16F7-4668-BE54-9A1E7A4F7556}") = "HotReloading", "Core\HotReloading\HotReloading.csproj", "{6C3867A5-2BD6-469A-A529-183469120BAD}"
EndProject
Project("{9A19103F-16F7-4668-BE54-9A1E7A4F7556}") = "HotReloading.Core", "Core\HotReloading.Core\HotReloading.Core.csproj", "{C39466DC-59E6-46C5-903C-0318310034F1}"
EndProject
Project("{9A19103F-16F7-4668-BE54-9A1E7A4F7556}") = "StatementConverter.Test", "Core\StatementConverter.Test\StatementConverter.Test.csproj", "{1CFB6B76-D663-4ED8-9581-3EB07090A6CB}"
EndProject
Project("{9A19103F-16F7-4668-BE54-9A1E7A4F7556}") = "StatementConverter", "Core\StatementConverter\StatementConverter.csproj", "{F30A895B-F06F-4E37-A473-AA2BCC19396F}"
EndProject
Project("{FAE04EC0-301F-11D3-BF4B-00C04F79EFBC}") = "HotReloading.BuildTask", "Build\HotReloading.BuildTask\HotReloading.BuildTask.csproj", "{7556F489-417B-4D29-8FF7-4041B6DCA0D3}"
EndProject
Project("{FAE04EC0-301F-11D3-BF4B-00C04F79EFBC}") = "HotReloading.BuildTask.Test", "Build\HotReloading.BuildTask.Test\HotReloading.BuildTask.Test.csproj", "{D763FDE0-9D06-4667-8229-43CD0D261040}"
EndProject
Project("{9A19103F-16F7-4668-BE54-9A1E7A4F7556}") = "HotReloading.Forms", "Forms\HotReloading.Forms\HotReloading.Forms.csproj", "{551CACF0-6DF1-4308-A519-AE0F4B9F9B35}"
EndProject
Project("{FAE04EC0-301F-11D3-BF4B-00C04F79EFBC}") = "HotReloading.Android", "Forms\HotReloading.Android\HotReloading.Android.csproj", "{5FA5850C-BF4F-4057-8111-826CD4A122C2}"
EndProject
Project("{FAE04EC0-301F-11D3-BF4B-00C04F79EFBC}") = "HotReloading.iOS", "Forms\HotReloading.iOS\HotReloading.iOS.csproj", "{34E1CACA-7979-4F13-A7DA-CCC7225E2B9E}"
EndProject
Project("{9A19103F-16F7-4668-BE54-9A1E7A4F7556}") = "CSharpCodeAnalysis", "IDE\CSharpCodeAnalysis\CSharpCodeAnalysis.csproj", "{15CE84D0-D008-44F2-A826-4C63E805B68B}"
EndProject
Project("{9A19103F-16F7-4668-BE54-9A1E7A4F7556}") = "CSharpCodeAnalysis.Test", "IDE\CSharpCodeAnalysis.Test\CSharpCodeAnalysis.Test.csproj", "{D4A5CB19-F816-4269-AE1E-58C78E4F8F13}"
EndProject
Project("{9A19103F-16F7-4668-BE54-9A1E7A4F7556}") = "Ide.Core", "IDE\Ide.Core\Ide.Core.csproj", "{4B23C25D-501F-4D80-A5C3-6BD10370D9B0}"
EndProject
Project("{FAE04EC0-301F-11D3-BF4B-00C04F79EFBC}") = "VisualStudio.Window", "IDE\VisualStudio.Window\VisualStudio.Window.csproj", "{229AAAA2-5CCD-45B7-A588-A19CDCC348A1}"
EndProject
Project("{9A19103F-16F7-4668-BE54-9A1E7A4F7556}") = "Log", "Core\Log\Log.csproj", "{FE346C0A-3147-4995-8D6F-3B26CBB253C2}"
EndProject
Project("{9A19103F-16F7-4668-BE54-9A1E7A4F7556}") = "Mqtt", "Core\Mqtt\Mqtt.csproj", "{0611C9FF-0497-402B-AAFB-B042B0291199}"
EndProject
Global
	GlobalSection(SolutionConfigurationPlatforms) = preSolution
		Ad-Hoc|Any CPU = Ad-Hoc|Any CPU
		Ad-Hoc|iPhone = Ad-Hoc|iPhone
		Ad-Hoc|iPhoneSimulator = Ad-Hoc|iPhoneSimulator
		AppStore|Any CPU = AppStore|Any CPU
		AppStore|iPhone = AppStore|iPhone
		AppStore|iPhoneSimulator = AppStore|iPhoneSimulator
		Debug|Any CPU = Debug|Any CPU
		Debug|iPhone = Debug|iPhone
		Debug|iPhoneSimulator = Debug|iPhoneSimulator
		Release|Any CPU = Release|Any CPU
		Release|iPhone = Release|iPhone
		Release|iPhoneSimulator = Release|iPhoneSimulator
	EndGlobalSection
	GlobalSection(ProjectConfigurationPlatforms) = postSolution
		{12CE4EDC-35A9-4D0C-96D3-A96C91A53BE0}.Ad-Hoc|Any CPU.ActiveCfg = Debug|Any CPU
		{12CE4EDC-35A9-4D0C-96D3-A96C91A53BE0}.Ad-Hoc|Any CPU.Build.0 = Debug|Any CPU
		{12CE4EDC-35A9-4D0C-96D3-A96C91A53BE0}.Ad-Hoc|iPhone.ActiveCfg = Debug|Any CPU
		{12CE4EDC-35A9-4D0C-96D3-A96C91A53BE0}.Ad-Hoc|iPhone.Build.0 = Debug|Any CPU
		{12CE4EDC-35A9-4D0C-96D3-A96C91A53BE0}.Ad-Hoc|iPhoneSimulator.ActiveCfg = Debug|Any CPU
		{12CE4EDC-35A9-4D0C-96D3-A96C91A53BE0}.Ad-Hoc|iPhoneSimulator.Build.0 = Debug|Any CPU
		{12CE4EDC-35A9-4D0C-96D3-A96C91A53BE0}.AppStore|Any CPU.ActiveCfg = Debug|Any CPU
		{12CE4EDC-35A9-4D0C-96D3-A96C91A53BE0}.AppStore|Any CPU.Build.0 = Debug|Any CPU
		{12CE4EDC-35A9-4D0C-96D3-A96C91A53BE0}.AppStore|iPhone.ActiveCfg = Debug|Any CPU
		{12CE4EDC-35A9-4D0C-96D3-A96C91A53BE0}.AppStore|iPhone.Build.0 = Debug|Any CPU
		{12CE4EDC-35A9-4D0C-96D3-A96C91A53BE0}.AppStore|iPhoneSimulator.ActiveCfg = Debug|Any CPU
		{12CE4EDC-35A9-4D0C-96D3-A96C91A53BE0}.AppStore|iPhoneSimulator.Build.0 = Debug|Any CPU
		{12CE4EDC-35A9-4D0C-96D3-A96C91A53BE0}.Debug|Any CPU.ActiveCfg = Debug|Any CPU
		{12CE4EDC-35A9-4D0C-96D3-A96C91A53BE0}.Debug|Any CPU.Build.0 = Debug|Any CPU
		{12CE4EDC-35A9-4D0C-96D3-A96C91A53BE0}.Debug|iPhone.ActiveCfg = Debug|Any CPU
		{12CE4EDC-35A9-4D0C-96D3-A96C91A53BE0}.Debug|iPhone.Build.0 = Debug|Any CPU
		{12CE4EDC-35A9-4D0C-96D3-A96C91A53BE0}.Debug|iPhoneSimulator.ActiveCfg = Debug|Any CPU
		{12CE4EDC-35A9-4D0C-96D3-A96C91A53BE0}.Debug|iPhoneSimulator.Build.0 = Debug|Any CPU
		{12CE4EDC-35A9-4D0C-96D3-A96C91A53BE0}.Release|Any CPU.ActiveCfg = Release|Any CPU
		{12CE4EDC-35A9-4D0C-96D3-A96C91A53BE0}.Release|Any CPU.Build.0 = Release|Any CPU
		{12CE4EDC-35A9-4D0C-96D3-A96C91A53BE0}.Release|iPhone.ActiveCfg = Release|Any CPU
		{12CE4EDC-35A9-4D0C-96D3-A96C91A53BE0}.Release|iPhone.Build.0 = Release|Any CPU
		{12CE4EDC-35A9-4D0C-96D3-A96C91A53BE0}.Release|iPhoneSimulator.ActiveCfg = Release|Any CPU
		{12CE4EDC-35A9-4D0C-96D3-A96C91A53BE0}.Release|iPhoneSimulator.Build.0 = Release|Any CPU
		{D5118A79-243D-4318-A88A-A7B6728A8063}.Ad-Hoc|Any CPU.ActiveCfg = Debug|Any CPU
		{D5118A79-243D-4318-A88A-A7B6728A8063}.Ad-Hoc|Any CPU.Build.0 = Debug|Any CPU
		{D5118A79-243D-4318-A88A-A7B6728A8063}.Ad-Hoc|iPhone.ActiveCfg = Debug|Any CPU
		{D5118A79-243D-4318-A88A-A7B6728A8063}.Ad-Hoc|iPhone.Build.0 = Debug|Any CPU
		{D5118A79-243D-4318-A88A-A7B6728A8063}.Ad-Hoc|iPhoneSimulator.ActiveCfg = Debug|Any CPU
		{D5118A79-243D-4318-A88A-A7B6728A8063}.Ad-Hoc|iPhoneSimulator.Build.0 = Debug|Any CPU
		{D5118A79-243D-4318-A88A-A7B6728A8063}.AppStore|Any CPU.ActiveCfg = Debug|Any CPU
		{D5118A79-243D-4318-A88A-A7B6728A8063}.AppStore|Any CPU.Build.0 = Debug|Any CPU
		{D5118A79-243D-4318-A88A-A7B6728A8063}.AppStore|iPhone.ActiveCfg = Debug|Any CPU
		{D5118A79-243D-4318-A88A-A7B6728A8063}.AppStore|iPhone.Build.0 = Debug|Any CPU
		{D5118A79-243D-4318-A88A-A7B6728A8063}.AppStore|iPhoneSimulator.ActiveCfg = Debug|Any CPU
		{D5118A79-243D-4318-A88A-A7B6728A8063}.AppStore|iPhoneSimulator.Build.0 = Debug|Any CPU
		{D5118A79-243D-4318-A88A-A7B6728A8063}.Debug|Any CPU.ActiveCfg = Debug|Any CPU
		{D5118A79-243D-4318-A88A-A7B6728A8063}.Debug|Any CPU.Build.0 = Debug|Any CPU
		{D5118A79-243D-4318-A88A-A7B6728A8063}.Debug|iPhone.ActiveCfg = Debug|Any CPU
		{D5118A79-243D-4318-A88A-A7B6728A8063}.Debug|iPhone.Build.0 = Debug|Any CPU
		{D5118A79-243D-4318-A88A-A7B6728A8063}.Debug|iPhoneSimulator.ActiveCfg = Debug|Any CPU
		{D5118A79-243D-4318-A88A-A7B6728A8063}.Debug|iPhoneSimulator.Build.0 = Debug|Any CPU
		{D5118A79-243D-4318-A88A-A7B6728A8063}.Release|Any CPU.ActiveCfg = Release|Any CPU
		{D5118A79-243D-4318-A88A-A7B6728A8063}.Release|Any CPU.Build.0 = Release|Any CPU
		{D5118A79-243D-4318-A88A-A7B6728A8063}.Release|iPhone.ActiveCfg = Release|Any CPU
		{D5118A79-243D-4318-A88A-A7B6728A8063}.Release|iPhone.Build.0 = Release|Any CPU
		{D5118A79-243D-4318-A88A-A7B6728A8063}.Release|iPhoneSimulator.ActiveCfg = Release|Any CPU
		{D5118A79-243D-4318-A88A-A7B6728A8063}.Release|iPhoneSimulator.Build.0 = Release|Any CPU
		{6C3867A5-2BD6-469A-A529-183469120BAD}.Ad-Hoc|Any CPU.ActiveCfg = Debug|Any CPU
		{6C3867A5-2BD6-469A-A529-183469120BAD}.Ad-Hoc|Any CPU.Build.0 = Debug|Any CPU
		{6C3867A5-2BD6-469A-A529-183469120BAD}.Ad-Hoc|iPhone.ActiveCfg = Debug|Any CPU
		{6C3867A5-2BD6-469A-A529-183469120BAD}.Ad-Hoc|iPhone.Build.0 = Debug|Any CPU
		{6C3867A5-2BD6-469A-A529-183469120BAD}.Ad-Hoc|iPhoneSimulator.ActiveCfg = Debug|Any CPU
		{6C3867A5-2BD6-469A-A529-183469120BAD}.Ad-Hoc|iPhoneSimulator.Build.0 = Debug|Any CPU
		{6C3867A5-2BD6-469A-A529-183469120BAD}.AppStore|Any CPU.ActiveCfg = Debug|Any CPU
		{6C3867A5-2BD6-469A-A529-183469120BAD}.AppStore|Any CPU.Build.0 = Debug|Any CPU
		{6C3867A5-2BD6-469A-A529-183469120BAD}.AppStore|iPhone.ActiveCfg = Debug|Any CPU
		{6C3867A5-2BD6-469A-A529-183469120BAD}.AppStore|iPhone.Build.0 = Debug|Any CPU
		{6C3867A5-2BD6-469A-A529-183469120BAD}.AppStore|iPhoneSimulator.ActiveCfg = Debug|Any CPU
		{6C3867A5-2BD6-469A-A529-183469120BAD}.AppStore|iPhoneSimulator.Build.0 = Debug|Any CPU
		{6C3867A5-2BD6-469A-A529-183469120BAD}.Debug|Any CPU.ActiveCfg = Debug|Any CPU
		{6C3867A5-2BD6-469A-A529-183469120BAD}.Debug|Any CPU.Build.0 = Debug|Any CPU
		{6C3867A5-2BD6-469A-A529-183469120BAD}.Debug|iPhone.ActiveCfg = Debug|Any CPU
		{6C3867A5-2BD6-469A-A529-183469120BAD}.Debug|iPhone.Build.0 = Debug|Any CPU
		{6C3867A5-2BD6-469A-A529-183469120BAD}.Debug|iPhoneSimulator.ActiveCfg = Debug|Any CPU
		{6C3867A5-2BD6-469A-A529-183469120BAD}.Debug|iPhoneSimulator.Build.0 = Debug|Any CPU
		{6C3867A5-2BD6-469A-A529-183469120BAD}.Release|Any CPU.ActiveCfg = Release|Any CPU
		{6C3867A5-2BD6-469A-A529-183469120BAD}.Release|Any CPU.Build.0 = Release|Any CPU
		{6C3867A5-2BD6-469A-A529-183469120BAD}.Release|iPhone.ActiveCfg = Release|Any CPU
		{6C3867A5-2BD6-469A-A529-183469120BAD}.Release|iPhone.Build.0 = Release|Any CPU
		{6C3867A5-2BD6-469A-A529-183469120BAD}.Release|iPhoneSimulator.ActiveCfg = Release|Any CPU
		{6C3867A5-2BD6-469A-A529-183469120BAD}.Release|iPhoneSimulator.Build.0 = Release|Any CPU
		{C39466DC-59E6-46C5-903C-0318310034F1}.Ad-Hoc|Any CPU.ActiveCfg = Debug|Any CPU
		{C39466DC-59E6-46C5-903C-0318310034F1}.Ad-Hoc|Any CPU.Build.0 = Debug|Any CPU
		{C39466DC-59E6-46C5-903C-0318310034F1}.Ad-Hoc|iPhone.ActiveCfg = Debug|Any CPU
		{C39466DC-59E6-46C5-903C-0318310034F1}.Ad-Hoc|iPhone.Build.0 = Debug|Any CPU
		{C39466DC-59E6-46C5-903C-0318310034F1}.Ad-Hoc|iPhoneSimulator.ActiveCfg = Debug|Any CPU
		{C39466DC-59E6-46C5-903C-0318310034F1}.Ad-Hoc|iPhoneSimulator.Build.0 = Debug|Any CPU
		{C39466DC-59E6-46C5-903C-0318310034F1}.AppStore|Any CPU.ActiveCfg = Debug|Any CPU
		{C39466DC-59E6-46C5-903C-0318310034F1}.AppStore|Any CPU.Build.0 = Debug|Any CPU
		{C39466DC-59E6-46C5-903C-0318310034F1}.AppStore|iPhone.ActiveCfg = Debug|Any CPU
		{C39466DC-59E6-46C5-903C-0318310034F1}.AppStore|iPhone.Build.0 = Debug|Any CPU
		{C39466DC-59E6-46C5-903C-0318310034F1}.AppStore|iPhoneSimulator.ActiveCfg = Debug|Any CPU
		{C39466DC-59E6-46C5-903C-0318310034F1}.AppStore|iPhoneSimulator.Build.0 = Debug|Any CPU
		{C39466DC-59E6-46C5-903C-0318310034F1}.Debug|Any CPU.ActiveCfg = Debug|Any CPU
		{C39466DC-59E6-46C5-903C-0318310034F1}.Debug|Any CPU.Build.0 = Debug|Any CPU
		{C39466DC-59E6-46C5-903C-0318310034F1}.Debug|iPhone.ActiveCfg = Debug|Any CPU
		{C39466DC-59E6-46C5-903C-0318310034F1}.Debug|iPhone.Build.0 = Debug|Any CPU
		{C39466DC-59E6-46C5-903C-0318310034F1}.Debug|iPhoneSimulator.ActiveCfg = Debug|Any CPU
		{C39466DC-59E6-46C5-903C-0318310034F1}.Debug|iPhoneSimulator.Build.0 = Debug|Any CPU
		{C39466DC-59E6-46C5-903C-0318310034F1}.Release|Any CPU.ActiveCfg = Release|Any CPU
		{C39466DC-59E6-46C5-903C-0318310034F1}.Release|Any CPU.Build.0 = Release|Any CPU
		{C39466DC-59E6-46C5-903C-0318310034F1}.Release|iPhone.ActiveCfg = Release|Any CPU
		{C39466DC-59E6-46C5-903C-0318310034F1}.Release|iPhone.Build.0 = Release|Any CPU
		{C39466DC-59E6-46C5-903C-0318310034F1}.Release|iPhoneSimulator.ActiveCfg = Release|Any CPU
		{C39466DC-59E6-46C5-903C-0318310034F1}.Release|iPhoneSimulator.Build.0 = Release|Any CPU
		{1CFB6B76-D663-4ED8-9581-3EB07090A6CB}.Ad-Hoc|Any CPU.ActiveCfg = Debug|Any CPU
		{1CFB6B76-D663-4ED8-9581-3EB07090A6CB}.Ad-Hoc|Any CPU.Build.0 = Debug|Any CPU
		{1CFB6B76-D663-4ED8-9581-3EB07090A6CB}.Ad-Hoc|iPhone.ActiveCfg = Debug|Any CPU
		{1CFB6B76-D663-4ED8-9581-3EB07090A6CB}.Ad-Hoc|iPhone.Build.0 = Debug|Any CPU
		{1CFB6B76-D663-4ED8-9581-3EB07090A6CB}.Ad-Hoc|iPhoneSimulator.ActiveCfg = Debug|Any CPU
		{1CFB6B76-D663-4ED8-9581-3EB07090A6CB}.Ad-Hoc|iPhoneSimulator.Build.0 = Debug|Any CPU
		{1CFB6B76-D663-4ED8-9581-3EB07090A6CB}.AppStore|Any CPU.ActiveCfg = Debug|Any CPU
		{1CFB6B76-D663-4ED8-9581-3EB07090A6CB}.AppStore|Any CPU.Build.0 = Debug|Any CPU
		{1CFB6B76-D663-4ED8-9581-3EB07090A6CB}.AppStore|iPhone.ActiveCfg = Debug|Any CPU
		{1CFB6B76-D663-4ED8-9581-3EB07090A6CB}.AppStore|iPhone.Build.0 = Debug|Any CPU
		{1CFB6B76-D663-4ED8-9581-3EB07090A6CB}.AppStore|iPhoneSimulator.ActiveCfg = Debug|Any CPU
		{1CFB6B76-D663-4ED8-9581-3EB07090A6CB}.AppStore|iPhoneSimulator.Build.0 = Debug|Any CPU
		{1CFB6B76-D663-4ED8-9581-3EB07090A6CB}.Debug|Any CPU.ActiveCfg = Debug|Any CPU
		{1CFB6B76-D663-4ED8-9581-3EB07090A6CB}.Debug|Any CPU.Build.0 = Debug|Any CPU
		{1CFB6B76-D663-4ED8-9581-3EB07090A6CB}.Debug|iPhone.ActiveCfg = Debug|Any CPU
		{1CFB6B76-D663-4ED8-9581-3EB07090A6CB}.Debug|iPhone.Build.0 = Debug|Any CPU
		{1CFB6B76-D663-4ED8-9581-3EB07090A6CB}.Debug|iPhoneSimulator.ActiveCfg = Debug|Any CPU
		{1CFB6B76-D663-4ED8-9581-3EB07090A6CB}.Debug|iPhoneSimulator.Build.0 = Debug|Any CPU
		{1CFB6B76-D663-4ED8-9581-3EB07090A6CB}.Release|Any CPU.ActiveCfg = Release|Any CPU
		{1CFB6B76-D663-4ED8-9581-3EB07090A6CB}.Release|Any CPU.Build.0 = Release|Any CPU
		{1CFB6B76-D663-4ED8-9581-3EB07090A6CB}.Release|iPhone.ActiveCfg = Release|Any CPU
		{1CFB6B76-D663-4ED8-9581-3EB07090A6CB}.Release|iPhone.Build.0 = Release|Any CPU
		{1CFB6B76-D663-4ED8-9581-3EB07090A6CB}.Release|iPhoneSimulator.ActiveCfg = Release|Any CPU
		{1CFB6B76-D663-4ED8-9581-3EB07090A6CB}.Release|iPhoneSimulator.Build.0 = Release|Any CPU
		{F30A895B-F06F-4E37-A473-AA2BCC19396F}.Ad-Hoc|Any CPU.ActiveCfg = Debug|Any CPU
		{F30A895B-F06F-4E37-A473-AA2BCC19396F}.Ad-Hoc|Any CPU.Build.0 = Debug|Any CPU
		{F30A895B-F06F-4E37-A473-AA2BCC19396F}.Ad-Hoc|iPhone.ActiveCfg = Debug|Any CPU
		{F30A895B-F06F-4E37-A473-AA2BCC19396F}.Ad-Hoc|iPhone.Build.0 = Debug|Any CPU
		{F30A895B-F06F-4E37-A473-AA2BCC19396F}.Ad-Hoc|iPhoneSimulator.ActiveCfg = Debug|Any CPU
		{F30A895B-F06F-4E37-A473-AA2BCC19396F}.Ad-Hoc|iPhoneSimulator.Build.0 = Debug|Any CPU
		{F30A895B-F06F-4E37-A473-AA2BCC19396F}.AppStore|Any CPU.ActiveCfg = Debug|Any CPU
		{F30A895B-F06F-4E37-A473-AA2BCC19396F}.AppStore|Any CPU.Build.0 = Debug|Any CPU
		{F30A895B-F06F-4E37-A473-AA2BCC19396F}.AppStore|iPhone.ActiveCfg = Debug|Any CPU
		{F30A895B-F06F-4E37-A473-AA2BCC19396F}.AppStore|iPhone.Build.0 = Debug|Any CPU
		{F30A895B-F06F-4E37-A473-AA2BCC19396F}.AppStore|iPhoneSimulator.ActiveCfg = Debug|Any CPU
		{F30A895B-F06F-4E37-A473-AA2BCC19396F}.AppStore|iPhoneSimulator.Build.0 = Debug|Any CPU
		{F30A895B-F06F-4E37-A473-AA2BCC19396F}.Debug|Any CPU.ActiveCfg = Debug|Any CPU
		{F30A895B-F06F-4E37-A473-AA2BCC19396F}.Debug|Any CPU.Build.0 = Debug|Any CPU
		{F30A895B-F06F-4E37-A473-AA2BCC19396F}.Debug|iPhone.ActiveCfg = Debug|Any CPU
		{F30A895B-F06F-4E37-A473-AA2BCC19396F}.Debug|iPhone.Build.0 = Debug|Any CPU
		{F30A895B-F06F-4E37-A473-AA2BCC19396F}.Debug|iPhoneSimulator.ActiveCfg = Debug|Any CPU
		{F30A895B-F06F-4E37-A473-AA2BCC19396F}.Debug|iPhoneSimulator.Build.0 = Debug|Any CPU
		{F30A895B-F06F-4E37-A473-AA2BCC19396F}.Release|Any CPU.ActiveCfg = Release|Any CPU
		{F30A895B-F06F-4E37-A473-AA2BCC19396F}.Release|Any CPU.Build.0 = Release|Any CPU
		{F30A895B-F06F-4E37-A473-AA2BCC19396F}.Release|iPhone.ActiveCfg = Release|Any CPU
		{F30A895B-F06F-4E37-A473-AA2BCC19396F}.Release|iPhone.Build.0 = Release|Any CPU
		{F30A895B-F06F-4E37-A473-AA2BCC19396F}.Release|iPhoneSimulator.ActiveCfg = Release|Any CPU
		{F30A895B-F06F-4E37-A473-AA2BCC19396F}.Release|iPhoneSimulator.Build.0 = Release|Any CPU
		{7556F489-417B-4D29-8FF7-4041B6DCA0D3}.Ad-Hoc|Any CPU.ActiveCfg = Debug|Any CPU
		{7556F489-417B-4D29-8FF7-4041B6DCA0D3}.Ad-Hoc|Any CPU.Build.0 = Debug|Any CPU
		{7556F489-417B-4D29-8FF7-4041B6DCA0D3}.Ad-Hoc|iPhone.ActiveCfg = Debug|Any CPU
		{7556F489-417B-4D29-8FF7-4041B6DCA0D3}.Ad-Hoc|iPhone.Build.0 = Debug|Any CPU
		{7556F489-417B-4D29-8FF7-4041B6DCA0D3}.Ad-Hoc|iPhoneSimulator.ActiveCfg = Debug|Any CPU
		{7556F489-417B-4D29-8FF7-4041B6DCA0D3}.Ad-Hoc|iPhoneSimulator.Build.0 = Debug|Any CPU
		{7556F489-417B-4D29-8FF7-4041B6DCA0D3}.AppStore|Any CPU.ActiveCfg = Debug|Any CPU
		{7556F489-417B-4D29-8FF7-4041B6DCA0D3}.AppStore|Any CPU.Build.0 = Debug|Any CPU
		{7556F489-417B-4D29-8FF7-4041B6DCA0D3}.AppStore|iPhone.ActiveCfg = Debug|Any CPU
		{7556F489-417B-4D29-8FF7-4041B6DCA0D3}.AppStore|iPhone.Build.0 = Debug|Any CPU
		{7556F489-417B-4D29-8FF7-4041B6DCA0D3}.AppStore|iPhoneSimulator.ActiveCfg = Debug|Any CPU
		{7556F489-417B-4D29-8FF7-4041B6DCA0D3}.AppStore|iPhoneSimulator.Build.0 = Debug|Any CPU
		{7556F489-417B-4D29-8FF7-4041B6DCA0D3}.Debug|Any CPU.ActiveCfg = Debug|Any CPU
		{7556F489-417B-4D29-8FF7-4041B6DCA0D3}.Debug|Any CPU.Build.0 = Debug|Any CPU
		{7556F489-417B-4D29-8FF7-4041B6DCA0D3}.Debug|iPhone.ActiveCfg = Debug|Any CPU
		{7556F489-417B-4D29-8FF7-4041B6DCA0D3}.Debug|iPhone.Build.0 = Debug|Any CPU
		{7556F489-417B-4D29-8FF7-4041B6DCA0D3}.Debug|iPhoneSimulator.ActiveCfg = Debug|Any CPU
		{7556F489-417B-4D29-8FF7-4041B6DCA0D3}.Debug|iPhoneSimulator.Build.0 = Debug|Any CPU
		{7556F489-417B-4D29-8FF7-4041B6DCA0D3}.Release|Any CPU.ActiveCfg = Release|Any CPU
		{7556F489-417B-4D29-8FF7-4041B6DCA0D3}.Release|Any CPU.Build.0 = Release|Any CPU
		{7556F489-417B-4D29-8FF7-4041B6DCA0D3}.Release|iPhone.ActiveCfg = Release|Any CPU
		{7556F489-417B-4D29-8FF7-4041B6DCA0D3}.Release|iPhone.Build.0 = Release|Any CPU
		{7556F489-417B-4D29-8FF7-4041B6DCA0D3}.Release|iPhoneSimulator.ActiveCfg = Release|Any CPU
		{7556F489-417B-4D29-8FF7-4041B6DCA0D3}.Release|iPhoneSimulator.Build.0 = Release|Any CPU
		{D763FDE0-9D06-4667-8229-43CD0D261040}.Ad-Hoc|Any CPU.ActiveCfg = Debug|Any CPU
		{D763FDE0-9D06-4667-8229-43CD0D261040}.Ad-Hoc|Any CPU.Build.0 = Debug|Any CPU
		{D763FDE0-9D06-4667-8229-43CD0D261040}.Ad-Hoc|iPhone.ActiveCfg = Debug|Any CPU
		{D763FDE0-9D06-4667-8229-43CD0D261040}.Ad-Hoc|iPhone.Build.0 = Debug|Any CPU
		{D763FDE0-9D06-4667-8229-43CD0D261040}.Ad-Hoc|iPhoneSimulator.ActiveCfg = Debug|Any CPU
		{D763FDE0-9D06-4667-8229-43CD0D261040}.Ad-Hoc|iPhoneSimulator.Build.0 = Debug|Any CPU
		{D763FDE0-9D06-4667-8229-43CD0D261040}.AppStore|Any CPU.ActiveCfg = Debug|Any CPU
		{D763FDE0-9D06-4667-8229-43CD0D261040}.AppStore|Any CPU.Build.0 = Debug|Any CPU
		{D763FDE0-9D06-4667-8229-43CD0D261040}.AppStore|iPhone.ActiveCfg = Debug|Any CPU
		{D763FDE0-9D06-4667-8229-43CD0D261040}.AppStore|iPhone.Build.0 = Debug|Any CPU
		{D763FDE0-9D06-4667-8229-43CD0D261040}.AppStore|iPhoneSimulator.ActiveCfg = Debug|Any CPU
		{D763FDE0-9D06-4667-8229-43CD0D261040}.AppStore|iPhoneSimulator.Build.0 = Debug|Any CPU
		{D763FDE0-9D06-4667-8229-43CD0D261040}.Debug|Any CPU.ActiveCfg = Debug|Any CPU
		{D763FDE0-9D06-4667-8229-43CD0D261040}.Debug|Any CPU.Build.0 = Debug|Any CPU
		{D763FDE0-9D06-4667-8229-43CD0D261040}.Debug|iPhone.ActiveCfg = Debug|Any CPU
		{D763FDE0-9D06-4667-8229-43CD0D261040}.Debug|iPhone.Build.0 = Debug|Any CPU
		{D763FDE0-9D06-4667-8229-43CD0D261040}.Debug|iPhoneSimulator.ActiveCfg = Debug|Any CPU
		{D763FDE0-9D06-4667-8229-43CD0D261040}.Debug|iPhoneSimulator.Build.0 = Debug|Any CPU
		{D763FDE0-9D06-4667-8229-43CD0D261040}.Release|Any CPU.ActiveCfg = Release|Any CPU
		{D763FDE0-9D06-4667-8229-43CD0D261040}.Release|Any CPU.Build.0 = Release|Any CPU
		{D763FDE0-9D06-4667-8229-43CD0D261040}.Release|iPhone.ActiveCfg = Release|Any CPU
		{D763FDE0-9D06-4667-8229-43CD0D261040}.Release|iPhone.Build.0 = Release|Any CPU
		{D763FDE0-9D06-4667-8229-43CD0D261040}.Release|iPhoneSimulator.ActiveCfg = Release|Any CPU
		{D763FDE0-9D06-4667-8229-43CD0D261040}.Release|iPhoneSimulator.Build.0 = Release|Any CPU
		{551CACF0-6DF1-4308-A519-AE0F4B9F9B35}.Ad-Hoc|Any CPU.ActiveCfg = Debug|Any CPU
		{551CACF0-6DF1-4308-A519-AE0F4B9F9B35}.Ad-Hoc|Any CPU.Build.0 = Debug|Any CPU
		{551CACF0-6DF1-4308-A519-AE0F4B9F9B35}.Ad-Hoc|iPhone.ActiveCfg = Debug|Any CPU
		{551CACF0-6DF1-4308-A519-AE0F4B9F9B35}.Ad-Hoc|iPhone.Build.0 = Debug|Any CPU
		{551CACF0-6DF1-4308-A519-AE0F4B9F9B35}.Ad-Hoc|iPhoneSimulator.ActiveCfg = Debug|Any CPU
		{551CACF0-6DF1-4308-A519-AE0F4B9F9B35}.Ad-Hoc|iPhoneSimulator.Build.0 = Debug|Any CPU
		{551CACF0-6DF1-4308-A519-AE0F4B9F9B35}.AppStore|Any CPU.ActiveCfg = Debug|Any CPU
		{551CACF0-6DF1-4308-A519-AE0F4B9F9B35}.AppStore|Any CPU.Build.0 = Debug|Any CPU
		{551CACF0-6DF1-4308-A519-AE0F4B9F9B35}.AppStore|iPhone.ActiveCfg = Debug|Any CPU
		{551CACF0-6DF1-4308-A519-AE0F4B9F9B35}.AppStore|iPhone.Build.0 = Debug|Any CPU
		{551CACF0-6DF1-4308-A519-AE0F4B9F9B35}.AppStore|iPhoneSimulator.ActiveCfg = Debug|Any CPU
		{551CACF0-6DF1-4308-A519-AE0F4B9F9B35}.AppStore|iPhoneSimulator.Build.0 = Debug|Any CPU
		{551CACF0-6DF1-4308-A519-AE0F4B9F9B35}.Debug|Any CPU.ActiveCfg = Debug|Any CPU
		{551CACF0-6DF1-4308-A519-AE0F4B9F9B35}.Debug|Any CPU.Build.0 = Debug|Any CPU
		{551CACF0-6DF1-4308-A519-AE0F4B9F9B35}.Debug|iPhone.ActiveCfg = Debug|Any CPU
		{551CACF0-6DF1-4308-A519-AE0F4B9F9B35}.Debug|iPhone.Build.0 = Debug|Any CPU
		{551CACF0-6DF1-4308-A519-AE0F4B9F9B35}.Debug|iPhoneSimulator.ActiveCfg = Debug|Any CPU
		{551CACF0-6DF1-4308-A519-AE0F4B9F9B35}.Debug|iPhoneSimulator.Build.0 = Debug|Any CPU
		{551CACF0-6DF1-4308-A519-AE0F4B9F9B35}.Release|Any CPU.ActiveCfg = Release|Any CPU
		{551CACF0-6DF1-4308-A519-AE0F4B9F9B35}.Release|Any CPU.Build.0 = Release|Any CPU
		{551CACF0-6DF1-4308-A519-AE0F4B9F9B35}.Release|iPhone.ActiveCfg = Release|Any CPU
		{551CACF0-6DF1-4308-A519-AE0F4B9F9B35}.Release|iPhone.Build.0 = Release|Any CPU
		{551CACF0-6DF1-4308-A519-AE0F4B9F9B35}.Release|iPhoneSimulator.ActiveCfg = Release|Any CPU
		{551CACF0-6DF1-4308-A519-AE0F4B9F9B35}.Release|iPhoneSimulator.Build.0 = Release|Any CPU
		{5FA5850C-BF4F-4057-8111-826CD4A122C2}.Ad-Hoc|Any CPU.ActiveCfg = Debug|Any CPU
		{5FA5850C-BF4F-4057-8111-826CD4A122C2}.Ad-Hoc|Any CPU.Build.0 = Debug|Any CPU
		{5FA5850C-BF4F-4057-8111-826CD4A122C2}.Ad-Hoc|iPhone.ActiveCfg = Debug|Any CPU
		{5FA5850C-BF4F-4057-8111-826CD4A122C2}.Ad-Hoc|iPhone.Build.0 = Debug|Any CPU
		{5FA5850C-BF4F-4057-8111-826CD4A122C2}.Ad-Hoc|iPhoneSimulator.ActiveCfg = Debug|Any CPU
		{5FA5850C-BF4F-4057-8111-826CD4A122C2}.Ad-Hoc|iPhoneSimulator.Build.0 = Debug|Any CPU
		{5FA5850C-BF4F-4057-8111-826CD4A122C2}.AppStore|Any CPU.ActiveCfg = Debug|Any CPU
		{5FA5850C-BF4F-4057-8111-826CD4A122C2}.AppStore|Any CPU.Build.0 = Debug|Any CPU
		{5FA5850C-BF4F-4057-8111-826CD4A122C2}.AppStore|iPhone.ActiveCfg = Debug|Any CPU
		{5FA5850C-BF4F-4057-8111-826CD4A122C2}.AppStore|iPhone.Build.0 = Debug|Any CPU
		{5FA5850C-BF4F-4057-8111-826CD4A122C2}.AppStore|iPhoneSimulator.ActiveCfg = Debug|Any CPU
		{5FA5850C-BF4F-4057-8111-826CD4A122C2}.AppStore|iPhoneSimulator.Build.0 = Debug|Any CPU
		{5FA5850C-BF4F-4057-8111-826CD4A122C2}.Debug|Any CPU.ActiveCfg = Debug|Any CPU
		{5FA5850C-BF4F-4057-8111-826CD4A122C2}.Debug|Any CPU.Build.0 = Debug|Any CPU
		{5FA5850C-BF4F-4057-8111-826CD4A122C2}.Debug|iPhone.ActiveCfg = Debug|Any CPU
		{5FA5850C-BF4F-4057-8111-826CD4A122C2}.Debug|iPhone.Build.0 = Debug|Any CPU
		{5FA5850C-BF4F-4057-8111-826CD4A122C2}.Debug|iPhoneSimulator.ActiveCfg = Debug|Any CPU
		{5FA5850C-BF4F-4057-8111-826CD4A122C2}.Debug|iPhoneSimulator.Build.0 = Debug|Any CPU
		{5FA5850C-BF4F-4057-8111-826CD4A122C2}.Release|Any CPU.ActiveCfg = Release|Any CPU
		{5FA5850C-BF4F-4057-8111-826CD4A122C2}.Release|Any CPU.Build.0 = Release|Any CPU
		{5FA5850C-BF4F-4057-8111-826CD4A122C2}.Release|iPhone.ActiveCfg = Release|Any CPU
		{5FA5850C-BF4F-4057-8111-826CD4A122C2}.Release|iPhone.Build.0 = Release|Any CPU
		{5FA5850C-BF4F-4057-8111-826CD4A122C2}.Release|iPhoneSimulator.ActiveCfg = Release|Any CPU
		{5FA5850C-BF4F-4057-8111-826CD4A122C2}.Release|iPhoneSimulator.Build.0 = Release|Any CPU
		{34E1CACA-7979-4F13-A7DA-CCC7225E2B9E}.Ad-Hoc|Any CPU.ActiveCfg = Debug|Any CPU
		{34E1CACA-7979-4F13-A7DA-CCC7225E2B9E}.Ad-Hoc|Any CPU.Build.0 = Debug|Any CPU
		{34E1CACA-7979-4F13-A7DA-CCC7225E2B9E}.Ad-Hoc|iPhone.ActiveCfg = Debug|Any CPU
		{34E1CACA-7979-4F13-A7DA-CCC7225E2B9E}.Ad-Hoc|iPhone.Build.0 = Debug|Any CPU
		{34E1CACA-7979-4F13-A7DA-CCC7225E2B9E}.Ad-Hoc|iPhoneSimulator.ActiveCfg = Debug|Any CPU
		{34E1CACA-7979-4F13-A7DA-CCC7225E2B9E}.Ad-Hoc|iPhoneSimulator.Build.0 = Debug|Any CPU
		{34E1CACA-7979-4F13-A7DA-CCC7225E2B9E}.AppStore|Any CPU.ActiveCfg = Debug|Any CPU
		{34E1CACA-7979-4F13-A7DA-CCC7225E2B9E}.AppStore|Any CPU.Build.0 = Debug|Any CPU
		{34E1CACA-7979-4F13-A7DA-CCC7225E2B9E}.AppStore|iPhone.ActiveCfg = Debug|Any CPU
		{34E1CACA-7979-4F13-A7DA-CCC7225E2B9E}.AppStore|iPhone.Build.0 = Debug|Any CPU
		{34E1CACA-7979-4F13-A7DA-CCC7225E2B9E}.AppStore|iPhoneSimulator.ActiveCfg = Debug|Any CPU
		{34E1CACA-7979-4F13-A7DA-CCC7225E2B9E}.AppStore|iPhoneSimulator.Build.0 = Debug|Any CPU
		{34E1CACA-7979-4F13-A7DA-CCC7225E2B9E}.Debug|Any CPU.ActiveCfg = Debug|Any CPU
		{34E1CACA-7979-4F13-A7DA-CCC7225E2B9E}.Debug|Any CPU.Build.0 = Debug|Any CPU
		{34E1CACA-7979-4F13-A7DA-CCC7225E2B9E}.Debug|iPhone.ActiveCfg = Debug|Any CPU
		{34E1CACA-7979-4F13-A7DA-CCC7225E2B9E}.Debug|iPhone.Build.0 = Debug|Any CPU
		{34E1CACA-7979-4F13-A7DA-CCC7225E2B9E}.Debug|iPhoneSimulator.ActiveCfg = Debug|Any CPU
		{34E1CACA-7979-4F13-A7DA-CCC7225E2B9E}.Debug|iPhoneSimulator.Build.0 = Debug|Any CPU
		{34E1CACA-7979-4F13-A7DA-CCC7225E2B9E}.Release|Any CPU.ActiveCfg = Release|Any CPU
		{34E1CACA-7979-4F13-A7DA-CCC7225E2B9E}.Release|Any CPU.Build.0 = Release|Any CPU
		{34E1CACA-7979-4F13-A7DA-CCC7225E2B9E}.Release|iPhone.ActiveCfg = Release|Any CPU
		{34E1CACA-7979-4F13-A7DA-CCC7225E2B9E}.Release|iPhone.Build.0 = Release|Any CPU
		{34E1CACA-7979-4F13-A7DA-CCC7225E2B9E}.Release|iPhoneSimulator.ActiveCfg = Release|Any CPU
		{34E1CACA-7979-4F13-A7DA-CCC7225E2B9E}.Release|iPhoneSimulator.Build.0 = Release|Any CPU
		{15CE84D0-D008-44F2-A826-4C63E805B68B}.Ad-Hoc|Any CPU.ActiveCfg = Debug|Any CPU
		{15CE84D0-D008-44F2-A826-4C63E805B68B}.Ad-Hoc|Any CPU.Build.0 = Debug|Any CPU
		{15CE84D0-D008-44F2-A826-4C63E805B68B}.Ad-Hoc|iPhone.ActiveCfg = Debug|Any CPU
		{15CE84D0-D008-44F2-A826-4C63E805B68B}.Ad-Hoc|iPhone.Build.0 = Debug|Any CPU
		{15CE84D0-D008-44F2-A826-4C63E805B68B}.Ad-Hoc|iPhoneSimulator.ActiveCfg = Debug|Any CPU
		{15CE84D0-D008-44F2-A826-4C63E805B68B}.Ad-Hoc|iPhoneSimulator.Build.0 = Debug|Any CPU
		{15CE84D0-D008-44F2-A826-4C63E805B68B}.AppStore|Any CPU.ActiveCfg = Debug|Any CPU
		{15CE84D0-D008-44F2-A826-4C63E805B68B}.AppStore|Any CPU.Build.0 = Debug|Any CPU
		{15CE84D0-D008-44F2-A826-4C63E805B68B}.AppStore|iPhone.ActiveCfg = Debug|Any CPU
		{15CE84D0-D008-44F2-A826-4C63E805B68B}.AppStore|iPhone.Build.0 = Debug|Any CPU
		{15CE84D0-D008-44F2-A826-4C63E805B68B}.AppStore|iPhoneSimulator.ActiveCfg = Debug|Any CPU
		{15CE84D0-D008-44F2-A826-4C63E805B68B}.AppStore|iPhoneSimulator.Build.0 = Debug|Any CPU
		{15CE84D0-D008-44F2-A826-4C63E805B68B}.Debug|Any CPU.ActiveCfg = Debug|Any CPU
		{15CE84D0-D008-44F2-A826-4C63E805B68B}.Debug|Any CPU.Build.0 = Debug|Any CPU
		{15CE84D0-D008-44F2-A826-4C63E805B68B}.Debug|iPhone.ActiveCfg = Debug|Any CPU
		{15CE84D0-D008-44F2-A826-4C63E805B68B}.Debug|iPhone.Build.0 = Debug|Any CPU
		{15CE84D0-D008-44F2-A826-4C63E805B68B}.Debug|iPhoneSimulator.ActiveCfg = Debug|Any CPU
		{15CE84D0-D008-44F2-A826-4C63E805B68B}.Debug|iPhoneSimulator.Build.0 = Debug|Any CPU
		{15CE84D0-D008-44F2-A826-4C63E805B68B}.Release|Any CPU.ActiveCfg = Release|Any CPU
		{15CE84D0-D008-44F2-A826-4C63E805B68B}.Release|Any CPU.Build.0 = Release|Any CPU
		{15CE84D0-D008-44F2-A826-4C63E805B68B}.Release|iPhone.ActiveCfg = Release|Any CPU
		{15CE84D0-D008-44F2-A826-4C63E805B68B}.Release|iPhone.Build.0 = Release|Any CPU
		{15CE84D0-D008-44F2-A826-4C63E805B68B}.Release|iPhoneSimulator.ActiveCfg = Release|Any CPU
		{15CE84D0-D008-44F2-A826-4C63E805B68B}.Release|iPhoneSimulator.Build.0 = Release|Any CPU
		{D4A5CB19-F816-4269-AE1E-58C78E4F8F13}.Ad-Hoc|Any CPU.ActiveCfg = Debug|Any CPU
		{D4A5CB19-F816-4269-AE1E-58C78E4F8F13}.Ad-Hoc|Any CPU.Build.0 = Debug|Any CPU
		{D4A5CB19-F816-4269-AE1E-58C78E4F8F13}.Ad-Hoc|iPhone.ActiveCfg = Debug|Any CPU
		{D4A5CB19-F816-4269-AE1E-58C78E4F8F13}.Ad-Hoc|iPhone.Build.0 = Debug|Any CPU
		{D4A5CB19-F816-4269-AE1E-58C78E4F8F13}.Ad-Hoc|iPhoneSimulator.ActiveCfg = Debug|Any CPU
		{D4A5CB19-F816-4269-AE1E-58C78E4F8F13}.Ad-Hoc|iPhoneSimulator.Build.0 = Debug|Any CPU
		{D4A5CB19-F816-4269-AE1E-58C78E4F8F13}.AppStore|Any CPU.ActiveCfg = Debug|Any CPU
		{D4A5CB19-F816-4269-AE1E-58C78E4F8F13}.AppStore|Any CPU.Build.0 = Debug|Any CPU
		{D4A5CB19-F816-4269-AE1E-58C78E4F8F13}.AppStore|iPhone.ActiveCfg = Debug|Any CPU
		{D4A5CB19-F816-4269-AE1E-58C78E4F8F13}.AppStore|iPhone.Build.0 = Debug|Any CPU
		{D4A5CB19-F816-4269-AE1E-58C78E4F8F13}.AppStore|iPhoneSimulator.ActiveCfg = Debug|Any CPU
		{D4A5CB19-F816-4269-AE1E-58C78E4F8F13}.AppStore|iPhoneSimulator.Build.0 = Debug|Any CPU
		{D4A5CB19-F816-4269-AE1E-58C78E4F8F13}.Debug|Any CPU.ActiveCfg = Debug|Any CPU
		{D4A5CB19-F816-4269-AE1E-58C78E4F8F13}.Debug|Any CPU.Build.0 = Debug|Any CPU
		{D4A5CB19-F816-4269-AE1E-58C78E4F8F13}.Debug|iPhone.ActiveCfg = Debug|Any CPU
		{D4A5CB19-F816-4269-AE1E-58C78E4F8F13}.Debug|iPhone.Build.0 = Debug|Any CPU
		{D4A5CB19-F816-4269-AE1E-58C78E4F8F13}.Debug|iPhoneSimulator.ActiveCfg = Debug|Any CPU
		{D4A5CB19-F816-4269-AE1E-58C78E4F8F13}.Debug|iPhoneSimulator.Build.0 = Debug|Any CPU
		{D4A5CB19-F816-4269-AE1E-58C78E4F8F13}.Release|Any CPU.ActiveCfg = Release|Any CPU
		{D4A5CB19-F816-4269-AE1E-58C78E4F8F13}.Release|Any CPU.Build.0 = Release|Any CPU
		{D4A5CB19-F816-4269-AE1E-58C78E4F8F13}.Release|iPhone.ActiveCfg = Release|Any CPU
		{D4A5CB19-F816-4269-AE1E-58C78E4F8F13}.Release|iPhone.Build.0 = Release|Any CPU
		{D4A5CB19-F816-4269-AE1E-58C78E4F8F13}.Release|iPhoneSimulator.ActiveCfg = Release|Any CPU
		{D4A5CB19-F816-4269-AE1E-58C78E4F8F13}.Release|iPhoneSimulator.Build.0 = Release|Any CPU
		{4B23C25D-501F-4D80-A5C3-6BD10370D9B0}.Ad-Hoc|Any CPU.ActiveCfg = Debug|Any CPU
		{4B23C25D-501F-4D80-A5C3-6BD10370D9B0}.Ad-Hoc|Any CPU.Build.0 = Debug|Any CPU
		{4B23C25D-501F-4D80-A5C3-6BD10370D9B0}.Ad-Hoc|iPhone.ActiveCfg = Debug|Any CPU
		{4B23C25D-501F-4D80-A5C3-6BD10370D9B0}.Ad-Hoc|iPhone.Build.0 = Debug|Any CPU
		{4B23C25D-501F-4D80-A5C3-6BD10370D9B0}.Ad-Hoc|iPhoneSimulator.ActiveCfg = Debug|Any CPU
		{4B23C25D-501F-4D80-A5C3-6BD10370D9B0}.Ad-Hoc|iPhoneSimulator.Build.0 = Debug|Any CPU
		{4B23C25D-501F-4D80-A5C3-6BD10370D9B0}.AppStore|Any CPU.ActiveCfg = Debug|Any CPU
		{4B23C25D-501F-4D80-A5C3-6BD10370D9B0}.AppStore|Any CPU.Build.0 = Debug|Any CPU
		{4B23C25D-501F-4D80-A5C3-6BD10370D9B0}.AppStore|iPhone.ActiveCfg = Debug|Any CPU
		{4B23C25D-501F-4D80-A5C3-6BD10370D9B0}.AppStore|iPhone.Build.0 = Debug|Any CPU
		{4B23C25D-501F-4D80-A5C3-6BD10370D9B0}.AppStore|iPhoneSimulator.ActiveCfg = Debug|Any CPU
		{4B23C25D-501F-4D80-A5C3-6BD10370D9B0}.AppStore|iPhoneSimulator.Build.0 = Debug|Any CPU
		{4B23C25D-501F-4D80-A5C3-6BD10370D9B0}.Debug|Any CPU.ActiveCfg = Debug|Any CPU
		{4B23C25D-501F-4D80-A5C3-6BD10370D9B0}.Debug|Any CPU.Build.0 = Debug|Any CPU
		{4B23C25D-501F-4D80-A5C3-6BD10370D9B0}.Debug|iPhone.ActiveCfg = Debug|Any CPU
		{4B23C25D-501F-4D80-A5C3-6BD10370D9B0}.Debug|iPhone.Build.0 = Debug|Any CPU
		{4B23C25D-501F-4D80-A5C3-6BD10370D9B0}.Debug|iPhoneSimulator.ActiveCfg = Debug|Any CPU
		{4B23C25D-501F-4D80-A5C3-6BD10370D9B0}.Debug|iPhoneSimulator.Build.0 = Debug|Any CPU
		{4B23C25D-501F-4D80-A5C3-6BD10370D9B0}.Release|Any CPU.ActiveCfg = Release|Any CPU
		{4B23C25D-501F-4D80-A5C3-6BD10370D9B0}.Release|Any CPU.Build.0 = Release|Any CPU
		{4B23C25D-501F-4D80-A5C3-6BD10370D9B0}.Release|iPhone.ActiveCfg = Release|Any CPU
		{4B23C25D-501F-4D80-A5C3-6BD10370D9B0}.Release|iPhone.Build.0 = Release|Any CPU
		{4B23C25D-501F-4D80-A5C3-6BD10370D9B0}.Release|iPhoneSimulator.ActiveCfg = Release|Any CPU
		{4B23C25D-501F-4D80-A5C3-6BD10370D9B0}.Release|iPhoneSimulator.Build.0 = Release|Any CPU
		{229AAAA2-5CCD-45B7-A588-A19CDCC348A1}.Ad-Hoc|Any CPU.ActiveCfg = Release|Any CPU
		{229AAAA2-5CCD-45B7-A588-A19CDCC348A1}.Ad-Hoc|Any CPU.Build.0 = Release|Any CPU
		{229AAAA2-5CCD-45B7-A588-A19CDCC348A1}.Ad-Hoc|iPhone.ActiveCfg = Release|Any CPU
		{229AAAA2-5CCD-45B7-A588-A19CDCC348A1}.Ad-Hoc|iPhone.Build.0 = Release|Any CPU
		{229AAAA2-5CCD-45B7-A588-A19CDCC348A1}.Ad-Hoc|iPhoneSimulator.ActiveCfg = Release|Any CPU
		{229AAAA2-5CCD-45B7-A588-A19CDCC348A1}.Ad-Hoc|iPhoneSimulator.Build.0 = Release|Any CPU
		{229AAAA2-5CCD-45B7-A588-A19CDCC348A1}.AppStore|Any CPU.ActiveCfg = Release|Any CPU
		{229AAAA2-5CCD-45B7-A588-A19CDCC348A1}.AppStore|Any CPU.Build.0 = Release|Any CPU
		{229AAAA2-5CCD-45B7-A588-A19CDCC348A1}.AppStore|iPhone.ActiveCfg = Release|Any CPU
		{229AAAA2-5CCD-45B7-A588-A19CDCC348A1}.AppStore|iPhone.Build.0 = Release|Any CPU
		{229AAAA2-5CCD-45B7-A588-A19CDCC348A1}.AppStore|iPhoneSimulator.ActiveCfg = Release|Any CPU
		{229AAAA2-5CCD-45B7-A588-A19CDCC348A1}.AppStore|iPhoneSimulator.Build.0 = Release|Any CPU
		{229AAAA2-5CCD-45B7-A588-A19CDCC348A1}.Debug|Any CPU.ActiveCfg = Debug|Any CPU
		{229AAAA2-5CCD-45B7-A588-A19CDCC348A1}.Debug|Any CPU.Build.0 = Debug|Any CPU
		{229AAAA2-5CCD-45B7-A588-A19CDCC348A1}.Debug|iPhone.ActiveCfg = Debug|Any CPU
		{229AAAA2-5CCD-45B7-A588-A19CDCC348A1}.Debug|iPhone.Build.0 = Debug|Any CPU
		{229AAAA2-5CCD-45B7-A588-A19CDCC348A1}.Debug|iPhoneSimulator.ActiveCfg = Debug|Any CPU
		{229AAAA2-5CCD-45B7-A588-A19CDCC348A1}.Debug|iPhoneSimulator.Build.0 = Debug|Any CPU
		{229AAAA2-5CCD-45B7-A588-A19CDCC348A1}.Release|Any CPU.ActiveCfg = Release|Any CPU
		{229AAAA2-5CCD-45B7-A588-A19CDCC348A1}.Release|Any CPU.Build.0 = Release|Any CPU
		{229AAAA2-5CCD-45B7-A588-A19CDCC348A1}.Release|iPhone.ActiveCfg = Release|Any CPU
		{229AAAA2-5CCD-45B7-A588-A19CDCC348A1}.Release|iPhone.Build.0 = Release|Any CPU
		{229AAAA2-5CCD-45B7-A588-A19CDCC348A1}.Release|iPhoneSimulator.ActiveCfg = Release|Any CPU
		{229AAAA2-5CCD-45B7-A588-A19CDCC348A1}.Release|iPhoneSimulator.Build.0 = Release|Any CPU
		{FE346C0A-3147-4995-8D6F-3B26CBB253C2}.Ad-Hoc|Any CPU.ActiveCfg = Debug|Any CPU
		{FE346C0A-3147-4995-8D6F-3B26CBB253C2}.Ad-Hoc|Any CPU.Build.0 = Debug|Any CPU
		{FE346C0A-3147-4995-8D6F-3B26CBB253C2}.Ad-Hoc|iPhone.ActiveCfg = Debug|Any CPU
		{FE346C0A-3147-4995-8D6F-3B26CBB253C2}.Ad-Hoc|iPhone.Build.0 = Debug|Any CPU
		{FE346C0A-3147-4995-8D6F-3B26CBB253C2}.Ad-Hoc|iPhoneSimulator.ActiveCfg = Debug|Any CPU
		{FE346C0A-3147-4995-8D6F-3B26CBB253C2}.Ad-Hoc|iPhoneSimulator.Build.0 = Debug|Any CPU
		{FE346C0A-3147-4995-8D6F-3B26CBB253C2}.AppStore|Any CPU.ActiveCfg = Debug|Any CPU
		{FE346C0A-3147-4995-8D6F-3B26CBB253C2}.AppStore|Any CPU.Build.0 = Debug|Any CPU
		{FE346C0A-3147-4995-8D6F-3B26CBB253C2}.AppStore|iPhone.ActiveCfg = Debug|Any CPU
		{FE346C0A-3147-4995-8D6F-3B26CBB253C2}.AppStore|iPhone.Build.0 = Debug|Any CPU
		{FE346C0A-3147-4995-8D6F-3B26CBB253C2}.AppStore|iPhoneSimulator.ActiveCfg = Debug|Any CPU
		{FE346C0A-3147-4995-8D6F-3B26CBB253C2}.AppStore|iPhoneSimulator.Build.0 = Debug|Any CPU
		{FE346C0A-3147-4995-8D6F-3B26CBB253C2}.Debug|Any CPU.ActiveCfg = Debug|Any CPU
		{FE346C0A-3147-4995-8D6F-3B26CBB253C2}.Debug|Any CPU.Build.0 = Debug|Any CPU
		{FE346C0A-3147-4995-8D6F-3B26CBB253C2}.Debug|iPhone.ActiveCfg = Debug|Any CPU
		{FE346C0A-3147-4995-8D6F-3B26CBB253C2}.Debug|iPhone.Build.0 = Debug|Any CPU
		{FE346C0A-3147-4995-8D6F-3B26CBB253C2}.Debug|iPhoneSimulator.ActiveCfg = Debug|Any CPU
		{FE346C0A-3147-4995-8D6F-3B26CBB253C2}.Debug|iPhoneSimulator.Build.0 = Debug|Any CPU
		{FE346C0A-3147-4995-8D6F-3B26CBB253C2}.Release|Any CPU.ActiveCfg = Release|Any CPU
		{FE346C0A-3147-4995-8D6F-3B26CBB253C2}.Release|Any CPU.Build.0 = Release|Any CPU
		{FE346C0A-3147-4995-8D6F-3B26CBB253C2}.Release|iPhone.ActiveCfg = Release|Any CPU
		{FE346C0A-3147-4995-8D6F-3B26CBB253C2}.Release|iPhone.Build.0 = Release|Any CPU
		{FE346C0A-3147-4995-8D6F-3B26CBB253C2}.Release|iPhoneSimulator.ActiveCfg = Release|Any CPU
		{FE346C0A-3147-4995-8D6F-3B26CBB253C2}.Release|iPhoneSimulator.Build.0 = Release|Any CPU
		{0611C9FF-0497-402B-AAFB-B042B0291199}.Ad-Hoc|Any CPU.ActiveCfg = Debug|Any CPU
		{0611C9FF-0497-402B-AAFB-B042B0291199}.Ad-Hoc|Any CPU.Build.0 = Debug|Any CPU
		{0611C9FF-0497-402B-AAFB-B042B0291199}.Ad-Hoc|iPhone.ActiveCfg = Debug|Any CPU
		{0611C9FF-0497-402B-AAFB-B042B0291199}.Ad-Hoc|iPhone.Build.0 = Debug|Any CPU
		{0611C9FF-0497-402B-AAFB-B042B0291199}.Ad-Hoc|iPhoneSimulator.ActiveCfg = Debug|Any CPU
		{0611C9FF-0497-402B-AAFB-B042B0291199}.Ad-Hoc|iPhoneSimulator.Build.0 = Debug|Any CPU
		{0611C9FF-0497-402B-AAFB-B042B0291199}.AppStore|Any CPU.ActiveCfg = Debug|Any CPU
		{0611C9FF-0497-402B-AAFB-B042B0291199}.AppStore|Any CPU.Build.0 = Debug|Any CPU
		{0611C9FF-0497-402B-AAFB-B042B0291199}.AppStore|iPhone.ActiveCfg = Debug|Any CPU
		{0611C9FF-0497-402B-AAFB-B042B0291199}.AppStore|iPhone.Build.0 = Debug|Any CPU
		{0611C9FF-0497-402B-AAFB-B042B0291199}.AppStore|iPhoneSimulator.ActiveCfg = Debug|Any CPU
		{0611C9FF-0497-402B-AAFB-B042B0291199}.AppStore|iPhoneSimulator.Build.0 = Debug|Any CPU
		{0611C9FF-0497-402B-AAFB-B042B0291199}.Debug|Any CPU.ActiveCfg = Debug|Any CPU
		{0611C9FF-0497-402B-AAFB-B042B0291199}.Debug|Any CPU.Build.0 = Debug|Any CPU
		{0611C9FF-0497-402B-AAFB-B042B0291199}.Debug|iPhone.ActiveCfg = Debug|Any CPU
		{0611C9FF-0497-402B-AAFB-B042B0291199}.Debug|iPhone.Build.0 = Debug|Any CPU
		{0611C9FF-0497-402B-AAFB-B042B0291199}.Debug|iPhoneSimulator.ActiveCfg = Debug|Any CPU
		{0611C9FF-0497-402B-AAFB-B042B0291199}.Debug|iPhoneSimulator.Build.0 = Debug|Any CPU
		{0611C9FF-0497-402B-AAFB-B042B0291199}.Release|Any CPU.ActiveCfg = Release|Any CPU
		{0611C9FF-0497-402B-AAFB-B042B0291199}.Release|Any CPU.Build.0 = Release|Any CPU
		{0611C9FF-0497-402B-AAFB-B042B0291199}.Release|iPhone.ActiveCfg = Release|Any CPU
		{0611C9FF-0497-402B-AAFB-B042B0291199}.Release|iPhone.Build.0 = Release|Any CPU
		{0611C9FF-0497-402B-AAFB-B042B0291199}.Release|iPhoneSimulator.ActiveCfg = Release|Any CPU
		{0611C9FF-0497-402B-AAFB-B042B0291199}.Release|iPhoneSimulator.Build.0 = Release|Any CPU
	EndGlobalSection
	GlobalSection(SolutionProperties) = preSolution
		HideSolutionNode = FALSE
	EndGlobalSection
	GlobalSection(NestedProjects) = preSolution
		{7A29DDFA-D500-4F38-9412-CAEC23C7370C} = {B853A323-2F8F-418A-A956-D106E5626271}
		{12CE4EDC-35A9-4D0C-96D3-A96C91A53BE0} = {7A29DDFA-D500-4F38-9412-CAEC23C7370C}
		{D5118A79-243D-4318-A88A-A7B6728A8063} = {7A29DDFA-D500-4F38-9412-CAEC23C7370C}
		{6C3867A5-2BD6-469A-A529-183469120BAD} = {B853A323-2F8F-418A-A956-D106E5626271}
		{C39466DC-59E6-46C5-903C-0318310034F1} = {B853A323-2F8F-418A-A956-D106E5626271}
		{1CFB6B76-D663-4ED8-9581-3EB07090A6CB} = {B853A323-2F8F-418A-A956-D106E5626271}
		{F30A895B-F06F-4E37-A473-AA2BCC19396F} = {B853A323-2F8F-418A-A956-D106E5626271}
		{7556F489-417B-4D29-8FF7-4041B6DCA0D3} = {5AFE4009-FEC4-42BA-A38C-6DC8E313DCC1}
		{D763FDE0-9D06-4667-8229-43CD0D261040} = {5AFE4009-FEC4-42BA-A38C-6DC8E313DCC1}
		{551CACF0-6DF1-4308-A519-AE0F4B9F9B35} = {5DDCBDC0-B633-43D5-BCDD-E4E5B0AB7045}
		{5FA5850C-BF4F-4057-8111-826CD4A122C2} = {5DDCBDC0-B633-43D5-BCDD-E4E5B0AB7045}
		{34E1CACA-7979-4F13-A7DA-CCC7225E2B9E} = {5DDCBDC0-B633-43D5-BCDD-E4E5B0AB7045}
		{15CE84D0-D008-44F2-A826-4C63E805B68B} = {BF0CECC6-A9AC-46D2-9B8B-944C6569F381}
		{D4A5CB19-F816-4269-AE1E-58C78E4F8F13} = {BF0CECC6-A9AC-46D2-9B8B-944C6569F381}
		{4B23C25D-501F-4D80-A5C3-6BD10370D9B0} = {BF0CECC6-A9AC-46D2-9B8B-944C6569F381}
		{229AAAA2-5CCD-45B7-A588-A19CDCC348A1} = {BF0CECC6-A9AC-46D2-9B8B-944C6569F381}
		{FE346C0A-3147-4995-8D6F-3B26CBB253C2} = {B853A323-2F8F-418A-A956-D106E5626271}
		{0611C9FF-0497-402B-AAFB-B042B0291199} = {B853A323-2F8F-418A-A956-D106E5626271}
	EndGlobalSection
	GlobalSection(ExtensibilityGlobals) = postSolution
		SolutionGuid = {B4DF5120-2B24-4C0B-85EF-3ACBEA65D644}
	EndGlobalSection
EndGlobal
