Microsoft Visual Studio Solution File, Format Version 12.00
# Visual Studio 15
VisualStudioVersion = 15.0.28307.168
MinimumVisualStudioVersion = 10.0.40219.1
Project("{FAE04EC0-301F-11D3-BF4B-00C04F79EFBC}") = "Sample.Android", "Sample.Android\Sample.Android.csproj", "{BF11C2C4-7C73-4C90-94DA-C8966FDD839A}"
EndProject
Project("{FAE04EC0-301F-11D3-BF4B-00C04F79EFBC}") = "Sample.iOS", "Sample.iOS\Sample.iOS.csproj", "{6469AC5F-7DEB-4433-AF84-460013053F1F}"
EndProject
Project("{9A19103F-16F7-4668-BE54-9A1E7A4F7556}") = "Sample", "Sample\Sample.csproj", "{7042E50C-9CC4-4A57-935B-5BE0B472AD86}"
EndProject
Project("{9A19103F-16F7-4668-BE54-9A1E7A4F7556}") = "VisualStudio.Mac", "VisualStudio.Mac\VisualStudio.Mac.csproj", "{397D05FF-B14D-4D58-9732-812797262A55}"
EndProject
Project("{9A19103F-16F7-4668-BE54-9A1E7A4F7556}") = "Ide.Core", "Ide.Core\Ide.Core.csproj", "{7F2417C8-9525-424F-8E14-EBC129B9DA61}"
EndProject
Project("{9A19103F-16F7-4668-BE54-9A1E7A4F7556}") = "HotReloading.Core", "HotReloading.Core\HotReloading.Core.csproj", "{A41570A8-7604-43F6-A16F-37C9612A83E2}"
EndProject
Project("{FAE04EC0-301F-11D3-BF4B-00C04F79EFBC}") = "VisualStudio.Window", "VisualStudio.Window\VisualStudio.Window.csproj", "{D0056628-1D17-43A7-9746-17FDEBC166D1}"
EndProject
Global
	GlobalSection(SolutionConfigurationPlatforms) = preSolution
		Ad-Hoc|Any CPU = Ad-Hoc|Any CPU
		Ad-Hoc|iPhone = Ad-Hoc|iPhone
		Ad-Hoc|iPhoneSimulator = Ad-Hoc|iPhoneSimulator
		AppStore|Any CPU = AppStore|Any CPU
		AppStore|iPhone = AppStore|iPhone
		AppStore|iPhoneSimulator = AppStore|iPhoneSimulator
		Debug|Any CPU = Debug|Any CPU
		Debug|iPhone = Debug|iPhone
		Debug|iPhoneSimulator = Debug|iPhoneSimulator
		Release|Any CPU = Release|Any CPU
		Release|iPhone = Release|iPhone
		Release|iPhoneSimulator = Release|iPhoneSimulator
	EndGlobalSection
	GlobalSection(ProjectConfigurationPlatforms) = postSolution
		{BF11C2C4-7C73-4C90-94DA-C8966FDD839A}.Ad-Hoc|Any CPU.ActiveCfg = Release|Any CPU
		{BF11C2C4-7C73-4C90-94DA-C8966FDD839A}.Ad-Hoc|Any CPU.Build.0 = Release|Any CPU
		{BF11C2C4-7C73-4C90-94DA-C8966FDD839A}.Ad-Hoc|Any CPU.Deploy.0 = Release|Any CPU
		{BF11C2C4-7C73-4C90-94DA-C8966FDD839A}.Ad-Hoc|iPhone.ActiveCfg = Debug|Any CPU
		{BF11C2C4-7C73-4C90-94DA-C8966FDD839A}.Ad-Hoc|iPhone.Build.0 = Debug|Any CPU
		{BF11C2C4-7C73-4C90-94DA-C8966FDD839A}.Ad-Hoc|iPhoneSimulator.ActiveCfg = Release|Any CPU
		{BF11C2C4-7C73-4C90-94DA-C8966FDD839A}.Ad-Hoc|iPhoneSimulator.Build.0 = Release|Any CPU
		{BF11C2C4-7C73-4C90-94DA-C8966FDD839A}.Ad-Hoc|iPhoneSimulator.Deploy.0 = Release|Any CPU
		{BF11C2C4-7C73-4C90-94DA-C8966FDD839A}.AppStore|Any CPU.ActiveCfg = Release|Any CPU
		{BF11C2C4-7C73-4C90-94DA-C8966FDD839A}.AppStore|Any CPU.Build.0 = Release|Any CPU
		{BF11C2C4-7C73-4C90-94DA-C8966FDD839A}.AppStore|Any CPU.Deploy.0 = Release|Any CPU
		{BF11C2C4-7C73-4C90-94DA-C8966FDD839A}.AppStore|iPhone.ActiveCfg = Debug|Any CPU
		{BF11C2C4-7C73-4C90-94DA-C8966FDD839A}.AppStore|iPhone.Build.0 = Debug|Any CPU
		{BF11C2C4-7C73-4C90-94DA-C8966FDD839A}.AppStore|iPhoneSimulator.ActiveCfg = Release|Any CPU
		{BF11C2C4-7C73-4C90-94DA-C8966FDD839A}.AppStore|iPhoneSimulator.Build.0 = Release|Any CPU
		{BF11C2C4-7C73-4C90-94DA-C8966FDD839A}.AppStore|iPhoneSimulator.Deploy.0 = Release|Any CPU
		{BF11C2C4-7C73-4C90-94DA-C8966FDD839A}.Debug|Any CPU.ActiveCfg = Debug|Any CPU
		{BF11C2C4-7C73-4C90-94DA-C8966FDD839A}.Debug|Any CPU.Build.0 = Debug|Any CPU
		{BF11C2C4-7C73-4C90-94DA-C8966FDD839A}.Debug|iPhone.ActiveCfg = Debug|Any CPU
		{BF11C2C4-7C73-4C90-94DA-C8966FDD839A}.Debug|iPhone.Build.0 = Debug|Any CPU
		{BF11C2C4-7C73-4C90-94DA-C8966FDD839A}.Debug|iPhoneSimulator.ActiveCfg = Debug|Any CPU
		{BF11C2C4-7C73-4C90-94DA-C8966FDD839A}.Debug|iPhoneSimulator.Build.0 = Debug|Any CPU
		{BF11C2C4-7C73-4C90-94DA-C8966FDD839A}.Release|Any CPU.ActiveCfg = Release|Any CPU
		{BF11C2C4-7C73-4C90-94DA-C8966FDD839A}.Release|Any CPU.Build.0 = Release|Any CPU
		{BF11C2C4-7C73-4C90-94DA-C8966FDD839A}.Release|iPhone.ActiveCfg = Release|Any CPU
		{BF11C2C4-7C73-4C90-94DA-C8966FDD839A}.Release|iPhone.Build.0 = Release|Any CPU
		{BF11C2C4-7C73-4C90-94DA-C8966FDD839A}.Release|iPhoneSimulator.ActiveCfg = Release|Any CPU
		{BF11C2C4-7C73-4C90-94DA-C8966FDD839A}.Release|iPhoneSimulator.Build.0 = Release|Any CPU
		{6469AC5F-7DEB-4433-AF84-460013053F1F}.Ad-Hoc|Any CPU.ActiveCfg = Ad-Hoc|iPhoneSimulator
		{6469AC5F-7DEB-4433-AF84-460013053F1F}.Ad-Hoc|iPhone.ActiveCfg = Ad-Hoc|iPhone
		{6469AC5F-7DEB-4433-AF84-460013053F1F}.Ad-Hoc|iPhone.Build.0 = Ad-Hoc|iPhone
		{6469AC5F-7DEB-4433-AF84-460013053F1F}.Ad-Hoc|iPhoneSimulator.ActiveCfg = Ad-Hoc|iPhoneSimulator
		{6469AC5F-7DEB-4433-AF84-460013053F1F}.Ad-Hoc|iPhoneSimulator.Build.0 = Ad-Hoc|iPhoneSimulator
		{6469AC5F-7DEB-4433-AF84-460013053F1F}.AppStore|Any CPU.ActiveCfg = AppStore|iPhoneSimulator
		{6469AC5F-7DEB-4433-AF84-460013053F1F}.AppStore|iPhone.ActiveCfg = AppStore|iPhone
		{6469AC5F-7DEB-4433-AF84-460013053F1F}.AppStore|iPhone.Build.0 = AppStore|iPhone
		{6469AC5F-7DEB-4433-AF84-460013053F1F}.AppStore|iPhoneSimulator.ActiveCfg = AppStore|iPhoneSimulator
		{6469AC5F-7DEB-4433-AF84-460013053F1F}.AppStore|iPhoneSimulator.Build.0 = AppStore|iPhoneSimulator
		{6469AC5F-7DEB-4433-AF84-460013053F1F}.Debug|Any CPU.ActiveCfg = Debug|iPhoneSimulator
		{6469AC5F-7DEB-4433-AF84-460013053F1F}.Debug|Any CPU.Build.0 = Debug|iPhoneSimulator
		{6469AC5F-7DEB-4433-AF84-460013053F1F}.Debug|iPhone.ActiveCfg = Debug|iPhone
		{6469AC5F-7DEB-4433-AF84-460013053F1F}.Debug|iPhone.Build.0 = Debug|iPhone
		{6469AC5F-7DEB-4433-AF84-460013053F1F}.Debug|iPhoneSimulator.ActiveCfg = Debug|iPhoneSimulator
		{6469AC5F-7DEB-4433-AF84-460013053F1F}.Debug|iPhoneSimulator.Build.0 = Debug|iPhoneSimulator
		{6469AC5F-7DEB-4433-AF84-460013053F1F}.Release|Any CPU.ActiveCfg = Release|iPhoneSimulator
		{6469AC5F-7DEB-4433-AF84-460013053F1F}.Release|Any CPU.Build.0 = Release|iPhoneSimulator
		{6469AC5F-7DEB-4433-AF84-460013053F1F}.Release|iPhone.ActiveCfg = Release|iPhone
		{6469AC5F-7DEB-4433-AF84-460013053F1F}.Release|iPhone.Build.0 = Release|iPhone
		{6469AC5F-7DEB-4433-AF84-460013053F1F}.Release|iPhoneSimulator.ActiveCfg = Release|iPhoneSimulator
		{6469AC5F-7DEB-4433-AF84-460013053F1F}.Release|iPhoneSimulator.Build.0 = Release|iPhoneSimulator
		{7042E50C-9CC4-4A57-935B-5BE0B472AD86}.Ad-Hoc|Any CPU.ActiveCfg = Release|Any CPU
		{7042E50C-9CC4-4A57-935B-5BE0B472AD86}.Ad-Hoc|Any CPU.Build.0 = Release|Any CPU
		{7042E50C-9CC4-4A57-935B-5BE0B472AD86}.Ad-Hoc|iPhone.ActiveCfg = Debug|Any CPU
		{7042E50C-9CC4-4A57-935B-5BE0B472AD86}.Ad-Hoc|iPhone.Build.0 = Debug|Any CPU
		{7042E50C-9CC4-4A57-935B-5BE0B472AD86}.Ad-Hoc|iPhoneSimulator.ActiveCfg = Release|Any CPU
		{7042E50C-9CC4-4A57-935B-5BE0B472AD86}.Ad-Hoc|iPhoneSimulator.Build.0 = Release|Any CPU
		{7042E50C-9CC4-4A57-935B-5BE0B472AD86}.AppStore|Any CPU.ActiveCfg = Release|Any CPU
		{7042E50C-9CC4-4A57-935B-5BE0B472AD86}.AppStore|Any CPU.Build.0 = Release|Any CPU
		{7042E50C-9CC4-4A57-935B-5BE0B472AD86}.AppStore|iPhone.ActiveCfg = Debug|Any CPU
		{7042E50C-9CC4-4A57-935B-5BE0B472AD86}.AppStore|iPhone.Build.0 = Debug|Any CPU
		{7042E50C-9CC4-4A57-935B-5BE0B472AD86}.AppStore|iPhoneSimulator.ActiveCfg = Release|Any CPU
		{7042E50C-9CC4-4A57-935B-5BE0B472AD86}.AppStore|iPhoneSimulator.Build.0 = Release|Any CPU
		{7042E50C-9CC4-4A57-935B-5BE0B472AD86}.Debug|Any CPU.ActiveCfg = Debug|Any CPU
		{7042E50C-9CC4-4A57-935B-5BE0B472AD86}.Debug|Any CPU.Build.0 = Debug|Any CPU
		{7042E50C-9CC4-4A57-935B-5BE0B472AD86}.Debug|iPhone.ActiveCfg = Debug|Any CPU
		{7042E50C-9CC4-4A57-935B-5BE0B472AD86}.Debug|iPhone.Build.0 = Debug|Any CPU
		{7042E50C-9CC4-4A57-935B-5BE0B472AD86}.Debug|iPhoneSimulator.ActiveCfg = Debug|Any CPU
		{7042E50C-9CC4-4A57-935B-5BE0B472AD86}.Debug|iPhoneSimulator.Build.0 = Debug|Any CPU
		{7042E50C-9CC4-4A57-935B-5BE0B472AD86}.Release|Any CPU.ActiveCfg = Release|Any CPU
		{7042E50C-9CC4-4A57-935B-5BE0B472AD86}.Release|Any CPU.Build.0 = Release|Any CPU
		{7042E50C-9CC4-4A57-935B-5BE0B472AD86}.Release|iPhone.ActiveCfg = Release|Any CPU
		{7042E50C-9CC4-4A57-935B-5BE0B472AD86}.Release|iPhone.Build.0 = Release|Any CPU
		{7042E50C-9CC4-4A57-935B-5BE0B472AD86}.Release|iPhoneSimulator.ActiveCfg = Release|Any CPU
		{7042E50C-9CC4-4A57-935B-5BE0B472AD86}.Release|iPhoneSimulator.Build.0 = Release|Any CPU
		{397D05FF-B14D-4D58-9732-812797262A55}.Ad-Hoc|Any CPU.ActiveCfg = Release|Any CPU
		{397D05FF-B14D-4D58-9732-812797262A55}.Ad-Hoc|Any CPU.Build.0 = Release|Any CPU
		{397D05FF-B14D-4D58-9732-812797262A55}.Ad-Hoc|iPhone.ActiveCfg = Debug|Any CPU
		{397D05FF-B14D-4D58-9732-812797262A55}.Ad-Hoc|iPhone.Build.0 = Debug|Any CPU
		{397D05FF-B14D-4D58-9732-812797262A55}.Ad-Hoc|iPhoneSimulator.ActiveCfg = Release|Any CPU
		{397D05FF-B14D-4D58-9732-812797262A55}.Ad-Hoc|iPhoneSimulator.Build.0 = Release|Any CPU
		{397D05FF-B14D-4D58-9732-812797262A55}.AppStore|Any CPU.ActiveCfg = Release|Any CPU
		{397D05FF-B14D-4D58-9732-812797262A55}.AppStore|Any CPU.Build.0 = Release|Any CPU
		{397D05FF-B14D-4D58-9732-812797262A55}.AppStore|iPhone.ActiveCfg = Debug|Any CPU
		{397D05FF-B14D-4D58-9732-812797262A55}.AppStore|iPhone.Build.0 = Debug|Any CPU
		{397D05FF-B14D-4D58-9732-812797262A55}.AppStore|iPhoneSimulator.ActiveCfg = Release|Any CPU
		{397D05FF-B14D-4D58-9732-812797262A55}.AppStore|iPhoneSimulator.Build.0 = Release|Any CPU
		{397D05FF-B14D-4D58-9732-812797262A55}.Debug|Any CPU.ActiveCfg = Debug|Any CPU
		{397D05FF-B14D-4D58-9732-812797262A55}.Debug|Any CPU.Build.0 = Debug|Any CPU
		{397D05FF-B14D-4D58-9732-812797262A55}.Debug|iPhone.ActiveCfg = Debug|Any CPU
		{397D05FF-B14D-4D58-9732-812797262A55}.Debug|iPhone.Build.0 = Debug|Any CPU
		{397D05FF-B14D-4D58-9732-812797262A55}.Debug|iPhoneSimulator.ActiveCfg = Debug|Any CPU
		{397D05FF-B14D-4D58-9732-812797262A55}.Debug|iPhoneSimulator.Build.0 = Debug|Any CPU
		{397D05FF-B14D-4D58-9732-812797262A55}.Release|Any CPU.ActiveCfg = Release|Any CPU
		{397D05FF-B14D-4D58-9732-812797262A55}.Release|Any CPU.Build.0 = Release|Any CPU
		{397D05FF-B14D-4D58-9732-812797262A55}.Release|iPhone.ActiveCfg = Release|Any CPU
		{397D05FF-B14D-4D58-9732-812797262A55}.Release|iPhone.Build.0 = Release|Any CPU
		{397D05FF-B14D-4D58-9732-812797262A55}.Release|iPhoneSimulator.ActiveCfg = Release|Any CPU
		{397D05FF-B14D-4D58-9732-812797262A55}.Release|iPhoneSimulator.Build.0 = Release|Any CPU
		{7F2417C8-9525-424F-8E14-EBC129B9DA61}.Ad-Hoc|Any CPU.ActiveCfg = Release|Any CPU
		{7F2417C8-9525-424F-8E14-EBC129B9DA61}.Ad-Hoc|Any CPU.Build.0 = Release|Any CPU
		{7F2417C8-9525-424F-8E14-EBC129B9DA61}.Ad-Hoc|iPhone.ActiveCfg = Debug|Any CPU
		{7F2417C8-9525-424F-8E14-EBC129B9DA61}.Ad-Hoc|iPhone.Build.0 = Debug|Any CPU
		{7F2417C8-9525-424F-8E14-EBC129B9DA61}.Ad-Hoc|iPhoneSimulator.ActiveCfg = Release|Any CPU
		{7F2417C8-9525-424F-8E14-EBC129B9DA61}.Ad-Hoc|iPhoneSimulator.Build.0 = Release|Any CPU
		{7F2417C8-9525-424F-8E14-EBC129B9DA61}.AppStore|Any CPU.ActiveCfg = Release|Any CPU
		{7F2417C8-9525-424F-8E14-EBC129B9DA61}.AppStore|Any CPU.Build.0 = Release|Any CPU
		{7F2417C8-9525-424F-8E14-EBC129B9DA61}.AppStore|iPhone.ActiveCfg = Debug|Any CPU
		{7F2417C8-9525-424F-8E14-EBC129B9DA61}.AppStore|iPhone.Build.0 = Debug|Any CPU
		{7F2417C8-9525-424F-8E14-EBC129B9DA61}.AppStore|iPhoneSimulator.ActiveCfg = Release|Any CPU
		{7F2417C8-9525-424F-8E14-EBC129B9DA61}.AppStore|iPhoneSimulator.Build.0 = Release|Any CPU
		{7F2417C8-9525-424F-8E14-EBC129B9DA61}.Debug|Any CPU.ActiveCfg = Debug|Any CPU
		{7F2417C8-9525-424F-8E14-EBC129B9DA61}.Debug|Any CPU.Build.0 = Debug|Any CPU
		{7F2417C8-9525-424F-8E14-EBC129B9DA61}.Debug|iPhone.ActiveCfg = Debug|Any CPU
		{7F2417C8-9525-424F-8E14-EBC129B9DA61}.Debug|iPhone.Build.0 = Debug|Any CPU
		{7F2417C8-9525-424F-8E14-EBC129B9DA61}.Debug|iPhoneSimulator.ActiveCfg = Debug|Any CPU
		{7F2417C8-9525-424F-8E14-EBC129B9DA61}.Debug|iPhoneSimulator.Build.0 = Debug|Any CPU
		{7F2417C8-9525-424F-8E14-EBC129B9DA61}.Release|Any CPU.ActiveCfg = Release|Any CPU
		{7F2417C8-9525-424F-8E14-EBC129B9DA61}.Release|Any CPU.Build.0 = Release|Any CPU
		{7F2417C8-9525-424F-8E14-EBC129B9DA61}.Release|iPhone.ActiveCfg = Release|Any CPU
		{7F2417C8-9525-424F-8E14-EBC129B9DA61}.Release|iPhone.Build.0 = Release|Any CPU
		{7F2417C8-9525-424F-8E14-EBC129B9DA61}.Release|iPhoneSimulator.ActiveCfg = Release|Any CPU
		{7F2417C8-9525-424F-8E14-EBC129B9DA61}.Release|iPhoneSimulator.Build.0 = Release|Any CPU
		{A41570A8-7604-43F6-A16F-37C9612A83E2}.Ad-Hoc|Any CPU.ActiveCfg = Release|Any CPU
		{A41570A8-7604-43F6-A16F-37C9612A83E2}.Ad-Hoc|Any CPU.Build.0 = Release|Any CPU
		{A41570A8-7604-43F6-A16F-37C9612A83E2}.Ad-Hoc|iPhone.ActiveCfg = Debug|Any CPU
		{A41570A8-7604-43F6-A16F-37C9612A83E2}.Ad-Hoc|iPhone.Build.0 = Debug|Any CPU
		{A41570A8-7604-43F6-A16F-37C9612A83E2}.Ad-Hoc|iPhoneSimulator.ActiveCfg = Release|Any CPU
		{A41570A8-7604-43F6-A16F-37C9612A83E2}.Ad-Hoc|iPhoneSimulator.Build.0 = Release|Any CPU
		{A41570A8-7604-43F6-A16F-37C9612A83E2}.AppStore|Any CPU.ActiveCfg = Release|Any CPU
		{A41570A8-7604-43F6-A16F-37C9612A83E2}.AppStore|Any CPU.Build.0 = Release|Any CPU
		{A41570A8-7604-43F6-A16F-37C9612A83E2}.AppStore|iPhone.ActiveCfg = Debug|Any CPU
		{A41570A8-7604-43F6-A16F-37C9612A83E2}.AppStore|iPhone.Build.0 = Debug|Any CPU
		{A41570A8-7604-43F6-A16F-37C9612A83E2}.AppStore|iPhoneSimulator.ActiveCfg = Release|Any CPU
		{A41570A8-7604-43F6-A16F-37C9612A83E2}.AppStore|iPhoneSimulator.Build.0 = Release|Any CPU
		{A41570A8-7604-43F6-A16F-37C9612A83E2}.Debug|Any CPU.ActiveCfg = Debug|Any CPU
		{A41570A8-7604-43F6-A16F-37C9612A83E2}.Debug|Any CPU.Build.0 = Debug|Any CPU
		{A41570A8-7604-43F6-A16F-37C9612A83E2}.Debug|iPhone.ActiveCfg = Debug|Any CPU
		{A41570A8-7604-43F6-A16F-37C9612A83E2}.Debug|iPhone.Build.0 = Debug|Any CPU
		{A41570A8-7604-43F6-A16F-37C9612A83E2}.Debug|iPhoneSimulator.ActiveCfg = Debug|Any CPU
		{A41570A8-7604-43F6-A16F-37C9612A83E2}.Debug|iPhoneSimulator.Build.0 = Debug|Any CPU
		{A41570A8-7604-43F6-A16F-37C9612A83E2}.Release|Any CPU.ActiveCfg = Release|Any CPU
		{A41570A8-7604-43F6-A16F-37C9612A83E2}.Release|Any CPU.Build.0 = Release|Any CPU
		{A41570A8-7604-43F6-A16F-37C9612A83E2}.Release|iPhone.ActiveCfg = Release|Any CPU
		{A41570A8-7604-43F6-A16F-37C9612A83E2}.Release|iPhone.Build.0 = Release|Any CPU
		{A41570A8-7604-43F6-A16F-37C9612A83E2}.Release|iPhoneSimulator.ActiveCfg = Release|Any CPU
		{A41570A8-7604-43F6-A16F-37C9612A83E2}.Release|iPhoneSimulator.Build.0 = Release|Any CPU
		{D0056628-1D17-43A7-9746-17FDEBC166D1}.Ad-Hoc|Any CPU.ActiveCfg = Release|Any CPU
		{D0056628-1D17-43A7-9746-17FDEBC166D1}.Ad-Hoc|Any CPU.Build.0 = Release|Any CPU
		{D0056628-1D17-43A7-9746-17FDEBC166D1}.Ad-Hoc|iPhone.ActiveCfg = Release|Any CPU
		{D0056628-1D17-43A7-9746-17FDEBC166D1}.Ad-Hoc|iPhone.Build.0 = Release|Any CPU
		{D0056628-1D17-43A7-9746-17FDEBC166D1}.Ad-Hoc|iPhoneSimulator.ActiveCfg = Release|Any CPU
		{D0056628-1D17-43A7-9746-17FDEBC166D1}.Ad-Hoc|iPhoneSimulator.Build.0 = Release|Any CPU
		{D0056628-1D17-43A7-9746-17FDEBC166D1}.AppStore|Any CPU.ActiveCfg = Release|Any CPU
		{D0056628-1D17-43A7-9746-17FDEBC166D1}.AppStore|Any CPU.Build.0 = Release|Any CPU
		{D0056628-1D17-43A7-9746-17FDEBC166D1}.AppStore|iPhone.ActiveCfg = Release|Any CPU
		{D0056628-1D17-43A7-9746-17FDEBC166D1}.AppStore|iPhone.Build.0 = Release|Any CPU
		{D0056628-1D17-43A7-9746-17FDEBC166D1}.AppStore|iPhoneSimulator.ActiveCfg = Release|Any CPU
		{D0056628-1D17-43A7-9746-17FDEBC166D1}.AppStore|iPhoneSimulator.Build.0 = Release|Any CPU
		{D0056628-1D17-43A7-9746-17FDEBC166D1}.Debug|Any CPU.ActiveCfg = Debug|Any CPU
		{D0056628-1D17-43A7-9746-17FDEBC166D1}.Debug|Any CPU.Build.0 = Debug|Any CPU
		{D0056628-1D17-43A7-9746-17FDEBC166D1}.Debug|iPhone.ActiveCfg = Debug|Any CPU
		{D0056628-1D17-43A7-9746-17FDEBC166D1}.Debug|iPhone.Build.0 = Debug|Any CPU
		{D0056628-1D17-43A7-9746-17FDEBC166D1}.Debug|iPhoneSimulator.ActiveCfg = Debug|Any CPU
		{D0056628-1D17-43A7-9746-17FDEBC166D1}.Debug|iPhoneSimulator.Build.0 = Debug|Any CPU
		{D0056628-1D17-43A7-9746-17FDEBC166D1}.Release|Any CPU.ActiveCfg = Release|Any CPU
		{D0056628-1D17-43A7-9746-17FDEBC166D1}.Release|Any CPU.Build.0 = Release|Any CPU
		{D0056628-1D17-43A7-9746-17FDEBC166D1}.Release|iPhone.ActiveCfg = Release|Any CPU
		{D0056628-1D17-43A7-9746-17FDEBC166D1}.Release|iPhone.Build.0 = Release|Any CPU
		{D0056628-1D17-43A7-9746-17FDEBC166D1}.Release|iPhoneSimulator.ActiveCfg = Release|Any CPU
		{D0056628-1D17-43A7-9746-17FDEBC166D1}.Release|iPhoneSimulator.Build.0 = Release|Any CPU
	EndGlobalSection
	GlobalSection(SolutionProperties) = preSolution
		HideSolutionNode = FALSE
	EndGlobalSection
	GlobalSection(ExtensibilityGlobals) = postSolution
		SolutionGuid = {B4DF5120-2B24-4C0B-85EF-3ACBEA65D644}
	EndGlobalSection
EndGlobal
