
Microsoft Visual Studio Solution File, Format Version 12.00
# Visual Studio 15
Project("{FAE04EC0-301F-11D3-BF4B-00C04F79EFBC}") = "HotReloading.Core", "HotReloading.Core\HotReloading.Core.csproj", "{A41570A8-7604-43F6-A16F-37C9612A83E2}"
EndProject
Project("{FAE04EC0-301F-11D3-BF4B-00C04F79EFBC}") = "HotReloading", "HotReloading\HotReloading.csproj", "{496695DC-342D-4328-AFEF-8A2DA156F324}"
EndProject
Project("{FAE04EC0-301F-11D3-BF4B-00C04F79EFBC}") = "StatementConverter.Test", "StatementConverter.Test\StatementConverter.Test.csproj", "{94B872B4-2B7C-4B0A-9D1F-5A141A78552C}"
EndProject
Project("{FAE04EC0-301F-11D3-BF4B-00C04F79EFBC}") = "StatementConverter", "StatementConverter\StatementConverter.csproj", "{D3234C18-7DAD-49BF-AFD3-89F2355F89B2}"
EndProject
Project("{FAE04EC0-301F-11D3-BF4B-00C04F79EFBC}") = "HotReloading.BuildTask", "Build\HotReloading.BuildTask\HotReloading.BuildTask.csproj", "{7556F489-417B-4D29-8FF7-4041B6DCA0D3}"
EndProject
Global
	GlobalSection(SolutionConfigurationPlatforms) = preSolution
		Debug|Any CPU = Debug|Any CPU
		Release|Any CPU = Release|Any CPU
		Debug|iPhoneSimulator = Debug|iPhoneSimulator
		Release|iPhoneSimulator = Release|iPhoneSimulator
		Debug|iPhone = Debug|iPhone
		Release|iPhone = Release|iPhone
		Ad-Hoc|iPhone = Ad-Hoc|iPhone
		AppStore|iPhone = AppStore|iPhone
		net_3_5_Debug|Any CPU = net_3_5_Debug|Any CPU
		net_3_5_Debug_ReadOnly|Any CPU = net_3_5_Debug_ReadOnly|Any CPU
		net_3_5_Release|Any CPU = net_3_5_Release|Any CPU
		net_3_5_Release_ReadOnly|Any CPU = net_3_5_Release_ReadOnly|Any CPU
		net_4_0_Debug|Any CPU = net_4_0_Debug|Any CPU
		net_4_0_Debug_ReadOnly|Any CPU = net_4_0_Debug_ReadOnly|Any CPU
		net_4_0_Release|Any CPU = net_4_0_Release|Any CPU
		net_4_0_Release_ReadOnly|Any CPU = net_4_0_Release_ReadOnly|Any CPU
		net_462_Debug|Any CPU = net_462_Debug|Any CPU
		net_462_Debug_ReadOnly|Any CPU = net_462_Debug_ReadOnly|Any CPU
		net_462_Release|Any CPU = net_462_Release|Any CPU
		net_462_Release_ReadOnly|Any CPU = net_462_Release_ReadOnly|Any CPU
		netstandard_Debug|Any CPU = netstandard_Debug|Any CPU
		netstandard_Debug_ReadOnly|Any CPU = netstandard_Debug_ReadOnly|Any CPU
		netstandard_Release|Any CPU = netstandard_Release|Any CPU
		netstandard_Release_ReadOnly|Any CPU = netstandard_Release_ReadOnly|Any CPU
	EndGlobalSection
	GlobalSection(ProjectConfigurationPlatforms) = postSolution
		{A41570A8-7604-43F6-A16F-37C9612A83E2}.Debug|Any CPU.ActiveCfg = Debug|Any CPU
		{A41570A8-7604-43F6-A16F-37C9612A83E2}.Debug|Any CPU.Build.0 = Debug|Any CPU
		{A41570A8-7604-43F6-A16F-37C9612A83E2}.Release|Any CPU.ActiveCfg = Release|Any CPU
		{A41570A8-7604-43F6-A16F-37C9612A83E2}.Release|Any CPU.Build.0 = Release|Any CPU
		{A41570A8-7604-43F6-A16F-37C9612A83E2}.Debug|iPhoneSimulator.ActiveCfg = Debug|Any CPU
		{A41570A8-7604-43F6-A16F-37C9612A83E2}.Debug|iPhoneSimulator.Build.0 = Debug|Any CPU
		{A41570A8-7604-43F6-A16F-37C9612A83E2}.Release|iPhoneSimulator.ActiveCfg = Release|Any CPU
		{A41570A8-7604-43F6-A16F-37C9612A83E2}.Release|iPhoneSimulator.Build.0 = Release|Any CPU
		{A41570A8-7604-43F6-A16F-37C9612A83E2}.Debug|iPhone.ActiveCfg = Debug|Any CPU
		{A41570A8-7604-43F6-A16F-37C9612A83E2}.Debug|iPhone.Build.0 = Debug|Any CPU
		{A41570A8-7604-43F6-A16F-37C9612A83E2}.Release|iPhone.ActiveCfg = Release|Any CPU
		{A41570A8-7604-43F6-A16F-37C9612A83E2}.Release|iPhone.Build.0 = Release|Any CPU
		{A41570A8-7604-43F6-A16F-37C9612A83E2}.Ad-Hoc|iPhone.ActiveCfg = Debug|Any CPU
		{A41570A8-7604-43F6-A16F-37C9612A83E2}.Ad-Hoc|iPhone.Build.0 = Debug|Any CPU
		{A41570A8-7604-43F6-A16F-37C9612A83E2}.AppStore|iPhone.ActiveCfg = Debug|Any CPU
		{A41570A8-7604-43F6-A16F-37C9612A83E2}.AppStore|iPhone.Build.0 = Debug|Any CPU
		{A41570A8-7604-43F6-A16F-37C9612A83E2}.net_3_5_Debug|Any CPU.ActiveCfg = Debug|Any CPU
		{A41570A8-7604-43F6-A16F-37C9612A83E2}.net_3_5_Debug|Any CPU.Build.0 = Debug|Any CPU
		{A41570A8-7604-43F6-A16F-37C9612A83E2}.net_3_5_Debug_ReadOnly|Any CPU.ActiveCfg = Debug|Any CPU
		{A41570A8-7604-43F6-A16F-37C9612A83E2}.net_3_5_Debug_ReadOnly|Any CPU.Build.0 = Debug|Any CPU
		{A41570A8-7604-43F6-A16F-37C9612A83E2}.net_3_5_Release|Any CPU.ActiveCfg = Debug|Any CPU
		{A41570A8-7604-43F6-A16F-37C9612A83E2}.net_3_5_Release|Any CPU.Build.0 = Debug|Any CPU
		{A41570A8-7604-43F6-A16F-37C9612A83E2}.net_3_5_Release_ReadOnly|Any CPU.ActiveCfg = Debug|Any CPU
		{A41570A8-7604-43F6-A16F-37C9612A83E2}.net_3_5_Release_ReadOnly|Any CPU.Build.0 = Debug|Any CPU
		{A41570A8-7604-43F6-A16F-37C9612A83E2}.net_4_0_Debug|Any CPU.ActiveCfg = Debug|Any CPU
		{A41570A8-7604-43F6-A16F-37C9612A83E2}.net_4_0_Debug|Any CPU.Build.0 = Debug|Any CPU
		{A41570A8-7604-43F6-A16F-37C9612A83E2}.net_4_0_Debug_ReadOnly|Any CPU.ActiveCfg = Debug|Any CPU
		{A41570A8-7604-43F6-A16F-37C9612A83E2}.net_4_0_Debug_ReadOnly|Any CPU.Build.0 = Debug|Any CPU
		{A41570A8-7604-43F6-A16F-37C9612A83E2}.net_4_0_Release|Any CPU.ActiveCfg = Debug|Any CPU
		{A41570A8-7604-43F6-A16F-37C9612A83E2}.net_4_0_Release|Any CPU.Build.0 = Debug|Any CPU
		{A41570A8-7604-43F6-A16F-37C9612A83E2}.net_4_0_Release_ReadOnly|Any CPU.ActiveCfg = Debug|Any CPU
		{A41570A8-7604-43F6-A16F-37C9612A83E2}.net_4_0_Release_ReadOnly|Any CPU.Build.0 = Debug|Any CPU
		{A41570A8-7604-43F6-A16F-37C9612A83E2}.net_462_Debug|Any CPU.ActiveCfg = Debug|Any CPU
		{A41570A8-7604-43F6-A16F-37C9612A83E2}.net_462_Debug|Any CPU.Build.0 = Debug|Any CPU
		{A41570A8-7604-43F6-A16F-37C9612A83E2}.net_462_Debug_ReadOnly|Any CPU.ActiveCfg = Debug|Any CPU
		{A41570A8-7604-43F6-A16F-37C9612A83E2}.net_462_Debug_ReadOnly|Any CPU.Build.0 = Debug|Any CPU
		{A41570A8-7604-43F6-A16F-37C9612A83E2}.net_462_Release|Any CPU.ActiveCfg = Debug|Any CPU
		{A41570A8-7604-43F6-A16F-37C9612A83E2}.net_462_Release|Any CPU.Build.0 = Debug|Any CPU
		{A41570A8-7604-43F6-A16F-37C9612A83E2}.net_462_Release_ReadOnly|Any CPU.ActiveCfg = Debug|Any CPU
		{A41570A8-7604-43F6-A16F-37C9612A83E2}.net_462_Release_ReadOnly|Any CPU.Build.0 = Debug|Any CPU
		{A41570A8-7604-43F6-A16F-37C9612A83E2}.netstandard_Debug|Any CPU.ActiveCfg = Debug|Any CPU
		{A41570A8-7604-43F6-A16F-37C9612A83E2}.netstandard_Debug|Any CPU.Build.0 = Debug|Any CPU
		{A41570A8-7604-43F6-A16F-37C9612A83E2}.netstandard_Debug_ReadOnly|Any CPU.ActiveCfg = Debug|Any CPU
		{A41570A8-7604-43F6-A16F-37C9612A83E2}.netstandard_Debug_ReadOnly|Any CPU.Build.0 = Debug|Any CPU
		{A41570A8-7604-43F6-A16F-37C9612A83E2}.netstandard_Release|Any CPU.ActiveCfg = Debug|Any CPU
		{A41570A8-7604-43F6-A16F-37C9612A83E2}.netstandard_Release|Any CPU.Build.0 = Debug|Any CPU
		{A41570A8-7604-43F6-A16F-37C9612A83E2}.netstandard_Release_ReadOnly|Any CPU.ActiveCfg = Debug|Any CPU
		{A41570A8-7604-43F6-A16F-37C9612A83E2}.netstandard_Release_ReadOnly|Any CPU.Build.0 = Debug|Any CPU
		{496695DC-342D-4328-AFEF-8A2DA156F324}.Debug|Any CPU.ActiveCfg = Debug|Any CPU
		{496695DC-342D-4328-AFEF-8A2DA156F324}.Debug|Any CPU.Build.0 = Debug|Any CPU
		{496695DC-342D-4328-AFEF-8A2DA156F324}.Release|Any CPU.ActiveCfg = Release|Any CPU
		{496695DC-342D-4328-AFEF-8A2DA156F324}.Release|Any CPU.Build.0 = Release|Any CPU
		{496695DC-342D-4328-AFEF-8A2DA156F324}.Debug|iPhoneSimulator.ActiveCfg = Debug|Any CPU
		{496695DC-342D-4328-AFEF-8A2DA156F324}.Debug|iPhoneSimulator.Build.0 = Debug|Any CPU
		{496695DC-342D-4328-AFEF-8A2DA156F324}.Release|iPhoneSimulator.ActiveCfg = Release|Any CPU
		{496695DC-342D-4328-AFEF-8A2DA156F324}.Release|iPhoneSimulator.Build.0 = Release|Any CPU
		{496695DC-342D-4328-AFEF-8A2DA156F324}.Debug|iPhone.ActiveCfg = Debug|Any CPU
		{496695DC-342D-4328-AFEF-8A2DA156F324}.Debug|iPhone.Build.0 = Debug|Any CPU
		{496695DC-342D-4328-AFEF-8A2DA156F324}.Release|iPhone.ActiveCfg = Release|Any CPU
		{496695DC-342D-4328-AFEF-8A2DA156F324}.Release|iPhone.Build.0 = Release|Any CPU
		{496695DC-342D-4328-AFEF-8A2DA156F324}.Ad-Hoc|iPhone.ActiveCfg = Debug|Any CPU
		{496695DC-342D-4328-AFEF-8A2DA156F324}.Ad-Hoc|iPhone.Build.0 = Debug|Any CPU
		{496695DC-342D-4328-AFEF-8A2DA156F324}.AppStore|iPhone.ActiveCfg = Debug|Any CPU
		{496695DC-342D-4328-AFEF-8A2DA156F324}.AppStore|iPhone.Build.0 = Debug|Any CPU
		{496695DC-342D-4328-AFEF-8A2DA156F324}.net_3_5_Debug|Any CPU.ActiveCfg = Debug|Any CPU
		{496695DC-342D-4328-AFEF-8A2DA156F324}.net_3_5_Debug|Any CPU.Build.0 = Debug|Any CPU
		{496695DC-342D-4328-AFEF-8A2DA156F324}.net_3_5_Debug_ReadOnly|Any CPU.ActiveCfg = Debug|Any CPU
		{496695DC-342D-4328-AFEF-8A2DA156F324}.net_3_5_Debug_ReadOnly|Any CPU.Build.0 = Debug|Any CPU
		{496695DC-342D-4328-AFEF-8A2DA156F324}.net_3_5_Release|Any CPU.ActiveCfg = Debug|Any CPU
		{496695DC-342D-4328-AFEF-8A2DA156F324}.net_3_5_Release|Any CPU.Build.0 = Debug|Any CPU
		{496695DC-342D-4328-AFEF-8A2DA156F324}.net_3_5_Release_ReadOnly|Any CPU.ActiveCfg = Debug|Any CPU
		{496695DC-342D-4328-AFEF-8A2DA156F324}.net_3_5_Release_ReadOnly|Any CPU.Build.0 = Debug|Any CPU
		{496695DC-342D-4328-AFEF-8A2DA156F324}.net_4_0_Debug|Any CPU.ActiveCfg = Debug|Any CPU
		{496695DC-342D-4328-AFEF-8A2DA156F324}.net_4_0_Debug|Any CPU.Build.0 = Debug|Any CPU
		{496695DC-342D-4328-AFEF-8A2DA156F324}.net_4_0_Debug_ReadOnly|Any CPU.ActiveCfg = Debug|Any CPU
		{496695DC-342D-4328-AFEF-8A2DA156F324}.net_4_0_Debug_ReadOnly|Any CPU.Build.0 = Debug|Any CPU
		{496695DC-342D-4328-AFEF-8A2DA156F324}.net_4_0_Release|Any CPU.ActiveCfg = Debug|Any CPU
		{496695DC-342D-4328-AFEF-8A2DA156F324}.net_4_0_Release|Any CPU.Build.0 = Debug|Any CPU
		{496695DC-342D-4328-AFEF-8A2DA156F324}.net_4_0_Release_ReadOnly|Any CPU.ActiveCfg = Debug|Any CPU
		{496695DC-342D-4328-AFEF-8A2DA156F324}.net_4_0_Release_ReadOnly|Any CPU.Build.0 = Debug|Any CPU
		{496695DC-342D-4328-AFEF-8A2DA156F324}.net_462_Debug|Any CPU.ActiveCfg = Debug|Any CPU
		{496695DC-342D-4328-AFEF-8A2DA156F324}.net_462_Debug|Any CPU.Build.0 = Debug|Any CPU
		{496695DC-342D-4328-AFEF-8A2DA156F324}.net_462_Debug_ReadOnly|Any CPU.ActiveCfg = Debug|Any CPU
		{496695DC-342D-4328-AFEF-8A2DA156F324}.net_462_Debug_ReadOnly|Any CPU.Build.0 = Debug|Any CPU
		{496695DC-342D-4328-AFEF-8A2DA156F324}.net_462_Release|Any CPU.ActiveCfg = Debug|Any CPU
		{496695DC-342D-4328-AFEF-8A2DA156F324}.net_462_Release|Any CPU.Build.0 = Debug|Any CPU
		{496695DC-342D-4328-AFEF-8A2DA156F324}.net_462_Release_ReadOnly|Any CPU.ActiveCfg = Debug|Any CPU
		{496695DC-342D-4328-AFEF-8A2DA156F324}.net_462_Release_ReadOnly|Any CPU.Build.0 = Debug|Any CPU
		{496695DC-342D-4328-AFEF-8A2DA156F324}.netstandard_Debug|Any CPU.ActiveCfg = Debug|Any CPU
		{496695DC-342D-4328-AFEF-8A2DA156F324}.netstandard_Debug|Any CPU.Build.0 = Debug|Any CPU
		{496695DC-342D-4328-AFEF-8A2DA156F324}.netstandard_Debug_ReadOnly|Any CPU.ActiveCfg = Debug|Any CPU
		{496695DC-342D-4328-AFEF-8A2DA156F324}.netstandard_Debug_ReadOnly|Any CPU.Build.0 = Debug|Any CPU
		{496695DC-342D-4328-AFEF-8A2DA156F324}.netstandard_Release|Any CPU.ActiveCfg = Debug|Any CPU
		{496695DC-342D-4328-AFEF-8A2DA156F324}.netstandard_Release|Any CPU.Build.0 = Debug|Any CPU
		{496695DC-342D-4328-AFEF-8A2DA156F324}.netstandard_Release_ReadOnly|Any CPU.ActiveCfg = Debug|Any CPU
		{496695DC-342D-4328-AFEF-8A2DA156F324}.netstandard_Release_ReadOnly|Any CPU.Build.0 = Debug|Any CPU
		{94B872B4-2B7C-4B0A-9D1F-5A141A78552C}.Debug|Any CPU.ActiveCfg = Debug|Any CPU
		{94B872B4-2B7C-4B0A-9D1F-5A141A78552C}.Debug|Any CPU.Build.0 = Debug|Any CPU
		{94B872B4-2B7C-4B0A-9D1F-5A141A78552C}.Release|Any CPU.ActiveCfg = Release|Any CPU
		{94B872B4-2B7C-4B0A-9D1F-5A141A78552C}.Release|Any CPU.Build.0 = Release|Any CPU
		{94B872B4-2B7C-4B0A-9D1F-5A141A78552C}.Debug|iPhoneSimulator.ActiveCfg = Debug|Any CPU
		{94B872B4-2B7C-4B0A-9D1F-5A141A78552C}.Debug|iPhoneSimulator.Build.0 = Debug|Any CPU
		{94B872B4-2B7C-4B0A-9D1F-5A141A78552C}.Release|iPhoneSimulator.ActiveCfg = Release|Any CPU
		{94B872B4-2B7C-4B0A-9D1F-5A141A78552C}.Release|iPhoneSimulator.Build.0 = Release|Any CPU
		{94B872B4-2B7C-4B0A-9D1F-5A141A78552C}.Debug|iPhone.ActiveCfg = Debug|Any CPU
		{94B872B4-2B7C-4B0A-9D1F-5A141A78552C}.Debug|iPhone.Build.0 = Debug|Any CPU
		{94B872B4-2B7C-4B0A-9D1F-5A141A78552C}.Release|iPhone.ActiveCfg = Release|Any CPU
		{94B872B4-2B7C-4B0A-9D1F-5A141A78552C}.Release|iPhone.Build.0 = Release|Any CPU
		{94B872B4-2B7C-4B0A-9D1F-5A141A78552C}.Ad-Hoc|iPhone.ActiveCfg = Debug|Any CPU
		{94B872B4-2B7C-4B0A-9D1F-5A141A78552C}.Ad-Hoc|iPhone.Build.0 = Debug|Any CPU
		{94B872B4-2B7C-4B0A-9D1F-5A141A78552C}.AppStore|iPhone.ActiveCfg = Debug|Any CPU
		{94B872B4-2B7C-4B0A-9D1F-5A141A78552C}.AppStore|iPhone.Build.0 = Debug|Any CPU
		{94B872B4-2B7C-4B0A-9D1F-5A141A78552C}.net_3_5_Debug|Any CPU.ActiveCfg = Debug|Any CPU
		{94B872B4-2B7C-4B0A-9D1F-5A141A78552C}.net_3_5_Debug|Any CPU.Build.0 = Debug|Any CPU
		{94B872B4-2B7C-4B0A-9D1F-5A141A78552C}.net_3_5_Debug_ReadOnly|Any CPU.ActiveCfg = Debug|Any CPU
		{94B872B4-2B7C-4B0A-9D1F-5A141A78552C}.net_3_5_Debug_ReadOnly|Any CPU.Build.0 = Debug|Any CPU
		{94B872B4-2B7C-4B0A-9D1F-5A141A78552C}.net_3_5_Release|Any CPU.ActiveCfg = Debug|Any CPU
		{94B872B4-2B7C-4B0A-9D1F-5A141A78552C}.net_3_5_Release|Any CPU.Build.0 = Debug|Any CPU
		{94B872B4-2B7C-4B0A-9D1F-5A141A78552C}.net_3_5_Release_ReadOnly|Any CPU.ActiveCfg = Debug|Any CPU
		{94B872B4-2B7C-4B0A-9D1F-5A141A78552C}.net_3_5_Release_ReadOnly|Any CPU.Build.0 = Debug|Any CPU
		{94B872B4-2B7C-4B0A-9D1F-5A141A78552C}.net_4_0_Debug|Any CPU.ActiveCfg = Debug|Any CPU
		{94B872B4-2B7C-4B0A-9D1F-5A141A78552C}.net_4_0_Debug|Any CPU.Build.0 = Debug|Any CPU
		{94B872B4-2B7C-4B0A-9D1F-5A141A78552C}.net_4_0_Debug_ReadOnly|Any CPU.ActiveCfg = Debug|Any CPU
		{94B872B4-2B7C-4B0A-9D1F-5A141A78552C}.net_4_0_Debug_ReadOnly|Any CPU.Build.0 = Debug|Any CPU
		{94B872B4-2B7C-4B0A-9D1F-5A141A78552C}.net_4_0_Release|Any CPU.ActiveCfg = Debug|Any CPU
		{94B872B4-2B7C-4B0A-9D1F-5A141A78552C}.net_4_0_Release|Any CPU.Build.0 = Debug|Any CPU
		{94B872B4-2B7C-4B0A-9D1F-5A141A78552C}.net_4_0_Release_ReadOnly|Any CPU.ActiveCfg = Debug|Any CPU
		{94B872B4-2B7C-4B0A-9D1F-5A141A78552C}.net_4_0_Release_ReadOnly|Any CPU.Build.0 = Debug|Any CPU
		{94B872B4-2B7C-4B0A-9D1F-5A141A78552C}.net_462_Debug|Any CPU.ActiveCfg = Debug|Any CPU
		{94B872B4-2B7C-4B0A-9D1F-5A141A78552C}.net_462_Debug|Any CPU.Build.0 = Debug|Any CPU
		{94B872B4-2B7C-4B0A-9D1F-5A141A78552C}.net_462_Debug_ReadOnly|Any CPU.ActiveCfg = Debug|Any CPU
		{94B872B4-2B7C-4B0A-9D1F-5A141A78552C}.net_462_Debug_ReadOnly|Any CPU.Build.0 = Debug|Any CPU
		{94B872B4-2B7C-4B0A-9D1F-5A141A78552C}.net_462_Release|Any CPU.ActiveCfg = Debug|Any CPU
		{94B872B4-2B7C-4B0A-9D1F-5A141A78552C}.net_462_Release|Any CPU.Build.0 = Debug|Any CPU
		{94B872B4-2B7C-4B0A-9D1F-5A141A78552C}.net_462_Release_ReadOnly|Any CPU.ActiveCfg = Debug|Any CPU
		{94B872B4-2B7C-4B0A-9D1F-5A141A78552C}.net_462_Release_ReadOnly|Any CPU.Build.0 = Debug|Any CPU
		{94B872B4-2B7C-4B0A-9D1F-5A141A78552C}.netstandard_Debug|Any CPU.ActiveCfg = Debug|Any CPU
		{94B872B4-2B7C-4B0A-9D1F-5A141A78552C}.netstandard_Debug|Any CPU.Build.0 = Debug|Any CPU
		{94B872B4-2B7C-4B0A-9D1F-5A141A78552C}.netstandard_Debug_ReadOnly|Any CPU.ActiveCfg = Debug|Any CPU
		{94B872B4-2B7C-4B0A-9D1F-5A141A78552C}.netstandard_Debug_ReadOnly|Any CPU.Build.0 = Debug|Any CPU
		{94B872B4-2B7C-4B0A-9D1F-5A141A78552C}.netstandard_Release|Any CPU.ActiveCfg = Debug|Any CPU
		{94B872B4-2B7C-4B0A-9D1F-5A141A78552C}.netstandard_Release|Any CPU.Build.0 = Debug|Any CPU
		{94B872B4-2B7C-4B0A-9D1F-5A141A78552C}.netstandard_Release_ReadOnly|Any CPU.ActiveCfg = Debug|Any CPU
		{94B872B4-2B7C-4B0A-9D1F-5A141A78552C}.netstandard_Release_ReadOnly|Any CPU.Build.0 = Debug|Any CPU
		{D3234C18-7DAD-49BF-AFD3-89F2355F89B2}.Debug|Any CPU.ActiveCfg = Debug|Any CPU
		{D3234C18-7DAD-49BF-AFD3-89F2355F89B2}.Debug|Any CPU.Build.0 = Debug|Any CPU
		{D3234C18-7DAD-49BF-AFD3-89F2355F89B2}.Release|Any CPU.ActiveCfg = Release|Any CPU
		{D3234C18-7DAD-49BF-AFD3-89F2355F89B2}.Release|Any CPU.Build.0 = Release|Any CPU
		{D3234C18-7DAD-49BF-AFD3-89F2355F89B2}.Debug|iPhoneSimulator.ActiveCfg = Debug|Any CPU
		{D3234C18-7DAD-49BF-AFD3-89F2355F89B2}.Debug|iPhoneSimulator.Build.0 = Debug|Any CPU
		{D3234C18-7DAD-49BF-AFD3-89F2355F89B2}.Release|iPhoneSimulator.ActiveCfg = Release|Any CPU
		{D3234C18-7DAD-49BF-AFD3-89F2355F89B2}.Release|iPhoneSimulator.Build.0 = Release|Any CPU
		{D3234C18-7DAD-49BF-AFD3-89F2355F89B2}.Debug|iPhone.ActiveCfg = Debug|Any CPU
		{D3234C18-7DAD-49BF-AFD3-89F2355F89B2}.Debug|iPhone.Build.0 = Debug|Any CPU
		{D3234C18-7DAD-49BF-AFD3-89F2355F89B2}.Release|iPhone.ActiveCfg = Release|Any CPU
		{D3234C18-7DAD-49BF-AFD3-89F2355F89B2}.Release|iPhone.Build.0 = Release|Any CPU
		{D3234C18-7DAD-49BF-AFD3-89F2355F89B2}.Ad-Hoc|iPhone.ActiveCfg = Debug|Any CPU
		{D3234C18-7DAD-49BF-AFD3-89F2355F89B2}.Ad-Hoc|iPhone.Build.0 = Debug|Any CPU
		{D3234C18-7DAD-49BF-AFD3-89F2355F89B2}.AppStore|iPhone.ActiveCfg = Debug|Any CPU
		{D3234C18-7DAD-49BF-AFD3-89F2355F89B2}.AppStore|iPhone.Build.0 = Debug|Any CPU
		{D3234C18-7DAD-49BF-AFD3-89F2355F89B2}.net_3_5_Debug|Any CPU.ActiveCfg = Debug|Any CPU
		{D3234C18-7DAD-49BF-AFD3-89F2355F89B2}.net_3_5_Debug|Any CPU.Build.0 = Debug|Any CPU
		{D3234C18-7DAD-49BF-AFD3-89F2355F89B2}.net_3_5_Debug_ReadOnly|Any CPU.ActiveCfg = Debug|Any CPU
		{D3234C18-7DAD-49BF-AFD3-89F2355F89B2}.net_3_5_Debug_ReadOnly|Any CPU.Build.0 = Debug|Any CPU
		{D3234C18-7DAD-49BF-AFD3-89F2355F89B2}.net_3_5_Release|Any CPU.ActiveCfg = Debug|Any CPU
		{D3234C18-7DAD-49BF-AFD3-89F2355F89B2}.net_3_5_Release|Any CPU.Build.0 = Debug|Any CPU
		{D3234C18-7DAD-49BF-AFD3-89F2355F89B2}.net_3_5_Release_ReadOnly|Any CPU.ActiveCfg = Debug|Any CPU
		{D3234C18-7DAD-49BF-AFD3-89F2355F89B2}.net_3_5_Release_ReadOnly|Any CPU.Build.0 = Debug|Any CPU
		{D3234C18-7DAD-49BF-AFD3-89F2355F89B2}.net_4_0_Debug|Any CPU.ActiveCfg = Debug|Any CPU
		{D3234C18-7DAD-49BF-AFD3-89F2355F89B2}.net_4_0_Debug|Any CPU.Build.0 = Debug|Any CPU
		{D3234C18-7DAD-49BF-AFD3-89F2355F89B2}.net_4_0_Debug_ReadOnly|Any CPU.ActiveCfg = Debug|Any CPU
		{D3234C18-7DAD-49BF-AFD3-89F2355F89B2}.net_4_0_Debug_ReadOnly|Any CPU.Build.0 = Debug|Any CPU
		{D3234C18-7DAD-49BF-AFD3-89F2355F89B2}.net_4_0_Release|Any CPU.ActiveCfg = Debug|Any CPU
		{D3234C18-7DAD-49BF-AFD3-89F2355F89B2}.net_4_0_Release|Any CPU.Build.0 = Debug|Any CPU
		{D3234C18-7DAD-49BF-AFD3-89F2355F89B2}.net_4_0_Release_ReadOnly|Any CPU.ActiveCfg = Debug|Any CPU
		{D3234C18-7DAD-49BF-AFD3-89F2355F89B2}.net_4_0_Release_ReadOnly|Any CPU.Build.0 = Debug|Any CPU
		{D3234C18-7DAD-49BF-AFD3-89F2355F89B2}.net_462_Debug|Any CPU.ActiveCfg = Debug|Any CPU
		{D3234C18-7DAD-49BF-AFD3-89F2355F89B2}.net_462_Debug|Any CPU.Build.0 = Debug|Any CPU
		{D3234C18-7DAD-49BF-AFD3-89F2355F89B2}.net_462_Debug_ReadOnly|Any CPU.ActiveCfg = Debug|Any CPU
		{D3234C18-7DAD-49BF-AFD3-89F2355F89B2}.net_462_Debug_ReadOnly|Any CPU.Build.0 = Debug|Any CPU
		{D3234C18-7DAD-49BF-AFD3-89F2355F89B2}.net_462_Release|Any CPU.ActiveCfg = Debug|Any CPU
		{D3234C18-7DAD-49BF-AFD3-89F2355F89B2}.net_462_Release|Any CPU.Build.0 = Debug|Any CPU
		{D3234C18-7DAD-49BF-AFD3-89F2355F89B2}.net_462_Release_ReadOnly|Any CPU.ActiveCfg = Debug|Any CPU
		{D3234C18-7DAD-49BF-AFD3-89F2355F89B2}.net_462_Release_ReadOnly|Any CPU.Build.0 = Debug|Any CPU
		{D3234C18-7DAD-49BF-AFD3-89F2355F89B2}.netstandard_Debug|Any CPU.ActiveCfg = Debug|Any CPU
		{D3234C18-7DAD-49BF-AFD3-89F2355F89B2}.netstandard_Debug|Any CPU.Build.0 = Debug|Any CPU
		{D3234C18-7DAD-49BF-AFD3-89F2355F89B2}.netstandard_Debug_ReadOnly|Any CPU.ActiveCfg = Debug|Any CPU
		{D3234C18-7DAD-49BF-AFD3-89F2355F89B2}.netstandard_Debug_ReadOnly|Any CPU.Build.0 = Debug|Any CPU
		{D3234C18-7DAD-49BF-AFD3-89F2355F89B2}.netstandard_Release|Any CPU.ActiveCfg = Debug|Any CPU
		{D3234C18-7DAD-49BF-AFD3-89F2355F89B2}.netstandard_Release|Any CPU.Build.0 = Debug|Any CPU
		{D3234C18-7DAD-49BF-AFD3-89F2355F89B2}.netstandard_Release_ReadOnly|Any CPU.ActiveCfg = Debug|Any CPU
		{D3234C18-7DAD-49BF-AFD3-89F2355F89B2}.netstandard_Release_ReadOnly|Any CPU.Build.0 = Debug|Any CPU
		{7556F489-417B-4D29-8FF7-4041B6DCA0D3}.Debug|Any CPU.ActiveCfg = Debug|Any CPU
		{7556F489-417B-4D29-8FF7-4041B6DCA0D3}.Debug|Any CPU.Build.0 = Debug|Any CPU
		{7556F489-417B-4D29-8FF7-4041B6DCA0D3}.Release|Any CPU.ActiveCfg = Release|Any CPU
		{7556F489-417B-4D29-8FF7-4041B6DCA0D3}.Release|Any CPU.Build.0 = Release|Any CPU
		{7556F489-417B-4D29-8FF7-4041B6DCA0D3}.Debug|iPhoneSimulator.ActiveCfg = Debug|Any CPU
		{7556F489-417B-4D29-8FF7-4041B6DCA0D3}.Debug|iPhoneSimulator.Build.0 = Debug|Any CPU
		{7556F489-417B-4D29-8FF7-4041B6DCA0D3}.Release|iPhoneSimulator.ActiveCfg = Release|Any CPU
		{7556F489-417B-4D29-8FF7-4041B6DCA0D3}.Release|iPhoneSimulator.Build.0 = Release|Any CPU
		{7556F489-417B-4D29-8FF7-4041B6DCA0D3}.Debug|iPhone.ActiveCfg = Debug|Any CPU
		{7556F489-417B-4D29-8FF7-4041B6DCA0D3}.Debug|iPhone.Build.0 = Debug|Any CPU
		{7556F489-417B-4D29-8FF7-4041B6DCA0D3}.Release|iPhone.ActiveCfg = Release|Any CPU
		{7556F489-417B-4D29-8FF7-4041B6DCA0D3}.Release|iPhone.Build.0 = Release|Any CPU
		{7556F489-417B-4D29-8FF7-4041B6DCA0D3}.Ad-Hoc|iPhone.ActiveCfg = Debug|Any CPU
		{7556F489-417B-4D29-8FF7-4041B6DCA0D3}.Ad-Hoc|iPhone.Build.0 = Debug|Any CPU
		{7556F489-417B-4D29-8FF7-4041B6DCA0D3}.AppStore|iPhone.ActiveCfg = Debug|Any CPU
		{7556F489-417B-4D29-8FF7-4041B6DCA0D3}.AppStore|iPhone.Build.0 = Debug|Any CPU
		{7556F489-417B-4D29-8FF7-4041B6DCA0D3}.net_3_5_Debug|Any CPU.ActiveCfg = Debug|Any CPU
		{7556F489-417B-4D29-8FF7-4041B6DCA0D3}.net_3_5_Debug|Any CPU.Build.0 = Debug|Any CPU
		{7556F489-417B-4D29-8FF7-4041B6DCA0D3}.net_3_5_Debug_ReadOnly|Any CPU.ActiveCfg = Debug|Any CPU
		{7556F489-417B-4D29-8FF7-4041B6DCA0D3}.net_3_5_Debug_ReadOnly|Any CPU.Build.0 = Debug|Any CPU
		{7556F489-417B-4D29-8FF7-4041B6DCA0D3}.net_3_5_Release|Any CPU.ActiveCfg = Debug|Any CPU
		{7556F489-417B-4D29-8FF7-4041B6DCA0D3}.net_3_5_Release|Any CPU.Build.0 = Debug|Any CPU
		{7556F489-417B-4D29-8FF7-4041B6DCA0D3}.net_3_5_Release_ReadOnly|Any CPU.ActiveCfg = Debug|Any CPU
		{7556F489-417B-4D29-8FF7-4041B6DCA0D3}.net_3_5_Release_ReadOnly|Any CPU.Build.0 = Debug|Any CPU
		{7556F489-417B-4D29-8FF7-4041B6DCA0D3}.net_4_0_Debug|Any CPU.ActiveCfg = Debug|Any CPU
		{7556F489-417B-4D29-8FF7-4041B6DCA0D3}.net_4_0_Debug|Any CPU.Build.0 = Debug|Any CPU
		{7556F489-417B-4D29-8FF7-4041B6DCA0D3}.net_4_0_Debug_ReadOnly|Any CPU.ActiveCfg = Debug|Any CPU
		{7556F489-417B-4D29-8FF7-4041B6DCA0D3}.net_4_0_Debug_ReadOnly|Any CPU.Build.0 = Debug|Any CPU
		{7556F489-417B-4D29-8FF7-4041B6DCA0D3}.net_4_0_Release|Any CPU.ActiveCfg = Debug|Any CPU
		{7556F489-417B-4D29-8FF7-4041B6DCA0D3}.net_4_0_Release|Any CPU.Build.0 = Debug|Any CPU
		{7556F489-417B-4D29-8FF7-4041B6DCA0D3}.net_4_0_Release_ReadOnly|Any CPU.ActiveCfg = Debug|Any CPU
		{7556F489-417B-4D29-8FF7-4041B6DCA0D3}.net_4_0_Release_ReadOnly|Any CPU.Build.0 = Debug|Any CPU
		{7556F489-417B-4D29-8FF7-4041B6DCA0D3}.net_462_Debug|Any CPU.ActiveCfg = Debug|Any CPU
		{7556F489-417B-4D29-8FF7-4041B6DCA0D3}.net_462_Debug|Any CPU.Build.0 = Debug|Any CPU
		{7556F489-417B-4D29-8FF7-4041B6DCA0D3}.net_462_Debug_ReadOnly|Any CPU.ActiveCfg = Debug|Any CPU
		{7556F489-417B-4D29-8FF7-4041B6DCA0D3}.net_462_Debug_ReadOnly|Any CPU.Build.0 = Debug|Any CPU
		{7556F489-417B-4D29-8FF7-4041B6DCA0D3}.net_462_Release|Any CPU.ActiveCfg = Debug|Any CPU
		{7556F489-417B-4D29-8FF7-4041B6DCA0D3}.net_462_Release|Any CPU.Build.0 = Debug|Any CPU
		{7556F489-417B-4D29-8FF7-4041B6DCA0D3}.net_462_Release_ReadOnly|Any CPU.ActiveCfg = Debug|Any CPU
		{7556F489-417B-4D29-8FF7-4041B6DCA0D3}.net_462_Release_ReadOnly|Any CPU.Build.0 = Debug|Any CPU
		{7556F489-417B-4D29-8FF7-4041B6DCA0D3}.netstandard_Debug|Any CPU.ActiveCfg = Debug|Any CPU
		{7556F489-417B-4D29-8FF7-4041B6DCA0D3}.netstandard_Debug|Any CPU.Build.0 = Debug|Any CPU
		{7556F489-417B-4D29-8FF7-4041B6DCA0D3}.netstandard_Debug_ReadOnly|Any CPU.ActiveCfg = Debug|Any CPU
		{7556F489-417B-4D29-8FF7-4041B6DCA0D3}.netstandard_Debug_ReadOnly|Any CPU.Build.0 = Debug|Any CPU
		{7556F489-417B-4D29-8FF7-4041B6DCA0D3}.netstandard_Release|Any CPU.ActiveCfg = Debug|Any CPU
		{7556F489-417B-4D29-8FF7-4041B6DCA0D3}.netstandard_Release|Any CPU.Build.0 = Debug|Any CPU
		{7556F489-417B-4D29-8FF7-4041B6DCA0D3}.netstandard_Release_ReadOnly|Any CPU.ActiveCfg = Debug|Any CPU
		{7556F489-417B-4D29-8FF7-4041B6DCA0D3}.netstandard_Release_ReadOnly|Any CPU.Build.0 = Debug|Any CPU
	EndGlobalSection
	GlobalSection(NestedProjects) = preSolution
	EndGlobalSection
EndGlobal
