
Microsoft Visual Studio Solution File, Format Version 12.00
# Visual Studio 15
Project("{2150E333-8FDC-42A3-9474-1A3956D46DE8}") = "Build", "Build", "{073377F8-07C6-4A35-81F2-C3599BE21022}"
EndProject
Project("{FAE04EC0-301F-11D3-BF4B-00C04F79EFBC}") = "HotReloading.BuildTask", "Build\HotReloading.BuildTask\HotReloading.BuildTask.csproj", "{7556F489-417B-4D29-8FF7-4041B6DCA0D3}"
EndProject
Project("{2150E333-8FDC-42A3-9474-1A3956D46DE8}") = "Core", "Core", "{0F506371-1339-4D70-A80E-65959DB969FB}"
EndProject
Project("{2150E333-8FDC-42A3-9474-1A3956D46DE8}") = "IDE", "IDE", "{C5202716-D2E0-4F72-9FA1-239769C89123}"
EndProject
Project("{FAE04EC0-301F-11D3-BF4B-00C04F79EFBC}") = "StatementConverter", "Core\StatementConverter\StatementConverter.csproj", "{0B9DE186-355F-4261-B4A2-83FF160AB50E}"
EndProject
Project("{FAE04EC0-301F-11D3-BF4B-00C04F79EFBC}") = "StatementConverter.Test", "Core\StatementConverter.Test\StatementConverter.Test.csproj", "{C97F4708-521F-4D5F-8D0C-23DD4431ABC9}"
EndProject
Project("{FAE04EC0-301F-11D3-BF4B-00C04F79EFBC}") = "HotReloading.Core", "Core\HotReloading.Core\HotReloading.Core.csproj", "{E283AEFD-4581-4EEE-9F6D-B7545D9536FE}"
EndProject
Project("{FAE04EC0-301F-11D3-BF4B-00C04F79EFBC}") = "HotReloading", "Core\HotReloading\HotReloading.csproj", "{F22483C4-C6C7-4D46-A64A-C7D3E1003333}"
EndProject
Project("{2150E333-8FDC-42A3-9474-1A3956D46DE8}") = "ExpressionFuture", "ExpressionFuture", "{B818AACA-35DA-4310-9AE7-04DF813C3BE5}"
EndProject
Project("{FAE04EC0-301F-11D3-BF4B-00C04F79EFBC}") = "CSharpExpressions", "Core\ExpressionFuture\CSharpExpressions\CSharpExpressions.csproj", "{155BAE15-ED94-4F67-9EA3-01DAAE37A53E}"
EndProject
Project("{FAE04EC0-301F-11D3-BF4B-00C04F79EFBC}") = "Debugging", "Core\ExpressionFuture\Debugging\Debugging.csproj", "{22B999C3-BD86-4B62-8A74-516089B829DA}"
EndProject
Project("{FAE04EC0-301F-11D3-BF4B-00C04F79EFBC}") = "CSharpCodeAnalysis", "IDE\CSharpCodeAnalysis\CSharpCodeAnalysis.csproj", "{773DEFCF-3A9C-43CC-826F-4091BBBF93A6}"
EndProject
Project("{FAE04EC0-301F-11D3-BF4B-00C04F79EFBC}") = "CSharpCodeAnalysis.Test", "IDE\CSharpCodeAnalysis.Test\CSharpCodeAnalysis.Test.csproj", "{1816D21F-CBA0-47E5-B522-79D7D89EF18F}"
EndProject
Project("{FAE04EC0-301F-11D3-BF4B-00C04F79EFBC}") = "Ide.Core", "IDE\Ide.Core\Ide.Core.csproj", "{008448A8-6DD9-4EF6-9A24-934F09D7417C}"
EndProject
Project("{FAE04EC0-301F-11D3-BF4B-00C04F79EFBC}") = "VisualStudio.Mac", "IDE\VisualStudio.Mac\VisualStudio.Mac.csproj", "{809D2CC0-33B7-49B9-9279-C665875E3ED0}"
EndProject
Project("{FAE04EC0-301F-11D3-BF4B-00C04F79EFBC}") = "HotReloading.Test", "Core\HotReloading.Test\HotReloading.Test.csproj", "{07C0ACD2-819C-4EFE-8EAF-6CDC895B0BE1}"
EndProject
Project("{FAE04EC0-301F-11D3-BF4B-00C04F79EFBC}") = "Mqtt", "Core\Mqtt\Mqtt.csproj", "{67E09C95-C842-4E15-9F7A-EEBBC3B25A1C}"
EndProject
Project("{FAE04EC0-301F-11D3-BF4B-00C04F79EFBC}") = "Log", "Core\Log\Log.csproj", "{6E9D6E2D-6AED-48BB-A339-EDABC3713282}"
EndProject
Project("{FAE04EC0-301F-11D3-BF4B-00C04F79EFBC}") = "HotReloading.Syntax", "Core\HotReloading.Syntax\HotReloading.Syntax.csproj", "{F33D9DEF-B413-4024-9985-6996B039D8A5}"
EndProject
Project("{9344BDBB-3E7F-41FC-A0DD-8665D75EE146}") = "HotReloading.Core.Test", "Core\HotReloading.Core.Test\HotReloading.Core.Test.csproj", "{97CEE12E-2318-4B6A-BE7B-7D7C60ACB227}"
EndProject
Project("{FAE04EC0-301F-11D3-BF4B-00C04F79EFBC}") = "HotReloading.CodeGenerator", "Core\HotReloading.CodeGenerator\HotReloading.CodeGenerator.csproj", "{5BD374D2-0C9F-4E5E-A178-A4524C22AF8C}"
EndProject
Global
	GlobalSection(SolutionConfigurationPlatforms) = preSolution
		Debug|Any CPU = Debug|Any CPU
		Release|Any CPU = Release|Any CPU
		Debug|iPhoneSimulator = Debug|iPhoneSimulator
		Release|iPhoneSimulator = Release|iPhoneSimulator
		Debug|iPhone = Debug|iPhone
		Release|iPhone = Release|iPhone
		Ad-Hoc|iPhone = Ad-Hoc|iPhone
		AppStore|iPhone = AppStore|iPhone
		net_3_5_Debug|Any CPU = net_3_5_Debug|Any CPU
		net_3_5_Debug_ReadOnly|Any CPU = net_3_5_Debug_ReadOnly|Any CPU
		net_3_5_Release|Any CPU = net_3_5_Release|Any CPU
		net_3_5_Release_ReadOnly|Any CPU = net_3_5_Release_ReadOnly|Any CPU
		net_4_0_Debug|Any CPU = net_4_0_Debug|Any CPU
		net_4_0_Debug_ReadOnly|Any CPU = net_4_0_Debug_ReadOnly|Any CPU
		net_4_0_Release|Any CPU = net_4_0_Release|Any CPU
		net_4_0_Release_ReadOnly|Any CPU = net_4_0_Release_ReadOnly|Any CPU
		net_462_Debug|Any CPU = net_462_Debug|Any CPU
		net_462_Debug_ReadOnly|Any CPU = net_462_Debug_ReadOnly|Any CPU
		net_462_Release|Any CPU = net_462_Release|Any CPU
		net_462_Release_ReadOnly|Any CPU = net_462_Release_ReadOnly|Any CPU
		netstandard_Debug|Any CPU = netstandard_Debug|Any CPU
		netstandard_Debug_ReadOnly|Any CPU = netstandard_Debug_ReadOnly|Any CPU
		netstandard_Release|Any CPU = netstandard_Release|Any CPU
		netstandard_Release_ReadOnly|Any CPU = netstandard_Release_ReadOnly|Any CPU
	EndGlobalSection
	GlobalSection(ProjectConfigurationPlatforms) = postSolution
		{7556F489-417B-4D29-8FF7-4041B6DCA0D3}.Debug|Any CPU.ActiveCfg = Debug|Any CPU
		{7556F489-417B-4D29-8FF7-4041B6DCA0D3}.Debug|Any CPU.Build.0 = Debug|Any CPU
		{7556F489-417B-4D29-8FF7-4041B6DCA0D3}.Release|Any CPU.ActiveCfg = Release|Any CPU
		{7556F489-417B-4D29-8FF7-4041B6DCA0D3}.Release|Any CPU.Build.0 = Release|Any CPU
		{7556F489-417B-4D29-8FF7-4041B6DCA0D3}.Debug|iPhoneSimulator.ActiveCfg = Debug|Any CPU
		{7556F489-417B-4D29-8FF7-4041B6DCA0D3}.Debug|iPhoneSimulator.Build.0 = Debug|Any CPU
		{7556F489-417B-4D29-8FF7-4041B6DCA0D3}.Release|iPhoneSimulator.ActiveCfg = Release|Any CPU
		{7556F489-417B-4D29-8FF7-4041B6DCA0D3}.Release|iPhoneSimulator.Build.0 = Release|Any CPU
		{7556F489-417B-4D29-8FF7-4041B6DCA0D3}.Debug|iPhone.ActiveCfg = Debug|Any CPU
		{7556F489-417B-4D29-8FF7-4041B6DCA0D3}.Debug|iPhone.Build.0 = Debug|Any CPU
		{7556F489-417B-4D29-8FF7-4041B6DCA0D3}.Release|iPhone.ActiveCfg = Release|Any CPU
		{7556F489-417B-4D29-8FF7-4041B6DCA0D3}.Release|iPhone.Build.0 = Release|Any CPU
		{7556F489-417B-4D29-8FF7-4041B6DCA0D3}.Ad-Hoc|iPhone.ActiveCfg = Release|Any CPU
		{7556F489-417B-4D29-8FF7-4041B6DCA0D3}.Ad-Hoc|iPhone.Build.0 = Release|Any CPU
		{7556F489-417B-4D29-8FF7-4041B6DCA0D3}.AppStore|iPhone.ActiveCfg = Release|Any CPU
		{7556F489-417B-4D29-8FF7-4041B6DCA0D3}.AppStore|iPhone.Build.0 = Release|Any CPU
		{7556F489-417B-4D29-8FF7-4041B6DCA0D3}.net_3_5_Debug|Any CPU.ActiveCfg = Debug|Any CPU
		{7556F489-417B-4D29-8FF7-4041B6DCA0D3}.net_3_5_Debug|Any CPU.Build.0 = Debug|Any CPU
		{7556F489-417B-4D29-8FF7-4041B6DCA0D3}.net_3_5_Debug_ReadOnly|Any CPU.ActiveCfg = Debug|Any CPU
		{7556F489-417B-4D29-8FF7-4041B6DCA0D3}.net_3_5_Debug_ReadOnly|Any CPU.Build.0 = Debug|Any CPU
		{7556F489-417B-4D29-8FF7-4041B6DCA0D3}.net_3_5_Release|Any CPU.ActiveCfg = Debug|Any CPU
		{7556F489-417B-4D29-8FF7-4041B6DCA0D3}.net_3_5_Release|Any CPU.Build.0 = Debug|Any CPU
		{7556F489-417B-4D29-8FF7-4041B6DCA0D3}.net_3_5_Release_ReadOnly|Any CPU.ActiveCfg = Debug|Any CPU
		{7556F489-417B-4D29-8FF7-4041B6DCA0D3}.net_3_5_Release_ReadOnly|Any CPU.Build.0 = Debug|Any CPU
		{7556F489-417B-4D29-8FF7-4041B6DCA0D3}.net_4_0_Debug|Any CPU.ActiveCfg = Debug|Any CPU
		{7556F489-417B-4D29-8FF7-4041B6DCA0D3}.net_4_0_Debug|Any CPU.Build.0 = Debug|Any CPU
		{7556F489-417B-4D29-8FF7-4041B6DCA0D3}.net_4_0_Debug_ReadOnly|Any CPU.ActiveCfg = Debug|Any CPU
		{7556F489-417B-4D29-8FF7-4041B6DCA0D3}.net_4_0_Debug_ReadOnly|Any CPU.Build.0 = Debug|Any CPU
		{7556F489-417B-4D29-8FF7-4041B6DCA0D3}.net_4_0_Release|Any CPU.ActiveCfg = Debug|Any CPU
		{7556F489-417B-4D29-8FF7-4041B6DCA0D3}.net_4_0_Release|Any CPU.Build.0 = Debug|Any CPU
		{7556F489-417B-4D29-8FF7-4041B6DCA0D3}.net_4_0_Release_ReadOnly|Any CPU.ActiveCfg = Debug|Any CPU
		{7556F489-417B-4D29-8FF7-4041B6DCA0D3}.net_4_0_Release_ReadOnly|Any CPU.Build.0 = Debug|Any CPU
		{7556F489-417B-4D29-8FF7-4041B6DCA0D3}.net_462_Debug|Any CPU.ActiveCfg = Debug|Any CPU
		{7556F489-417B-4D29-8FF7-4041B6DCA0D3}.net_462_Debug|Any CPU.Build.0 = Debug|Any CPU
		{7556F489-417B-4D29-8FF7-4041B6DCA0D3}.net_462_Debug_ReadOnly|Any CPU.ActiveCfg = Debug|Any CPU
		{7556F489-417B-4D29-8FF7-4041B6DCA0D3}.net_462_Debug_ReadOnly|Any CPU.Build.0 = Debug|Any CPU
		{7556F489-417B-4D29-8FF7-4041B6DCA0D3}.net_462_Release|Any CPU.ActiveCfg = Debug|Any CPU
		{7556F489-417B-4D29-8FF7-4041B6DCA0D3}.net_462_Release|Any CPU.Build.0 = Debug|Any CPU
		{7556F489-417B-4D29-8FF7-4041B6DCA0D3}.net_462_Release_ReadOnly|Any CPU.ActiveCfg = Debug|Any CPU
		{7556F489-417B-4D29-8FF7-4041B6DCA0D3}.net_462_Release_ReadOnly|Any CPU.Build.0 = Debug|Any CPU
		{7556F489-417B-4D29-8FF7-4041B6DCA0D3}.netstandard_Debug|Any CPU.ActiveCfg = Debug|Any CPU
		{7556F489-417B-4D29-8FF7-4041B6DCA0D3}.netstandard_Debug|Any CPU.Build.0 = Debug|Any CPU
		{7556F489-417B-4D29-8FF7-4041B6DCA0D3}.netstandard_Debug_ReadOnly|Any CPU.ActiveCfg = Debug|Any CPU
		{7556F489-417B-4D29-8FF7-4041B6DCA0D3}.netstandard_Debug_ReadOnly|Any CPU.Build.0 = Debug|Any CPU
		{7556F489-417B-4D29-8FF7-4041B6DCA0D3}.netstandard_Release|Any CPU.ActiveCfg = Debug|Any CPU
		{7556F489-417B-4D29-8FF7-4041B6DCA0D3}.netstandard_Release|Any CPU.Build.0 = Debug|Any CPU
		{7556F489-417B-4D29-8FF7-4041B6DCA0D3}.netstandard_Release_ReadOnly|Any CPU.ActiveCfg = Debug|Any CPU
		{7556F489-417B-4D29-8FF7-4041B6DCA0D3}.netstandard_Release_ReadOnly|Any CPU.Build.0 = Debug|Any CPU
		{0B9DE186-355F-4261-B4A2-83FF160AB50E}.Debug|Any CPU.ActiveCfg = Debug|Any CPU
		{0B9DE186-355F-4261-B4A2-83FF160AB50E}.Debug|Any CPU.Build.0 = Debug|Any CPU
		{0B9DE186-355F-4261-B4A2-83FF160AB50E}.Release|Any CPU.ActiveCfg = Release|Any CPU
		{0B9DE186-355F-4261-B4A2-83FF160AB50E}.Release|Any CPU.Build.0 = Release|Any CPU
		{0B9DE186-355F-4261-B4A2-83FF160AB50E}.Debug|iPhoneSimulator.ActiveCfg = Debug|Any CPU
		{0B9DE186-355F-4261-B4A2-83FF160AB50E}.Debug|iPhoneSimulator.Build.0 = Debug|Any CPU
		{0B9DE186-355F-4261-B4A2-83FF160AB50E}.Release|iPhoneSimulator.ActiveCfg = Release|Any CPU
		{0B9DE186-355F-4261-B4A2-83FF160AB50E}.Release|iPhoneSimulator.Build.0 = Release|Any CPU
		{0B9DE186-355F-4261-B4A2-83FF160AB50E}.Debug|iPhone.ActiveCfg = Debug|Any CPU
		{0B9DE186-355F-4261-B4A2-83FF160AB50E}.Debug|iPhone.Build.0 = Debug|Any CPU
		{0B9DE186-355F-4261-B4A2-83FF160AB50E}.Release|iPhone.ActiveCfg = Release|Any CPU
		{0B9DE186-355F-4261-B4A2-83FF160AB50E}.Release|iPhone.Build.0 = Release|Any CPU
		{0B9DE186-355F-4261-B4A2-83FF160AB50E}.Ad-Hoc|iPhone.ActiveCfg = Debug|Any CPU
		{0B9DE186-355F-4261-B4A2-83FF160AB50E}.Ad-Hoc|iPhone.Build.0 = Debug|Any CPU
		{0B9DE186-355F-4261-B4A2-83FF160AB50E}.AppStore|iPhone.ActiveCfg = Debug|Any CPU
		{0B9DE186-355F-4261-B4A2-83FF160AB50E}.AppStore|iPhone.Build.0 = Debug|Any CPU
		{0B9DE186-355F-4261-B4A2-83FF160AB50E}.net_3_5_Debug|Any CPU.ActiveCfg = Debug|Any CPU
		{0B9DE186-355F-4261-B4A2-83FF160AB50E}.net_3_5_Debug|Any CPU.Build.0 = Debug|Any CPU
		{0B9DE186-355F-4261-B4A2-83FF160AB50E}.net_3_5_Debug_ReadOnly|Any CPU.ActiveCfg = Debug|Any CPU
		{0B9DE186-355F-4261-B4A2-83FF160AB50E}.net_3_5_Debug_ReadOnly|Any CPU.Build.0 = Debug|Any CPU
		{0B9DE186-355F-4261-B4A2-83FF160AB50E}.net_3_5_Release|Any CPU.ActiveCfg = Debug|Any CPU
		{0B9DE186-355F-4261-B4A2-83FF160AB50E}.net_3_5_Release|Any CPU.Build.0 = Debug|Any CPU
		{0B9DE186-355F-4261-B4A2-83FF160AB50E}.net_3_5_Release_ReadOnly|Any CPU.ActiveCfg = Debug|Any CPU
		{0B9DE186-355F-4261-B4A2-83FF160AB50E}.net_3_5_Release_ReadOnly|Any CPU.Build.0 = Debug|Any CPU
		{0B9DE186-355F-4261-B4A2-83FF160AB50E}.net_4_0_Debug|Any CPU.ActiveCfg = Debug|Any CPU
		{0B9DE186-355F-4261-B4A2-83FF160AB50E}.net_4_0_Debug|Any CPU.Build.0 = Debug|Any CPU
		{0B9DE186-355F-4261-B4A2-83FF160AB50E}.net_4_0_Debug_ReadOnly|Any CPU.ActiveCfg = Debug|Any CPU
		{0B9DE186-355F-4261-B4A2-83FF160AB50E}.net_4_0_Debug_ReadOnly|Any CPU.Build.0 = Debug|Any CPU
		{0B9DE186-355F-4261-B4A2-83FF160AB50E}.net_4_0_Release|Any CPU.ActiveCfg = Debug|Any CPU
		{0B9DE186-355F-4261-B4A2-83FF160AB50E}.net_4_0_Release|Any CPU.Build.0 = Debug|Any CPU
		{0B9DE186-355F-4261-B4A2-83FF160AB50E}.net_4_0_Release_ReadOnly|Any CPU.ActiveCfg = Debug|Any CPU
		{0B9DE186-355F-4261-B4A2-83FF160AB50E}.net_4_0_Release_ReadOnly|Any CPU.Build.0 = Debug|Any CPU
		{0B9DE186-355F-4261-B4A2-83FF160AB50E}.net_462_Debug|Any CPU.ActiveCfg = Debug|Any CPU
		{0B9DE186-355F-4261-B4A2-83FF160AB50E}.net_462_Debug|Any CPU.Build.0 = Debug|Any CPU
		{0B9DE186-355F-4261-B4A2-83FF160AB50E}.net_462_Debug_ReadOnly|Any CPU.ActiveCfg = Debug|Any CPU
		{0B9DE186-355F-4261-B4A2-83FF160AB50E}.net_462_Debug_ReadOnly|Any CPU.Build.0 = Debug|Any CPU
		{0B9DE186-355F-4261-B4A2-83FF160AB50E}.net_462_Release|Any CPU.ActiveCfg = Debug|Any CPU
		{0B9DE186-355F-4261-B4A2-83FF160AB50E}.net_462_Release|Any CPU.Build.0 = Debug|Any CPU
		{0B9DE186-355F-4261-B4A2-83FF160AB50E}.net_462_Release_ReadOnly|Any CPU.ActiveCfg = Debug|Any CPU
		{0B9DE186-355F-4261-B4A2-83FF160AB50E}.net_462_Release_ReadOnly|Any CPU.Build.0 = Debug|Any CPU
		{0B9DE186-355F-4261-B4A2-83FF160AB50E}.netstandard_Debug|Any CPU.ActiveCfg = Debug|Any CPU
		{0B9DE186-355F-4261-B4A2-83FF160AB50E}.netstandard_Debug|Any CPU.Build.0 = Debug|Any CPU
		{0B9DE186-355F-4261-B4A2-83FF160AB50E}.netstandard_Debug_ReadOnly|Any CPU.ActiveCfg = Debug|Any CPU
		{0B9DE186-355F-4261-B4A2-83FF160AB50E}.netstandard_Debug_ReadOnly|Any CPU.Build.0 = Debug|Any CPU
		{0B9DE186-355F-4261-B4A2-83FF160AB50E}.netstandard_Release|Any CPU.ActiveCfg = Debug|Any CPU
		{0B9DE186-355F-4261-B4A2-83FF160AB50E}.netstandard_Release|Any CPU.Build.0 = Debug|Any CPU
		{0B9DE186-355F-4261-B4A2-83FF160AB50E}.netstandard_Release_ReadOnly|Any CPU.ActiveCfg = Debug|Any CPU
		{0B9DE186-355F-4261-B4A2-83FF160AB50E}.netstandard_Release_ReadOnly|Any CPU.Build.0 = Debug|Any CPU
		{C97F4708-521F-4D5F-8D0C-23DD4431ABC9}.Debug|Any CPU.ActiveCfg = Debug|Any CPU
		{C97F4708-521F-4D5F-8D0C-23DD4431ABC9}.Debug|Any CPU.Build.0 = Debug|Any CPU
		{C97F4708-521F-4D5F-8D0C-23DD4431ABC9}.Release|Any CPU.ActiveCfg = Release|Any CPU
		{C97F4708-521F-4D5F-8D0C-23DD4431ABC9}.Release|Any CPU.Build.0 = Release|Any CPU
		{C97F4708-521F-4D5F-8D0C-23DD4431ABC9}.Debug|iPhoneSimulator.ActiveCfg = Debug|Any CPU
		{C97F4708-521F-4D5F-8D0C-23DD4431ABC9}.Debug|iPhoneSimulator.Build.0 = Debug|Any CPU
		{C97F4708-521F-4D5F-8D0C-23DD4431ABC9}.Release|iPhoneSimulator.ActiveCfg = Release|Any CPU
		{C97F4708-521F-4D5F-8D0C-23DD4431ABC9}.Release|iPhoneSimulator.Build.0 = Release|Any CPU
		{C97F4708-521F-4D5F-8D0C-23DD4431ABC9}.Debug|iPhone.ActiveCfg = Debug|Any CPU
		{C97F4708-521F-4D5F-8D0C-23DD4431ABC9}.Debug|iPhone.Build.0 = Debug|Any CPU
		{C97F4708-521F-4D5F-8D0C-23DD4431ABC9}.Release|iPhone.ActiveCfg = Release|Any CPU
		{C97F4708-521F-4D5F-8D0C-23DD4431ABC9}.Release|iPhone.Build.0 = Release|Any CPU
		{C97F4708-521F-4D5F-8D0C-23DD4431ABC9}.Ad-Hoc|iPhone.ActiveCfg = Debug|Any CPU
		{C97F4708-521F-4D5F-8D0C-23DD4431ABC9}.Ad-Hoc|iPhone.Build.0 = Debug|Any CPU
		{C97F4708-521F-4D5F-8D0C-23DD4431ABC9}.AppStore|iPhone.ActiveCfg = Debug|Any CPU
		{C97F4708-521F-4D5F-8D0C-23DD4431ABC9}.AppStore|iPhone.Build.0 = Debug|Any CPU
		{C97F4708-521F-4D5F-8D0C-23DD4431ABC9}.net_3_5_Debug|Any CPU.ActiveCfg = Debug|Any CPU
		{C97F4708-521F-4D5F-8D0C-23DD4431ABC9}.net_3_5_Debug|Any CPU.Build.0 = Debug|Any CPU
		{C97F4708-521F-4D5F-8D0C-23DD4431ABC9}.net_3_5_Debug_ReadOnly|Any CPU.ActiveCfg = Debug|Any CPU
		{C97F4708-521F-4D5F-8D0C-23DD4431ABC9}.net_3_5_Debug_ReadOnly|Any CPU.Build.0 = Debug|Any CPU
		{C97F4708-521F-4D5F-8D0C-23DD4431ABC9}.net_3_5_Release|Any CPU.ActiveCfg = Debug|Any CPU
		{C97F4708-521F-4D5F-8D0C-23DD4431ABC9}.net_3_5_Release|Any CPU.Build.0 = Debug|Any CPU
		{C97F4708-521F-4D5F-8D0C-23DD4431ABC9}.net_3_5_Release_ReadOnly|Any CPU.ActiveCfg = Debug|Any CPU
		{C97F4708-521F-4D5F-8D0C-23DD4431ABC9}.net_3_5_Release_ReadOnly|Any CPU.Build.0 = Debug|Any CPU
		{C97F4708-521F-4D5F-8D0C-23DD4431ABC9}.net_4_0_Debug|Any CPU.ActiveCfg = Debug|Any CPU
		{C97F4708-521F-4D5F-8D0C-23DD4431ABC9}.net_4_0_Debug|Any CPU.Build.0 = Debug|Any CPU
		{C97F4708-521F-4D5F-8D0C-23DD4431ABC9}.net_4_0_Debug_ReadOnly|Any CPU.ActiveCfg = Debug|Any CPU
		{C97F4708-521F-4D5F-8D0C-23DD4431ABC9}.net_4_0_Debug_ReadOnly|Any CPU.Build.0 = Debug|Any CPU
		{C97F4708-521F-4D5F-8D0C-23DD4431ABC9}.net_4_0_Release|Any CPU.ActiveCfg = Debug|Any CPU
		{C97F4708-521F-4D5F-8D0C-23DD4431ABC9}.net_4_0_Release|Any CPU.Build.0 = Debug|Any CPU
		{C97F4708-521F-4D5F-8D0C-23DD4431ABC9}.net_4_0_Release_ReadOnly|Any CPU.ActiveCfg = Debug|Any CPU
		{C97F4708-521F-4D5F-8D0C-23DD4431ABC9}.net_4_0_Release_ReadOnly|Any CPU.Build.0 = Debug|Any CPU
		{C97F4708-521F-4D5F-8D0C-23DD4431ABC9}.net_462_Debug|Any CPU.ActiveCfg = Debug|Any CPU
		{C97F4708-521F-4D5F-8D0C-23DD4431ABC9}.net_462_Debug|Any CPU.Build.0 = Debug|Any CPU
		{C97F4708-521F-4D5F-8D0C-23DD4431ABC9}.net_462_Debug_ReadOnly|Any CPU.ActiveCfg = Debug|Any CPU
		{C97F4708-521F-4D5F-8D0C-23DD4431ABC9}.net_462_Debug_ReadOnly|Any CPU.Build.0 = Debug|Any CPU
		{C97F4708-521F-4D5F-8D0C-23DD4431ABC9}.net_462_Release|Any CPU.ActiveCfg = Debug|Any CPU
		{C97F4708-521F-4D5F-8D0C-23DD4431ABC9}.net_462_Release|Any CPU.Build.0 = Debug|Any CPU
		{C97F4708-521F-4D5F-8D0C-23DD4431ABC9}.net_462_Release_ReadOnly|Any CPU.ActiveCfg = Debug|Any CPU
		{C97F4708-521F-4D5F-8D0C-23DD4431ABC9}.net_462_Release_ReadOnly|Any CPU.Build.0 = Debug|Any CPU
		{C97F4708-521F-4D5F-8D0C-23DD4431ABC9}.netstandard_Debug|Any CPU.ActiveCfg = Debug|Any CPU
		{C97F4708-521F-4D5F-8D0C-23DD4431ABC9}.netstandard_Debug|Any CPU.Build.0 = Debug|Any CPU
		{C97F4708-521F-4D5F-8D0C-23DD4431ABC9}.netstandard_Debug_ReadOnly|Any CPU.ActiveCfg = Debug|Any CPU
		{C97F4708-521F-4D5F-8D0C-23DD4431ABC9}.netstandard_Debug_ReadOnly|Any CPU.Build.0 = Debug|Any CPU
		{C97F4708-521F-4D5F-8D0C-23DD4431ABC9}.netstandard_Release|Any CPU.ActiveCfg = Debug|Any CPU
		{C97F4708-521F-4D5F-8D0C-23DD4431ABC9}.netstandard_Release|Any CPU.Build.0 = Debug|Any CPU
		{C97F4708-521F-4D5F-8D0C-23DD4431ABC9}.netstandard_Release_ReadOnly|Any CPU.ActiveCfg = Debug|Any CPU
		{C97F4708-521F-4D5F-8D0C-23DD4431ABC9}.netstandard_Release_ReadOnly|Any CPU.Build.0 = Debug|Any CPU
		{E283AEFD-4581-4EEE-9F6D-B7545D9536FE}.Debug|Any CPU.ActiveCfg = Debug|Any CPU
		{E283AEFD-4581-4EEE-9F6D-B7545D9536FE}.Debug|Any CPU.Build.0 = Debug|Any CPU
		{E283AEFD-4581-4EEE-9F6D-B7545D9536FE}.Release|Any CPU.ActiveCfg = Release|Any CPU
		{E283AEFD-4581-4EEE-9F6D-B7545D9536FE}.Release|Any CPU.Build.0 = Release|Any CPU
		{E283AEFD-4581-4EEE-9F6D-B7545D9536FE}.Debug|iPhoneSimulator.ActiveCfg = Debug|Any CPU
		{E283AEFD-4581-4EEE-9F6D-B7545D9536FE}.Debug|iPhoneSimulator.Build.0 = Debug|Any CPU
		{E283AEFD-4581-4EEE-9F6D-B7545D9536FE}.Release|iPhoneSimulator.ActiveCfg = Release|Any CPU
		{E283AEFD-4581-4EEE-9F6D-B7545D9536FE}.Release|iPhoneSimulator.Build.0 = Release|Any CPU
		{E283AEFD-4581-4EEE-9F6D-B7545D9536FE}.Debug|iPhone.ActiveCfg = Debug|Any CPU
		{E283AEFD-4581-4EEE-9F6D-B7545D9536FE}.Debug|iPhone.Build.0 = Debug|Any CPU
		{E283AEFD-4581-4EEE-9F6D-B7545D9536FE}.Release|iPhone.ActiveCfg = Release|Any CPU
		{E283AEFD-4581-4EEE-9F6D-B7545D9536FE}.Release|iPhone.Build.0 = Release|Any CPU
		{E283AEFD-4581-4EEE-9F6D-B7545D9536FE}.Ad-Hoc|iPhone.ActiveCfg = Debug|Any CPU
		{E283AEFD-4581-4EEE-9F6D-B7545D9536FE}.Ad-Hoc|iPhone.Build.0 = Debug|Any CPU
		{E283AEFD-4581-4EEE-9F6D-B7545D9536FE}.AppStore|iPhone.ActiveCfg = Debug|Any CPU
		{E283AEFD-4581-4EEE-9F6D-B7545D9536FE}.AppStore|iPhone.Build.0 = Debug|Any CPU
		{E283AEFD-4581-4EEE-9F6D-B7545D9536FE}.net_3_5_Debug|Any CPU.ActiveCfg = Debug|Any CPU
		{E283AEFD-4581-4EEE-9F6D-B7545D9536FE}.net_3_5_Debug|Any CPU.Build.0 = Debug|Any CPU
		{E283AEFD-4581-4EEE-9F6D-B7545D9536FE}.net_3_5_Debug_ReadOnly|Any CPU.ActiveCfg = Debug|Any CPU
		{E283AEFD-4581-4EEE-9F6D-B7545D9536FE}.net_3_5_Debug_ReadOnly|Any CPU.Build.0 = Debug|Any CPU
		{E283AEFD-4581-4EEE-9F6D-B7545D9536FE}.net_3_5_Release|Any CPU.ActiveCfg = Debug|Any CPU
		{E283AEFD-4581-4EEE-9F6D-B7545D9536FE}.net_3_5_Release|Any CPU.Build.0 = Debug|Any CPU
		{E283AEFD-4581-4EEE-9F6D-B7545D9536FE}.net_3_5_Release_ReadOnly|Any CPU.ActiveCfg = Debug|Any CPU
		{E283AEFD-4581-4EEE-9F6D-B7545D9536FE}.net_3_5_Release_ReadOnly|Any CPU.Build.0 = Debug|Any CPU
		{E283AEFD-4581-4EEE-9F6D-B7545D9536FE}.net_4_0_Debug|Any CPU.ActiveCfg = Debug|Any CPU
		{E283AEFD-4581-4EEE-9F6D-B7545D9536FE}.net_4_0_Debug|Any CPU.Build.0 = Debug|Any CPU
		{E283AEFD-4581-4EEE-9F6D-B7545D9536FE}.net_4_0_Debug_ReadOnly|Any CPU.ActiveCfg = Debug|Any CPU
		{E283AEFD-4581-4EEE-9F6D-B7545D9536FE}.net_4_0_Debug_ReadOnly|Any CPU.Build.0 = Debug|Any CPU
		{E283AEFD-4581-4EEE-9F6D-B7545D9536FE}.net_4_0_Release|Any CPU.ActiveCfg = Debug|Any CPU
		{E283AEFD-4581-4EEE-9F6D-B7545D9536FE}.net_4_0_Release|Any CPU.Build.0 = Debug|Any CPU
		{E283AEFD-4581-4EEE-9F6D-B7545D9536FE}.net_4_0_Release_ReadOnly|Any CPU.ActiveCfg = Debug|Any CPU
		{E283AEFD-4581-4EEE-9F6D-B7545D9536FE}.net_4_0_Release_ReadOnly|Any CPU.Build.0 = Debug|Any CPU
		{E283AEFD-4581-4EEE-9F6D-B7545D9536FE}.net_462_Debug|Any CPU.ActiveCfg = Debug|Any CPU
		{E283AEFD-4581-4EEE-9F6D-B7545D9536FE}.net_462_Debug|Any CPU.Build.0 = Debug|Any CPU
		{E283AEFD-4581-4EEE-9F6D-B7545D9536FE}.net_462_Debug_ReadOnly|Any CPU.ActiveCfg = Debug|Any CPU
		{E283AEFD-4581-4EEE-9F6D-B7545D9536FE}.net_462_Debug_ReadOnly|Any CPU.Build.0 = Debug|Any CPU
		{E283AEFD-4581-4EEE-9F6D-B7545D9536FE}.net_462_Release|Any CPU.ActiveCfg = Debug|Any CPU
		{E283AEFD-4581-4EEE-9F6D-B7545D9536FE}.net_462_Release|Any CPU.Build.0 = Debug|Any CPU
		{E283AEFD-4581-4EEE-9F6D-B7545D9536FE}.net_462_Release_ReadOnly|Any CPU.ActiveCfg = Debug|Any CPU
		{E283AEFD-4581-4EEE-9F6D-B7545D9536FE}.net_462_Release_ReadOnly|Any CPU.Build.0 = Debug|Any CPU
		{E283AEFD-4581-4EEE-9F6D-B7545D9536FE}.netstandard_Debug|Any CPU.ActiveCfg = Debug|Any CPU
		{E283AEFD-4581-4EEE-9F6D-B7545D9536FE}.netstandard_Debug|Any CPU.Build.0 = Debug|Any CPU
		{E283AEFD-4581-4EEE-9F6D-B7545D9536FE}.netstandard_Debug_ReadOnly|Any CPU.ActiveCfg = Debug|Any CPU
		{E283AEFD-4581-4EEE-9F6D-B7545D9536FE}.netstandard_Debug_ReadOnly|Any CPU.Build.0 = Debug|Any CPU
		{E283AEFD-4581-4EEE-9F6D-B7545D9536FE}.netstandard_Release|Any CPU.ActiveCfg = Debug|Any CPU
		{E283AEFD-4581-4EEE-9F6D-B7545D9536FE}.netstandard_Release|Any CPU.Build.0 = Debug|Any CPU
		{E283AEFD-4581-4EEE-9F6D-B7545D9536FE}.netstandard_Release_ReadOnly|Any CPU.ActiveCfg = Debug|Any CPU
		{E283AEFD-4581-4EEE-9F6D-B7545D9536FE}.netstandard_Release_ReadOnly|Any CPU.Build.0 = Debug|Any CPU
		{F22483C4-C6C7-4D46-A64A-C7D3E1003333}.Debug|Any CPU.ActiveCfg = Debug|Any CPU
		{F22483C4-C6C7-4D46-A64A-C7D3E1003333}.Debug|Any CPU.Build.0 = Debug|Any CPU
		{F22483C4-C6C7-4D46-A64A-C7D3E1003333}.Release|Any CPU.ActiveCfg = Release|Any CPU
		{F22483C4-C6C7-4D46-A64A-C7D3E1003333}.Release|Any CPU.Build.0 = Release|Any CPU
		{F22483C4-C6C7-4D46-A64A-C7D3E1003333}.Debug|iPhoneSimulator.ActiveCfg = Debug|Any CPU
		{F22483C4-C6C7-4D46-A64A-C7D3E1003333}.Debug|iPhoneSimulator.Build.0 = Debug|Any CPU
		{F22483C4-C6C7-4D46-A64A-C7D3E1003333}.Release|iPhoneSimulator.ActiveCfg = Release|Any CPU
		{F22483C4-C6C7-4D46-A64A-C7D3E1003333}.Release|iPhoneSimulator.Build.0 = Release|Any CPU
		{F22483C4-C6C7-4D46-A64A-C7D3E1003333}.Debug|iPhone.ActiveCfg = Debug|Any CPU
		{F22483C4-C6C7-4D46-A64A-C7D3E1003333}.Debug|iPhone.Build.0 = Debug|Any CPU
		{F22483C4-C6C7-4D46-A64A-C7D3E1003333}.Release|iPhone.ActiveCfg = Release|Any CPU
		{F22483C4-C6C7-4D46-A64A-C7D3E1003333}.Release|iPhone.Build.0 = Release|Any CPU
		{F22483C4-C6C7-4D46-A64A-C7D3E1003333}.Ad-Hoc|iPhone.ActiveCfg = Debug|Any CPU
		{F22483C4-C6C7-4D46-A64A-C7D3E1003333}.Ad-Hoc|iPhone.Build.0 = Debug|Any CPU
		{F22483C4-C6C7-4D46-A64A-C7D3E1003333}.AppStore|iPhone.ActiveCfg = Debug|Any CPU
		{F22483C4-C6C7-4D46-A64A-C7D3E1003333}.AppStore|iPhone.Build.0 = Debug|Any CPU
		{F22483C4-C6C7-4D46-A64A-C7D3E1003333}.net_3_5_Debug|Any CPU.ActiveCfg = Debug|Any CPU
		{F22483C4-C6C7-4D46-A64A-C7D3E1003333}.net_3_5_Debug|Any CPU.Build.0 = Debug|Any CPU
		{F22483C4-C6C7-4D46-A64A-C7D3E1003333}.net_3_5_Debug_ReadOnly|Any CPU.ActiveCfg = Debug|Any CPU
		{F22483C4-C6C7-4D46-A64A-C7D3E1003333}.net_3_5_Debug_ReadOnly|Any CPU.Build.0 = Debug|Any CPU
		{F22483C4-C6C7-4D46-A64A-C7D3E1003333}.net_3_5_Release|Any CPU.ActiveCfg = Debug|Any CPU
		{F22483C4-C6C7-4D46-A64A-C7D3E1003333}.net_3_5_Release|Any CPU.Build.0 = Debug|Any CPU
		{F22483C4-C6C7-4D46-A64A-C7D3E1003333}.net_3_5_Release_ReadOnly|Any CPU.ActiveCfg = Debug|Any CPU
		{F22483C4-C6C7-4D46-A64A-C7D3E1003333}.net_3_5_Release_ReadOnly|Any CPU.Build.0 = Debug|Any CPU
		{F22483C4-C6C7-4D46-A64A-C7D3E1003333}.net_4_0_Debug|Any CPU.ActiveCfg = Debug|Any CPU
		{F22483C4-C6C7-4D46-A64A-C7D3E1003333}.net_4_0_Debug|Any CPU.Build.0 = Debug|Any CPU
		{F22483C4-C6C7-4D46-A64A-C7D3E1003333}.net_4_0_Debug_ReadOnly|Any CPU.ActiveCfg = Debug|Any CPU
		{F22483C4-C6C7-4D46-A64A-C7D3E1003333}.net_4_0_Debug_ReadOnly|Any CPU.Build.0 = Debug|Any CPU
		{F22483C4-C6C7-4D46-A64A-C7D3E1003333}.net_4_0_Release|Any CPU.ActiveCfg = Debug|Any CPU
		{F22483C4-C6C7-4D46-A64A-C7D3E1003333}.net_4_0_Release|Any CPU.Build.0 = Debug|Any CPU
		{F22483C4-C6C7-4D46-A64A-C7D3E1003333}.net_4_0_Release_ReadOnly|Any CPU.ActiveCfg = Debug|Any CPU
		{F22483C4-C6C7-4D46-A64A-C7D3E1003333}.net_4_0_Release_ReadOnly|Any CPU.Build.0 = Debug|Any CPU
		{F22483C4-C6C7-4D46-A64A-C7D3E1003333}.net_462_Debug|Any CPU.ActiveCfg = Debug|Any CPU
		{F22483C4-C6C7-4D46-A64A-C7D3E1003333}.net_462_Debug|Any CPU.Build.0 = Debug|Any CPU
		{F22483C4-C6C7-4D46-A64A-C7D3E1003333}.net_462_Debug_ReadOnly|Any CPU.ActiveCfg = Debug|Any CPU
		{F22483C4-C6C7-4D46-A64A-C7D3E1003333}.net_462_Debug_ReadOnly|Any CPU.Build.0 = Debug|Any CPU
		{F22483C4-C6C7-4D46-A64A-C7D3E1003333}.net_462_Release|Any CPU.ActiveCfg = Debug|Any CPU
		{F22483C4-C6C7-4D46-A64A-C7D3E1003333}.net_462_Release|Any CPU.Build.0 = Debug|Any CPU
		{F22483C4-C6C7-4D46-A64A-C7D3E1003333}.net_462_Release_ReadOnly|Any CPU.ActiveCfg = Debug|Any CPU
		{F22483C4-C6C7-4D46-A64A-C7D3E1003333}.net_462_Release_ReadOnly|Any CPU.Build.0 = Debug|Any CPU
		{F22483C4-C6C7-4D46-A64A-C7D3E1003333}.netstandard_Debug|Any CPU.ActiveCfg = Debug|Any CPU
		{F22483C4-C6C7-4D46-A64A-C7D3E1003333}.netstandard_Debug|Any CPU.Build.0 = Debug|Any CPU
		{F22483C4-C6C7-4D46-A64A-C7D3E1003333}.netstandard_Debug_ReadOnly|Any CPU.ActiveCfg = Debug|Any CPU
		{F22483C4-C6C7-4D46-A64A-C7D3E1003333}.netstandard_Debug_ReadOnly|Any CPU.Build.0 = Debug|Any CPU
		{F22483C4-C6C7-4D46-A64A-C7D3E1003333}.netstandard_Release|Any CPU.ActiveCfg = Debug|Any CPU
		{F22483C4-C6C7-4D46-A64A-C7D3E1003333}.netstandard_Release|Any CPU.Build.0 = Debug|Any CPU
		{F22483C4-C6C7-4D46-A64A-C7D3E1003333}.netstandard_Release_ReadOnly|Any CPU.ActiveCfg = Debug|Any CPU
		{F22483C4-C6C7-4D46-A64A-C7D3E1003333}.netstandard_Release_ReadOnly|Any CPU.Build.0 = Debug|Any CPU
		{155BAE15-ED94-4F67-9EA3-01DAAE37A53E}.Debug|Any CPU.ActiveCfg = Debug|Any CPU
		{155BAE15-ED94-4F67-9EA3-01DAAE37A53E}.Debug|Any CPU.Build.0 = Debug|Any CPU
		{155BAE15-ED94-4F67-9EA3-01DAAE37A53E}.Release|Any CPU.ActiveCfg = Release|Any CPU
		{155BAE15-ED94-4F67-9EA3-01DAAE37A53E}.Release|Any CPU.Build.0 = Release|Any CPU
		{155BAE15-ED94-4F67-9EA3-01DAAE37A53E}.Debug|iPhoneSimulator.ActiveCfg = Debug|Any CPU
		{155BAE15-ED94-4F67-9EA3-01DAAE37A53E}.Debug|iPhoneSimulator.Build.0 = Debug|Any CPU
		{155BAE15-ED94-4F67-9EA3-01DAAE37A53E}.Release|iPhoneSimulator.ActiveCfg = Release|Any CPU
		{155BAE15-ED94-4F67-9EA3-01DAAE37A53E}.Release|iPhoneSimulator.Build.0 = Release|Any CPU
		{155BAE15-ED94-4F67-9EA3-01DAAE37A53E}.Debug|iPhone.ActiveCfg = Debug|Any CPU
		{155BAE15-ED94-4F67-9EA3-01DAAE37A53E}.Debug|iPhone.Build.0 = Debug|Any CPU
		{155BAE15-ED94-4F67-9EA3-01DAAE37A53E}.Release|iPhone.ActiveCfg = Release|Any CPU
		{155BAE15-ED94-4F67-9EA3-01DAAE37A53E}.Release|iPhone.Build.0 = Release|Any CPU
		{155BAE15-ED94-4F67-9EA3-01DAAE37A53E}.Ad-Hoc|iPhone.ActiveCfg = Debug|Any CPU
		{155BAE15-ED94-4F67-9EA3-01DAAE37A53E}.Ad-Hoc|iPhone.Build.0 = Debug|Any CPU
		{155BAE15-ED94-4F67-9EA3-01DAAE37A53E}.AppStore|iPhone.ActiveCfg = Debug|Any CPU
		{155BAE15-ED94-4F67-9EA3-01DAAE37A53E}.AppStore|iPhone.Build.0 = Debug|Any CPU
		{155BAE15-ED94-4F67-9EA3-01DAAE37A53E}.net_3_5_Debug|Any CPU.ActiveCfg = Debug|Any CPU
		{155BAE15-ED94-4F67-9EA3-01DAAE37A53E}.net_3_5_Debug|Any CPU.Build.0 = Debug|Any CPU
		{155BAE15-ED94-4F67-9EA3-01DAAE37A53E}.net_3_5_Debug_ReadOnly|Any CPU.ActiveCfg = Debug|Any CPU
		{155BAE15-ED94-4F67-9EA3-01DAAE37A53E}.net_3_5_Debug_ReadOnly|Any CPU.Build.0 = Debug|Any CPU
		{155BAE15-ED94-4F67-9EA3-01DAAE37A53E}.net_3_5_Release|Any CPU.ActiveCfg = Debug|Any CPU
		{155BAE15-ED94-4F67-9EA3-01DAAE37A53E}.net_3_5_Release|Any CPU.Build.0 = Debug|Any CPU
		{155BAE15-ED94-4F67-9EA3-01DAAE37A53E}.net_3_5_Release_ReadOnly|Any CPU.ActiveCfg = Debug|Any CPU
		{155BAE15-ED94-4F67-9EA3-01DAAE37A53E}.net_3_5_Release_ReadOnly|Any CPU.Build.0 = Debug|Any CPU
		{155BAE15-ED94-4F67-9EA3-01DAAE37A53E}.net_4_0_Debug|Any CPU.ActiveCfg = Debug|Any CPU
		{155BAE15-ED94-4F67-9EA3-01DAAE37A53E}.net_4_0_Debug|Any CPU.Build.0 = Debug|Any CPU
		{155BAE15-ED94-4F67-9EA3-01DAAE37A53E}.net_4_0_Debug_ReadOnly|Any CPU.ActiveCfg = Debug|Any CPU
		{155BAE15-ED94-4F67-9EA3-01DAAE37A53E}.net_4_0_Debug_ReadOnly|Any CPU.Build.0 = Debug|Any CPU
		{155BAE15-ED94-4F67-9EA3-01DAAE37A53E}.net_4_0_Release|Any CPU.ActiveCfg = Debug|Any CPU
		{155BAE15-ED94-4F67-9EA3-01DAAE37A53E}.net_4_0_Release|Any CPU.Build.0 = Debug|Any CPU
		{155BAE15-ED94-4F67-9EA3-01DAAE37A53E}.net_4_0_Release_ReadOnly|Any CPU.ActiveCfg = Debug|Any CPU
		{155BAE15-ED94-4F67-9EA3-01DAAE37A53E}.net_4_0_Release_ReadOnly|Any CPU.Build.0 = Debug|Any CPU
		{155BAE15-ED94-4F67-9EA3-01DAAE37A53E}.net_462_Debug|Any CPU.ActiveCfg = Debug|Any CPU
		{155BAE15-ED94-4F67-9EA3-01DAAE37A53E}.net_462_Debug|Any CPU.Build.0 = Debug|Any CPU
		{155BAE15-ED94-4F67-9EA3-01DAAE37A53E}.net_462_Debug_ReadOnly|Any CPU.ActiveCfg = Debug|Any CPU
		{155BAE15-ED94-4F67-9EA3-01DAAE37A53E}.net_462_Debug_ReadOnly|Any CPU.Build.0 = Debug|Any CPU
		{155BAE15-ED94-4F67-9EA3-01DAAE37A53E}.net_462_Release|Any CPU.ActiveCfg = Debug|Any CPU
		{155BAE15-ED94-4F67-9EA3-01DAAE37A53E}.net_462_Release|Any CPU.Build.0 = Debug|Any CPU
		{155BAE15-ED94-4F67-9EA3-01DAAE37A53E}.net_462_Release_ReadOnly|Any CPU.ActiveCfg = Debug|Any CPU
		{155BAE15-ED94-4F67-9EA3-01DAAE37A53E}.net_462_Release_ReadOnly|Any CPU.Build.0 = Debug|Any CPU
		{155BAE15-ED94-4F67-9EA3-01DAAE37A53E}.netstandard_Debug|Any CPU.ActiveCfg = Debug|Any CPU
		{155BAE15-ED94-4F67-9EA3-01DAAE37A53E}.netstandard_Debug|Any CPU.Build.0 = Debug|Any CPU
		{155BAE15-ED94-4F67-9EA3-01DAAE37A53E}.netstandard_Debug_ReadOnly|Any CPU.ActiveCfg = Debug|Any CPU
		{155BAE15-ED94-4F67-9EA3-01DAAE37A53E}.netstandard_Debug_ReadOnly|Any CPU.Build.0 = Debug|Any CPU
		{155BAE15-ED94-4F67-9EA3-01DAAE37A53E}.netstandard_Release|Any CPU.ActiveCfg = Debug|Any CPU
		{155BAE15-ED94-4F67-9EA3-01DAAE37A53E}.netstandard_Release|Any CPU.Build.0 = Debug|Any CPU
		{155BAE15-ED94-4F67-9EA3-01DAAE37A53E}.netstandard_Release_ReadOnly|Any CPU.ActiveCfg = Debug|Any CPU
		{155BAE15-ED94-4F67-9EA3-01DAAE37A53E}.netstandard_Release_ReadOnly|Any CPU.Build.0 = Debug|Any CPU
		{22B999C3-BD86-4B62-8A74-516089B829DA}.Debug|Any CPU.ActiveCfg = Debug|Any CPU
		{22B999C3-BD86-4B62-8A74-516089B829DA}.Debug|Any CPU.Build.0 = Debug|Any CPU
		{22B999C3-BD86-4B62-8A74-516089B829DA}.Release|Any CPU.ActiveCfg = Release|Any CPU
		{22B999C3-BD86-4B62-8A74-516089B829DA}.Release|Any CPU.Build.0 = Release|Any CPU
		{22B999C3-BD86-4B62-8A74-516089B829DA}.Debug|iPhoneSimulator.ActiveCfg = Debug|Any CPU
		{22B999C3-BD86-4B62-8A74-516089B829DA}.Debug|iPhoneSimulator.Build.0 = Debug|Any CPU
		{22B999C3-BD86-4B62-8A74-516089B829DA}.Release|iPhoneSimulator.ActiveCfg = Release|Any CPU
		{22B999C3-BD86-4B62-8A74-516089B829DA}.Release|iPhoneSimulator.Build.0 = Release|Any CPU
		{22B999C3-BD86-4B62-8A74-516089B829DA}.Debug|iPhone.ActiveCfg = Debug|Any CPU
		{22B999C3-BD86-4B62-8A74-516089B829DA}.Debug|iPhone.Build.0 = Debug|Any CPU
		{22B999C3-BD86-4B62-8A74-516089B829DA}.Release|iPhone.ActiveCfg = Release|Any CPU
		{22B999C3-BD86-4B62-8A74-516089B829DA}.Release|iPhone.Build.0 = Release|Any CPU
		{22B999C3-BD86-4B62-8A74-516089B829DA}.Ad-Hoc|iPhone.ActiveCfg = Debug|Any CPU
		{22B999C3-BD86-4B62-8A74-516089B829DA}.Ad-Hoc|iPhone.Build.0 = Debug|Any CPU
		{22B999C3-BD86-4B62-8A74-516089B829DA}.AppStore|iPhone.ActiveCfg = Debug|Any CPU
		{22B999C3-BD86-4B62-8A74-516089B829DA}.AppStore|iPhone.Build.0 = Debug|Any CPU
		{22B999C3-BD86-4B62-8A74-516089B829DA}.net_3_5_Debug|Any CPU.ActiveCfg = Debug|Any CPU
		{22B999C3-BD86-4B62-8A74-516089B829DA}.net_3_5_Debug|Any CPU.Build.0 = Debug|Any CPU
		{22B999C3-BD86-4B62-8A74-516089B829DA}.net_3_5_Debug_ReadOnly|Any CPU.ActiveCfg = Debug|Any CPU
		{22B999C3-BD86-4B62-8A74-516089B829DA}.net_3_5_Debug_ReadOnly|Any CPU.Build.0 = Debug|Any CPU
		{22B999C3-BD86-4B62-8A74-516089B829DA}.net_3_5_Release|Any CPU.ActiveCfg = Debug|Any CPU
		{22B999C3-BD86-4B62-8A74-516089B829DA}.net_3_5_Release|Any CPU.Build.0 = Debug|Any CPU
		{22B999C3-BD86-4B62-8A74-516089B829DA}.net_3_5_Release_ReadOnly|Any CPU.ActiveCfg = Debug|Any CPU
		{22B999C3-BD86-4B62-8A74-516089B829DA}.net_3_5_Release_ReadOnly|Any CPU.Build.0 = Debug|Any CPU
		{22B999C3-BD86-4B62-8A74-516089B829DA}.net_4_0_Debug|Any CPU.ActiveCfg = Debug|Any CPU
		{22B999C3-BD86-4B62-8A74-516089B829DA}.net_4_0_Debug|Any CPU.Build.0 = Debug|Any CPU
		{22B999C3-BD86-4B62-8A74-516089B829DA}.net_4_0_Debug_ReadOnly|Any CPU.ActiveCfg = Debug|Any CPU
		{22B999C3-BD86-4B62-8A74-516089B829DA}.net_4_0_Debug_ReadOnly|Any CPU.Build.0 = Debug|Any CPU
		{22B999C3-BD86-4B62-8A74-516089B829DA}.net_4_0_Release|Any CPU.ActiveCfg = Debug|Any CPU
		{22B999C3-BD86-4B62-8A74-516089B829DA}.net_4_0_Release|Any CPU.Build.0 = Debug|Any CPU
		{22B999C3-BD86-4B62-8A74-516089B829DA}.net_4_0_Release_ReadOnly|Any CPU.ActiveCfg = Debug|Any CPU
		{22B999C3-BD86-4B62-8A74-516089B829DA}.net_4_0_Release_ReadOnly|Any CPU.Build.0 = Debug|Any CPU
		{22B999C3-BD86-4B62-8A74-516089B829DA}.net_462_Debug|Any CPU.ActiveCfg = Debug|Any CPU
		{22B999C3-BD86-4B62-8A74-516089B829DA}.net_462_Debug|Any CPU.Build.0 = Debug|Any CPU
		{22B999C3-BD86-4B62-8A74-516089B829DA}.net_462_Debug_ReadOnly|Any CPU.ActiveCfg = Debug|Any CPU
		{22B999C3-BD86-4B62-8A74-516089B829DA}.net_462_Debug_ReadOnly|Any CPU.Build.0 = Debug|Any CPU
		{22B999C3-BD86-4B62-8A74-516089B829DA}.net_462_Release|Any CPU.ActiveCfg = Debug|Any CPU
		{22B999C3-BD86-4B62-8A74-516089B829DA}.net_462_Release|Any CPU.Build.0 = Debug|Any CPU
		{22B999C3-BD86-4B62-8A74-516089B829DA}.net_462_Release_ReadOnly|Any CPU.ActiveCfg = Debug|Any CPU
		{22B999C3-BD86-4B62-8A74-516089B829DA}.net_462_Release_ReadOnly|Any CPU.Build.0 = Debug|Any CPU
		{22B999C3-BD86-4B62-8A74-516089B829DA}.netstandard_Debug|Any CPU.ActiveCfg = Debug|Any CPU
		{22B999C3-BD86-4B62-8A74-516089B829DA}.netstandard_Debug|Any CPU.Build.0 = Debug|Any CPU
		{22B999C3-BD86-4B62-8A74-516089B829DA}.netstandard_Debug_ReadOnly|Any CPU.ActiveCfg = Debug|Any CPU
		{22B999C3-BD86-4B62-8A74-516089B829DA}.netstandard_Debug_ReadOnly|Any CPU.Build.0 = Debug|Any CPU
		{22B999C3-BD86-4B62-8A74-516089B829DA}.netstandard_Release|Any CPU.ActiveCfg = Debug|Any CPU
		{22B999C3-BD86-4B62-8A74-516089B829DA}.netstandard_Release|Any CPU.Build.0 = Debug|Any CPU
		{22B999C3-BD86-4B62-8A74-516089B829DA}.netstandard_Release_ReadOnly|Any CPU.ActiveCfg = Debug|Any CPU
		{22B999C3-BD86-4B62-8A74-516089B829DA}.netstandard_Release_ReadOnly|Any CPU.Build.0 = Debug|Any CPU
		{773DEFCF-3A9C-43CC-826F-4091BBBF93A6}.Debug|Any CPU.ActiveCfg = Debug|Any CPU
		{773DEFCF-3A9C-43CC-826F-4091BBBF93A6}.Debug|Any CPU.Build.0 = Debug|Any CPU
		{773DEFCF-3A9C-43CC-826F-4091BBBF93A6}.Release|Any CPU.ActiveCfg = Release|Any CPU
		{773DEFCF-3A9C-43CC-826F-4091BBBF93A6}.Release|Any CPU.Build.0 = Release|Any CPU
		{773DEFCF-3A9C-43CC-826F-4091BBBF93A6}.Debug|iPhoneSimulator.ActiveCfg = Debug|Any CPU
		{773DEFCF-3A9C-43CC-826F-4091BBBF93A6}.Debug|iPhoneSimulator.Build.0 = Debug|Any CPU
		{773DEFCF-3A9C-43CC-826F-4091BBBF93A6}.Release|iPhoneSimulator.ActiveCfg = Release|Any CPU
		{773DEFCF-3A9C-43CC-826F-4091BBBF93A6}.Release|iPhoneSimulator.Build.0 = Release|Any CPU
		{773DEFCF-3A9C-43CC-826F-4091BBBF93A6}.Debug|iPhone.ActiveCfg = Debug|Any CPU
		{773DEFCF-3A9C-43CC-826F-4091BBBF93A6}.Debug|iPhone.Build.0 = Debug|Any CPU
		{773DEFCF-3A9C-43CC-826F-4091BBBF93A6}.Release|iPhone.ActiveCfg = Release|Any CPU
		{773DEFCF-3A9C-43CC-826F-4091BBBF93A6}.Release|iPhone.Build.0 = Release|Any CPU
		{773DEFCF-3A9C-43CC-826F-4091BBBF93A6}.Ad-Hoc|iPhone.ActiveCfg = Release|Any CPU
		{773DEFCF-3A9C-43CC-826F-4091BBBF93A6}.Ad-Hoc|iPhone.Build.0 = Release|Any CPU
		{773DEFCF-3A9C-43CC-826F-4091BBBF93A6}.AppStore|iPhone.ActiveCfg = Release|Any CPU
		{773DEFCF-3A9C-43CC-826F-4091BBBF93A6}.AppStore|iPhone.Build.0 = Release|Any CPU
		{773DEFCF-3A9C-43CC-826F-4091BBBF93A6}.net_3_5_Debug|Any CPU.ActiveCfg = Debug|Any CPU
		{773DEFCF-3A9C-43CC-826F-4091BBBF93A6}.net_3_5_Debug|Any CPU.Build.0 = Debug|Any CPU
		{773DEFCF-3A9C-43CC-826F-4091BBBF93A6}.net_3_5_Debug_ReadOnly|Any CPU.ActiveCfg = Debug|Any CPU
		{773DEFCF-3A9C-43CC-826F-4091BBBF93A6}.net_3_5_Debug_ReadOnly|Any CPU.Build.0 = Debug|Any CPU
		{773DEFCF-3A9C-43CC-826F-4091BBBF93A6}.net_3_5_Release|Any CPU.ActiveCfg = Debug|Any CPU
		{773DEFCF-3A9C-43CC-826F-4091BBBF93A6}.net_3_5_Release|Any CPU.Build.0 = Debug|Any CPU
		{773DEFCF-3A9C-43CC-826F-4091BBBF93A6}.net_3_5_Release_ReadOnly|Any CPU.ActiveCfg = Debug|Any CPU
		{773DEFCF-3A9C-43CC-826F-4091BBBF93A6}.net_3_5_Release_ReadOnly|Any CPU.Build.0 = Debug|Any CPU
		{773DEFCF-3A9C-43CC-826F-4091BBBF93A6}.net_4_0_Debug|Any CPU.ActiveCfg = Debug|Any CPU
		{773DEFCF-3A9C-43CC-826F-4091BBBF93A6}.net_4_0_Debug|Any CPU.Build.0 = Debug|Any CPU
		{773DEFCF-3A9C-43CC-826F-4091BBBF93A6}.net_4_0_Debug_ReadOnly|Any CPU.ActiveCfg = Debug|Any CPU
		{773DEFCF-3A9C-43CC-826F-4091BBBF93A6}.net_4_0_Debug_ReadOnly|Any CPU.Build.0 = Debug|Any CPU
		{773DEFCF-3A9C-43CC-826F-4091BBBF93A6}.net_4_0_Release|Any CPU.ActiveCfg = Debug|Any CPU
		{773DEFCF-3A9C-43CC-826F-4091BBBF93A6}.net_4_0_Release|Any CPU.Build.0 = Debug|Any CPU
		{773DEFCF-3A9C-43CC-826F-4091BBBF93A6}.net_4_0_Release_ReadOnly|Any CPU.ActiveCfg = Debug|Any CPU
		{773DEFCF-3A9C-43CC-826F-4091BBBF93A6}.net_4_0_Release_ReadOnly|Any CPU.Build.0 = Debug|Any CPU
		{773DEFCF-3A9C-43CC-826F-4091BBBF93A6}.net_462_Debug|Any CPU.ActiveCfg = Debug|Any CPU
		{773DEFCF-3A9C-43CC-826F-4091BBBF93A6}.net_462_Debug|Any CPU.Build.0 = Debug|Any CPU
		{773DEFCF-3A9C-43CC-826F-4091BBBF93A6}.net_462_Debug_ReadOnly|Any CPU.ActiveCfg = Debug|Any CPU
		{773DEFCF-3A9C-43CC-826F-4091BBBF93A6}.net_462_Debug_ReadOnly|Any CPU.Build.0 = Debug|Any CPU
		{773DEFCF-3A9C-43CC-826F-4091BBBF93A6}.net_462_Release|Any CPU.ActiveCfg = Debug|Any CPU
		{773DEFCF-3A9C-43CC-826F-4091BBBF93A6}.net_462_Release|Any CPU.Build.0 = Debug|Any CPU
		{773DEFCF-3A9C-43CC-826F-4091BBBF93A6}.net_462_Release_ReadOnly|Any CPU.ActiveCfg = Debug|Any CPU
		{773DEFCF-3A9C-43CC-826F-4091BBBF93A6}.net_462_Release_ReadOnly|Any CPU.Build.0 = Debug|Any CPU
		{773DEFCF-3A9C-43CC-826F-4091BBBF93A6}.netstandard_Debug|Any CPU.ActiveCfg = Debug|Any CPU
		{773DEFCF-3A9C-43CC-826F-4091BBBF93A6}.netstandard_Debug|Any CPU.Build.0 = Debug|Any CPU
		{773DEFCF-3A9C-43CC-826F-4091BBBF93A6}.netstandard_Debug_ReadOnly|Any CPU.ActiveCfg = Debug|Any CPU
		{773DEFCF-3A9C-43CC-826F-4091BBBF93A6}.netstandard_Debug_ReadOnly|Any CPU.Build.0 = Debug|Any CPU
		{773DEFCF-3A9C-43CC-826F-4091BBBF93A6}.netstandard_Release|Any CPU.ActiveCfg = Debug|Any CPU
		{773DEFCF-3A9C-43CC-826F-4091BBBF93A6}.netstandard_Release|Any CPU.Build.0 = Debug|Any CPU
		{773DEFCF-3A9C-43CC-826F-4091BBBF93A6}.netstandard_Release_ReadOnly|Any CPU.ActiveCfg = Debug|Any CPU
		{773DEFCF-3A9C-43CC-826F-4091BBBF93A6}.netstandard_Release_ReadOnly|Any CPU.Build.0 = Debug|Any CPU
		{1816D21F-CBA0-47E5-B522-79D7D89EF18F}.Debug|Any CPU.ActiveCfg = Debug|Any CPU
		{1816D21F-CBA0-47E5-B522-79D7D89EF18F}.Debug|Any CPU.Build.0 = Debug|Any CPU
		{1816D21F-CBA0-47E5-B522-79D7D89EF18F}.Release|Any CPU.ActiveCfg = Release|Any CPU
		{1816D21F-CBA0-47E5-B522-79D7D89EF18F}.Release|Any CPU.Build.0 = Release|Any CPU
		{1816D21F-CBA0-47E5-B522-79D7D89EF18F}.Debug|iPhoneSimulator.ActiveCfg = Debug|Any CPU
		{1816D21F-CBA0-47E5-B522-79D7D89EF18F}.Debug|iPhoneSimulator.Build.0 = Debug|Any CPU
		{1816D21F-CBA0-47E5-B522-79D7D89EF18F}.Release|iPhoneSimulator.ActiveCfg = Release|Any CPU
		{1816D21F-CBA0-47E5-B522-79D7D89EF18F}.Release|iPhoneSimulator.Build.0 = Release|Any CPU
		{1816D21F-CBA0-47E5-B522-79D7D89EF18F}.Debug|iPhone.ActiveCfg = Debug|Any CPU
		{1816D21F-CBA0-47E5-B522-79D7D89EF18F}.Debug|iPhone.Build.0 = Debug|Any CPU
		{1816D21F-CBA0-47E5-B522-79D7D89EF18F}.Release|iPhone.ActiveCfg = Release|Any CPU
		{1816D21F-CBA0-47E5-B522-79D7D89EF18F}.Release|iPhone.Build.0 = Release|Any CPU
		{1816D21F-CBA0-47E5-B522-79D7D89EF18F}.Ad-Hoc|iPhone.ActiveCfg = Release|Any CPU
		{1816D21F-CBA0-47E5-B522-79D7D89EF18F}.Ad-Hoc|iPhone.Build.0 = Release|Any CPU
		{1816D21F-CBA0-47E5-B522-79D7D89EF18F}.AppStore|iPhone.ActiveCfg = Release|Any CPU
		{1816D21F-CBA0-47E5-B522-79D7D89EF18F}.AppStore|iPhone.Build.0 = Release|Any CPU
		{1816D21F-CBA0-47E5-B522-79D7D89EF18F}.net_3_5_Debug|Any CPU.ActiveCfg = Debug|Any CPU
		{1816D21F-CBA0-47E5-B522-79D7D89EF18F}.net_3_5_Debug|Any CPU.Build.0 = Debug|Any CPU
		{1816D21F-CBA0-47E5-B522-79D7D89EF18F}.net_3_5_Debug_ReadOnly|Any CPU.ActiveCfg = Debug|Any CPU
		{1816D21F-CBA0-47E5-B522-79D7D89EF18F}.net_3_5_Debug_ReadOnly|Any CPU.Build.0 = Debug|Any CPU
		{1816D21F-CBA0-47E5-B522-79D7D89EF18F}.net_3_5_Release|Any CPU.ActiveCfg = Debug|Any CPU
		{1816D21F-CBA0-47E5-B522-79D7D89EF18F}.net_3_5_Release|Any CPU.Build.0 = Debug|Any CPU
		{1816D21F-CBA0-47E5-B522-79D7D89EF18F}.net_3_5_Release_ReadOnly|Any CPU.ActiveCfg = Debug|Any CPU
		{1816D21F-CBA0-47E5-B522-79D7D89EF18F}.net_3_5_Release_ReadOnly|Any CPU.Build.0 = Debug|Any CPU
		{1816D21F-CBA0-47E5-B522-79D7D89EF18F}.net_4_0_Debug|Any CPU.ActiveCfg = Debug|Any CPU
		{1816D21F-CBA0-47E5-B522-79D7D89EF18F}.net_4_0_Debug|Any CPU.Build.0 = Debug|Any CPU
		{1816D21F-CBA0-47E5-B522-79D7D89EF18F}.net_4_0_Debug_ReadOnly|Any CPU.ActiveCfg = Debug|Any CPU
		{1816D21F-CBA0-47E5-B522-79D7D89EF18F}.net_4_0_Debug_ReadOnly|Any CPU.Build.0 = Debug|Any CPU
		{1816D21F-CBA0-47E5-B522-79D7D89EF18F}.net_4_0_Release|Any CPU.ActiveCfg = Debug|Any CPU
		{1816D21F-CBA0-47E5-B522-79D7D89EF18F}.net_4_0_Release|Any CPU.Build.0 = Debug|Any CPU
		{1816D21F-CBA0-47E5-B522-79D7D89EF18F}.net_4_0_Release_ReadOnly|Any CPU.ActiveCfg = Debug|Any CPU
		{1816D21F-CBA0-47E5-B522-79D7D89EF18F}.net_4_0_Release_ReadOnly|Any CPU.Build.0 = Debug|Any CPU
		{1816D21F-CBA0-47E5-B522-79D7D89EF18F}.net_462_Debug|Any CPU.ActiveCfg = Debug|Any CPU
		{1816D21F-CBA0-47E5-B522-79D7D89EF18F}.net_462_Debug|Any CPU.Build.0 = Debug|Any CPU
		{1816D21F-CBA0-47E5-B522-79D7D89EF18F}.net_462_Debug_ReadOnly|Any CPU.ActiveCfg = Debug|Any CPU
		{1816D21F-CBA0-47E5-B522-79D7D89EF18F}.net_462_Debug_ReadOnly|Any CPU.Build.0 = Debug|Any CPU
		{1816D21F-CBA0-47E5-B522-79D7D89EF18F}.net_462_Release|Any CPU.ActiveCfg = Debug|Any CPU
		{1816D21F-CBA0-47E5-B522-79D7D89EF18F}.net_462_Release|Any CPU.Build.0 = Debug|Any CPU
		{1816D21F-CBA0-47E5-B522-79D7D89EF18F}.net_462_Release_ReadOnly|Any CPU.ActiveCfg = Debug|Any CPU
		{1816D21F-CBA0-47E5-B522-79D7D89EF18F}.net_462_Release_ReadOnly|Any CPU.Build.0 = Debug|Any CPU
		{1816D21F-CBA0-47E5-B522-79D7D89EF18F}.netstandard_Debug|Any CPU.ActiveCfg = Debug|Any CPU
		{1816D21F-CBA0-47E5-B522-79D7D89EF18F}.netstandard_Debug|Any CPU.Build.0 = Debug|Any CPU
		{1816D21F-CBA0-47E5-B522-79D7D89EF18F}.netstandard_Debug_ReadOnly|Any CPU.ActiveCfg = Debug|Any CPU
		{1816D21F-CBA0-47E5-B522-79D7D89EF18F}.netstandard_Debug_ReadOnly|Any CPU.Build.0 = Debug|Any CPU
		{1816D21F-CBA0-47E5-B522-79D7D89EF18F}.netstandard_Release|Any CPU.ActiveCfg = Debug|Any CPU
		{1816D21F-CBA0-47E5-B522-79D7D89EF18F}.netstandard_Release|Any CPU.Build.0 = Debug|Any CPU
		{1816D21F-CBA0-47E5-B522-79D7D89EF18F}.netstandard_Release_ReadOnly|Any CPU.ActiveCfg = Debug|Any CPU
		{1816D21F-CBA0-47E5-B522-79D7D89EF18F}.netstandard_Release_ReadOnly|Any CPU.Build.0 = Debug|Any CPU
		{008448A8-6DD9-4EF6-9A24-934F09D7417C}.Debug|Any CPU.ActiveCfg = Debug|Any CPU
		{008448A8-6DD9-4EF6-9A24-934F09D7417C}.Debug|Any CPU.Build.0 = Debug|Any CPU
		{008448A8-6DD9-4EF6-9A24-934F09D7417C}.Release|Any CPU.ActiveCfg = Release|Any CPU
		{008448A8-6DD9-4EF6-9A24-934F09D7417C}.Release|Any CPU.Build.0 = Release|Any CPU
		{008448A8-6DD9-4EF6-9A24-934F09D7417C}.Debug|iPhoneSimulator.ActiveCfg = Debug|Any CPU
		{008448A8-6DD9-4EF6-9A24-934F09D7417C}.Debug|iPhoneSimulator.Build.0 = Debug|Any CPU
		{008448A8-6DD9-4EF6-9A24-934F09D7417C}.Release|iPhoneSimulator.ActiveCfg = Release|Any CPU
		{008448A8-6DD9-4EF6-9A24-934F09D7417C}.Release|iPhoneSimulator.Build.0 = Release|Any CPU
		{008448A8-6DD9-4EF6-9A24-934F09D7417C}.Debug|iPhone.ActiveCfg = Debug|Any CPU
		{008448A8-6DD9-4EF6-9A24-934F09D7417C}.Debug|iPhone.Build.0 = Debug|Any CPU
		{008448A8-6DD9-4EF6-9A24-934F09D7417C}.Release|iPhone.ActiveCfg = Release|Any CPU
		{008448A8-6DD9-4EF6-9A24-934F09D7417C}.Release|iPhone.Build.0 = Release|Any CPU
		{008448A8-6DD9-4EF6-9A24-934F09D7417C}.Ad-Hoc|iPhone.ActiveCfg = Release|Any CPU
		{008448A8-6DD9-4EF6-9A24-934F09D7417C}.Ad-Hoc|iPhone.Build.0 = Release|Any CPU
		{008448A8-6DD9-4EF6-9A24-934F09D7417C}.AppStore|iPhone.ActiveCfg = Release|Any CPU
		{008448A8-6DD9-4EF6-9A24-934F09D7417C}.AppStore|iPhone.Build.0 = Release|Any CPU
		{008448A8-6DD9-4EF6-9A24-934F09D7417C}.net_3_5_Debug|Any CPU.ActiveCfg = Debug|Any CPU
		{008448A8-6DD9-4EF6-9A24-934F09D7417C}.net_3_5_Debug|Any CPU.Build.0 = Debug|Any CPU
		{008448A8-6DD9-4EF6-9A24-934F09D7417C}.net_3_5_Debug_ReadOnly|Any CPU.ActiveCfg = Debug|Any CPU
		{008448A8-6DD9-4EF6-9A24-934F09D7417C}.net_3_5_Debug_ReadOnly|Any CPU.Build.0 = Debug|Any CPU
		{008448A8-6DD9-4EF6-9A24-934F09D7417C}.net_3_5_Release|Any CPU.ActiveCfg = Debug|Any CPU
		{008448A8-6DD9-4EF6-9A24-934F09D7417C}.net_3_5_Release|Any CPU.Build.0 = Debug|Any CPU
		{008448A8-6DD9-4EF6-9A24-934F09D7417C}.net_3_5_Release_ReadOnly|Any CPU.ActiveCfg = Debug|Any CPU
		{008448A8-6DD9-4EF6-9A24-934F09D7417C}.net_3_5_Release_ReadOnly|Any CPU.Build.0 = Debug|Any CPU
		{008448A8-6DD9-4EF6-9A24-934F09D7417C}.net_4_0_Debug|Any CPU.ActiveCfg = Debug|Any CPU
		{008448A8-6DD9-4EF6-9A24-934F09D7417C}.net_4_0_Debug|Any CPU.Build.0 = Debug|Any CPU
		{008448A8-6DD9-4EF6-9A24-934F09D7417C}.net_4_0_Debug_ReadOnly|Any CPU.ActiveCfg = Debug|Any CPU
		{008448A8-6DD9-4EF6-9A24-934F09D7417C}.net_4_0_Debug_ReadOnly|Any CPU.Build.0 = Debug|Any CPU
		{008448A8-6DD9-4EF6-9A24-934F09D7417C}.net_4_0_Release|Any CPU.ActiveCfg = Debug|Any CPU
		{008448A8-6DD9-4EF6-9A24-934F09D7417C}.net_4_0_Release|Any CPU.Build.0 = Debug|Any CPU
		{008448A8-6DD9-4EF6-9A24-934F09D7417C}.net_4_0_Release_ReadOnly|Any CPU.ActiveCfg = Debug|Any CPU
		{008448A8-6DD9-4EF6-9A24-934F09D7417C}.net_4_0_Release_ReadOnly|Any CPU.Build.0 = Debug|Any CPU
		{008448A8-6DD9-4EF6-9A24-934F09D7417C}.net_462_Debug|Any CPU.ActiveCfg = Debug|Any CPU
		{008448A8-6DD9-4EF6-9A24-934F09D7417C}.net_462_Debug|Any CPU.Build.0 = Debug|Any CPU
		{008448A8-6DD9-4EF6-9A24-934F09D7417C}.net_462_Debug_ReadOnly|Any CPU.ActiveCfg = Debug|Any CPU
		{008448A8-6DD9-4EF6-9A24-934F09D7417C}.net_462_Debug_ReadOnly|Any CPU.Build.0 = Debug|Any CPU
		{008448A8-6DD9-4EF6-9A24-934F09D7417C}.net_462_Release|Any CPU.ActiveCfg = Debug|Any CPU
		{008448A8-6DD9-4EF6-9A24-934F09D7417C}.net_462_Release|Any CPU.Build.0 = Debug|Any CPU
		{008448A8-6DD9-4EF6-9A24-934F09D7417C}.net_462_Release_ReadOnly|Any CPU.ActiveCfg = Debug|Any CPU
		{008448A8-6DD9-4EF6-9A24-934F09D7417C}.net_462_Release_ReadOnly|Any CPU.Build.0 = Debug|Any CPU
		{008448A8-6DD9-4EF6-9A24-934F09D7417C}.netstandard_Debug|Any CPU.ActiveCfg = Debug|Any CPU
		{008448A8-6DD9-4EF6-9A24-934F09D7417C}.netstandard_Debug|Any CPU.Build.0 = Debug|Any CPU
		{008448A8-6DD9-4EF6-9A24-934F09D7417C}.netstandard_Debug_ReadOnly|Any CPU.ActiveCfg = Debug|Any CPU
		{008448A8-6DD9-4EF6-9A24-934F09D7417C}.netstandard_Debug_ReadOnly|Any CPU.Build.0 = Debug|Any CPU
		{008448A8-6DD9-4EF6-9A24-934F09D7417C}.netstandard_Release|Any CPU.ActiveCfg = Debug|Any CPU
		{008448A8-6DD9-4EF6-9A24-934F09D7417C}.netstandard_Release|Any CPU.Build.0 = Debug|Any CPU
		{008448A8-6DD9-4EF6-9A24-934F09D7417C}.netstandard_Release_ReadOnly|Any CPU.ActiveCfg = Debug|Any CPU
		{008448A8-6DD9-4EF6-9A24-934F09D7417C}.netstandard_Release_ReadOnly|Any CPU.Build.0 = Debug|Any CPU
		{809D2CC0-33B7-49B9-9279-C665875E3ED0}.Debug|Any CPU.ActiveCfg = Debug|Any CPU
		{809D2CC0-33B7-49B9-9279-C665875E3ED0}.Debug|Any CPU.Build.0 = Debug|Any CPU
		{809D2CC0-33B7-49B9-9279-C665875E3ED0}.Release|Any CPU.ActiveCfg = Release|Any CPU
		{809D2CC0-33B7-49B9-9279-C665875E3ED0}.Release|Any CPU.Build.0 = Release|Any CPU
		{809D2CC0-33B7-49B9-9279-C665875E3ED0}.Debug|iPhoneSimulator.ActiveCfg = Debug|Any CPU
		{809D2CC0-33B7-49B9-9279-C665875E3ED0}.Debug|iPhoneSimulator.Build.0 = Debug|Any CPU
		{809D2CC0-33B7-49B9-9279-C665875E3ED0}.Release|iPhoneSimulator.ActiveCfg = Release|Any CPU
		{809D2CC0-33B7-49B9-9279-C665875E3ED0}.Release|iPhoneSimulator.Build.0 = Release|Any CPU
		{809D2CC0-33B7-49B9-9279-C665875E3ED0}.Debug|iPhone.ActiveCfg = Debug|Any CPU
		{809D2CC0-33B7-49B9-9279-C665875E3ED0}.Debug|iPhone.Build.0 = Debug|Any CPU
		{809D2CC0-33B7-49B9-9279-C665875E3ED0}.Release|iPhone.ActiveCfg = Release|Any CPU
		{809D2CC0-33B7-49B9-9279-C665875E3ED0}.Release|iPhone.Build.0 = Release|Any CPU
		{809D2CC0-33B7-49B9-9279-C665875E3ED0}.Ad-Hoc|iPhone.ActiveCfg = Release|Any CPU
		{809D2CC0-33B7-49B9-9279-C665875E3ED0}.Ad-Hoc|iPhone.Build.0 = Release|Any CPU
		{809D2CC0-33B7-49B9-9279-C665875E3ED0}.AppStore|iPhone.ActiveCfg = Release|Any CPU
		{809D2CC0-33B7-49B9-9279-C665875E3ED0}.AppStore|iPhone.Build.0 = Release|Any CPU
		{809D2CC0-33B7-49B9-9279-C665875E3ED0}.net_3_5_Debug|Any CPU.ActiveCfg = Debug|Any CPU
		{809D2CC0-33B7-49B9-9279-C665875E3ED0}.net_3_5_Debug|Any CPU.Build.0 = Debug|Any CPU
		{809D2CC0-33B7-49B9-9279-C665875E3ED0}.net_3_5_Debug_ReadOnly|Any CPU.ActiveCfg = Debug|Any CPU
		{809D2CC0-33B7-49B9-9279-C665875E3ED0}.net_3_5_Debug_ReadOnly|Any CPU.Build.0 = Debug|Any CPU
		{809D2CC0-33B7-49B9-9279-C665875E3ED0}.net_3_5_Release|Any CPU.ActiveCfg = Debug|Any CPU
		{809D2CC0-33B7-49B9-9279-C665875E3ED0}.net_3_5_Release|Any CPU.Build.0 = Debug|Any CPU
		{809D2CC0-33B7-49B9-9279-C665875E3ED0}.net_3_5_Release_ReadOnly|Any CPU.ActiveCfg = Debug|Any CPU
		{809D2CC0-33B7-49B9-9279-C665875E3ED0}.net_3_5_Release_ReadOnly|Any CPU.Build.0 = Debug|Any CPU
		{809D2CC0-33B7-49B9-9279-C665875E3ED0}.net_4_0_Debug|Any CPU.ActiveCfg = Debug|Any CPU
		{809D2CC0-33B7-49B9-9279-C665875E3ED0}.net_4_0_Debug|Any CPU.Build.0 = Debug|Any CPU
		{809D2CC0-33B7-49B9-9279-C665875E3ED0}.net_4_0_Debug_ReadOnly|Any CPU.ActiveCfg = Debug|Any CPU
		{809D2CC0-33B7-49B9-9279-C665875E3ED0}.net_4_0_Debug_ReadOnly|Any CPU.Build.0 = Debug|Any CPU
		{809D2CC0-33B7-49B9-9279-C665875E3ED0}.net_4_0_Release|Any CPU.ActiveCfg = Debug|Any CPU
		{809D2CC0-33B7-49B9-9279-C665875E3ED0}.net_4_0_Release|Any CPU.Build.0 = Debug|Any CPU
		{809D2CC0-33B7-49B9-9279-C665875E3ED0}.net_4_0_Release_ReadOnly|Any CPU.ActiveCfg = Debug|Any CPU
		{809D2CC0-33B7-49B9-9279-C665875E3ED0}.net_4_0_Release_ReadOnly|Any CPU.Build.0 = Debug|Any CPU
		{809D2CC0-33B7-49B9-9279-C665875E3ED0}.net_462_Debug|Any CPU.ActiveCfg = Debug|Any CPU
		{809D2CC0-33B7-49B9-9279-C665875E3ED0}.net_462_Debug|Any CPU.Build.0 = Debug|Any CPU
		{809D2CC0-33B7-49B9-9279-C665875E3ED0}.net_462_Debug_ReadOnly|Any CPU.ActiveCfg = Debug|Any CPU
		{809D2CC0-33B7-49B9-9279-C665875E3ED0}.net_462_Debug_ReadOnly|Any CPU.Build.0 = Debug|Any CPU
		{809D2CC0-33B7-49B9-9279-C665875E3ED0}.net_462_Release|Any CPU.ActiveCfg = Debug|Any CPU
		{809D2CC0-33B7-49B9-9279-C665875E3ED0}.net_462_Release|Any CPU.Build.0 = Debug|Any CPU
		{809D2CC0-33B7-49B9-9279-C665875E3ED0}.net_462_Release_ReadOnly|Any CPU.ActiveCfg = Debug|Any CPU
		{809D2CC0-33B7-49B9-9279-C665875E3ED0}.net_462_Release_ReadOnly|Any CPU.Build.0 = Debug|Any CPU
		{809D2CC0-33B7-49B9-9279-C665875E3ED0}.netstandard_Debug|Any CPU.ActiveCfg = Debug|Any CPU
		{809D2CC0-33B7-49B9-9279-C665875E3ED0}.netstandard_Debug|Any CPU.Build.0 = Debug|Any CPU
		{809D2CC0-33B7-49B9-9279-C665875E3ED0}.netstandard_Debug_ReadOnly|Any CPU.ActiveCfg = Debug|Any CPU
		{809D2CC0-33B7-49B9-9279-C665875E3ED0}.netstandard_Debug_ReadOnly|Any CPU.Build.0 = Debug|Any CPU
		{809D2CC0-33B7-49B9-9279-C665875E3ED0}.netstandard_Release|Any CPU.ActiveCfg = Debug|Any CPU
		{809D2CC0-33B7-49B9-9279-C665875E3ED0}.netstandard_Release|Any CPU.Build.0 = Debug|Any CPU
		{809D2CC0-33B7-49B9-9279-C665875E3ED0}.netstandard_Release_ReadOnly|Any CPU.ActiveCfg = Debug|Any CPU
		{809D2CC0-33B7-49B9-9279-C665875E3ED0}.netstandard_Release_ReadOnly|Any CPU.Build.0 = Debug|Any CPU
		{07C0ACD2-819C-4EFE-8EAF-6CDC895B0BE1}.Debug|Any CPU.ActiveCfg = Debug|Any CPU
		{07C0ACD2-819C-4EFE-8EAF-6CDC895B0BE1}.Debug|Any CPU.Build.0 = Debug|Any CPU
		{07C0ACD2-819C-4EFE-8EAF-6CDC895B0BE1}.Release|Any CPU.ActiveCfg = Release|Any CPU
		{07C0ACD2-819C-4EFE-8EAF-6CDC895B0BE1}.Release|Any CPU.Build.0 = Release|Any CPU
		{07C0ACD2-819C-4EFE-8EAF-6CDC895B0BE1}.Debug|iPhoneSimulator.ActiveCfg = Debug|Any CPU
		{07C0ACD2-819C-4EFE-8EAF-6CDC895B0BE1}.Debug|iPhoneSimulator.Build.0 = Debug|Any CPU
		{07C0ACD2-819C-4EFE-8EAF-6CDC895B0BE1}.Release|iPhoneSimulator.ActiveCfg = Release|Any CPU
		{07C0ACD2-819C-4EFE-8EAF-6CDC895B0BE1}.Release|iPhoneSimulator.Build.0 = Release|Any CPU
		{07C0ACD2-819C-4EFE-8EAF-6CDC895B0BE1}.Debug|iPhone.ActiveCfg = Debug|Any CPU
		{07C0ACD2-819C-4EFE-8EAF-6CDC895B0BE1}.Debug|iPhone.Build.0 = Debug|Any CPU
		{07C0ACD2-819C-4EFE-8EAF-6CDC895B0BE1}.Release|iPhone.ActiveCfg = Release|Any CPU
		{07C0ACD2-819C-4EFE-8EAF-6CDC895B0BE1}.Release|iPhone.Build.0 = Release|Any CPU
		{07C0ACD2-819C-4EFE-8EAF-6CDC895B0BE1}.Ad-Hoc|iPhone.ActiveCfg = Release|Any CPU
		{07C0ACD2-819C-4EFE-8EAF-6CDC895B0BE1}.Ad-Hoc|iPhone.Build.0 = Release|Any CPU
		{07C0ACD2-819C-4EFE-8EAF-6CDC895B0BE1}.AppStore|iPhone.ActiveCfg = Release|Any CPU
		{07C0ACD2-819C-4EFE-8EAF-6CDC895B0BE1}.AppStore|iPhone.Build.0 = Release|Any CPU
		{07C0ACD2-819C-4EFE-8EAF-6CDC895B0BE1}.net_3_5_Debug|Any CPU.ActiveCfg = Debug|Any CPU
		{07C0ACD2-819C-4EFE-8EAF-6CDC895B0BE1}.net_3_5_Debug|Any CPU.Build.0 = Debug|Any CPU
		{07C0ACD2-819C-4EFE-8EAF-6CDC895B0BE1}.net_3_5_Debug_ReadOnly|Any CPU.ActiveCfg = Debug|Any CPU
		{07C0ACD2-819C-4EFE-8EAF-6CDC895B0BE1}.net_3_5_Debug_ReadOnly|Any CPU.Build.0 = Debug|Any CPU
		{07C0ACD2-819C-4EFE-8EAF-6CDC895B0BE1}.net_3_5_Release|Any CPU.ActiveCfg = Debug|Any CPU
		{07C0ACD2-819C-4EFE-8EAF-6CDC895B0BE1}.net_3_5_Release|Any CPU.Build.0 = Debug|Any CPU
		{07C0ACD2-819C-4EFE-8EAF-6CDC895B0BE1}.net_3_5_Release_ReadOnly|Any CPU.ActiveCfg = Debug|Any CPU
		{07C0ACD2-819C-4EFE-8EAF-6CDC895B0BE1}.net_3_5_Release_ReadOnly|Any CPU.Build.0 = Debug|Any CPU
		{07C0ACD2-819C-4EFE-8EAF-6CDC895B0BE1}.net_4_0_Debug|Any CPU.ActiveCfg = Debug|Any CPU
		{07C0ACD2-819C-4EFE-8EAF-6CDC895B0BE1}.net_4_0_Debug|Any CPU.Build.0 = Debug|Any CPU
		{07C0ACD2-819C-4EFE-8EAF-6CDC895B0BE1}.net_4_0_Debug_ReadOnly|Any CPU.ActiveCfg = Debug|Any CPU
		{07C0ACD2-819C-4EFE-8EAF-6CDC895B0BE1}.net_4_0_Debug_ReadOnly|Any CPU.Build.0 = Debug|Any CPU
		{07C0ACD2-819C-4EFE-8EAF-6CDC895B0BE1}.net_4_0_Release|Any CPU.ActiveCfg = Debug|Any CPU
		{07C0ACD2-819C-4EFE-8EAF-6CDC895B0BE1}.net_4_0_Release|Any CPU.Build.0 = Debug|Any CPU
		{07C0ACD2-819C-4EFE-8EAF-6CDC895B0BE1}.net_4_0_Release_ReadOnly|Any CPU.ActiveCfg = Debug|Any CPU
		{07C0ACD2-819C-4EFE-8EAF-6CDC895B0BE1}.net_4_0_Release_ReadOnly|Any CPU.Build.0 = Debug|Any CPU
		{07C0ACD2-819C-4EFE-8EAF-6CDC895B0BE1}.net_462_Debug|Any CPU.ActiveCfg = Debug|Any CPU
		{07C0ACD2-819C-4EFE-8EAF-6CDC895B0BE1}.net_462_Debug|Any CPU.Build.0 = Debug|Any CPU
		{07C0ACD2-819C-4EFE-8EAF-6CDC895B0BE1}.net_462_Debug_ReadOnly|Any CPU.ActiveCfg = Debug|Any CPU
		{07C0ACD2-819C-4EFE-8EAF-6CDC895B0BE1}.net_462_Debug_ReadOnly|Any CPU.Build.0 = Debug|Any CPU
		{07C0ACD2-819C-4EFE-8EAF-6CDC895B0BE1}.net_462_Release|Any CPU.ActiveCfg = Debug|Any CPU
		{07C0ACD2-819C-4EFE-8EAF-6CDC895B0BE1}.net_462_Release|Any CPU.Build.0 = Debug|Any CPU
		{07C0ACD2-819C-4EFE-8EAF-6CDC895B0BE1}.net_462_Release_ReadOnly|Any CPU.ActiveCfg = Debug|Any CPU
		{07C0ACD2-819C-4EFE-8EAF-6CDC895B0BE1}.net_462_Release_ReadOnly|Any CPU.Build.0 = Debug|Any CPU
		{07C0ACD2-819C-4EFE-8EAF-6CDC895B0BE1}.netstandard_Debug|Any CPU.ActiveCfg = Debug|Any CPU
		{07C0ACD2-819C-4EFE-8EAF-6CDC895B0BE1}.netstandard_Debug|Any CPU.Build.0 = Debug|Any CPU
		{07C0ACD2-819C-4EFE-8EAF-6CDC895B0BE1}.netstandard_Debug_ReadOnly|Any CPU.ActiveCfg = Debug|Any CPU
		{07C0ACD2-819C-4EFE-8EAF-6CDC895B0BE1}.netstandard_Debug_ReadOnly|Any CPU.Build.0 = Debug|Any CPU
		{07C0ACD2-819C-4EFE-8EAF-6CDC895B0BE1}.netstandard_Release|Any CPU.ActiveCfg = Debug|Any CPU
		{07C0ACD2-819C-4EFE-8EAF-6CDC895B0BE1}.netstandard_Release|Any CPU.Build.0 = Debug|Any CPU
		{07C0ACD2-819C-4EFE-8EAF-6CDC895B0BE1}.netstandard_Release_ReadOnly|Any CPU.ActiveCfg = Debug|Any CPU
		{07C0ACD2-819C-4EFE-8EAF-6CDC895B0BE1}.netstandard_Release_ReadOnly|Any CPU.Build.0 = Debug|Any CPU
		{67E09C95-C842-4E15-9F7A-EEBBC3B25A1C}.Debug|Any CPU.ActiveCfg = Debug|Any CPU
		{67E09C95-C842-4E15-9F7A-EEBBC3B25A1C}.Debug|Any CPU.Build.0 = Debug|Any CPU
		{67E09C95-C842-4E15-9F7A-EEBBC3B25A1C}.Release|Any CPU.ActiveCfg = Release|Any CPU
		{67E09C95-C842-4E15-9F7A-EEBBC3B25A1C}.Release|Any CPU.Build.0 = Release|Any CPU
		{67E09C95-C842-4E15-9F7A-EEBBC3B25A1C}.Debug|iPhoneSimulator.ActiveCfg = Debug|Any CPU
		{67E09C95-C842-4E15-9F7A-EEBBC3B25A1C}.Debug|iPhoneSimulator.Build.0 = Debug|Any CPU
		{67E09C95-C842-4E15-9F7A-EEBBC3B25A1C}.Release|iPhoneSimulator.ActiveCfg = Release|Any CPU
		{67E09C95-C842-4E15-9F7A-EEBBC3B25A1C}.Release|iPhoneSimulator.Build.0 = Release|Any CPU
		{67E09C95-C842-4E15-9F7A-EEBBC3B25A1C}.Debug|iPhone.ActiveCfg = Debug|Any CPU
		{67E09C95-C842-4E15-9F7A-EEBBC3B25A1C}.Debug|iPhone.Build.0 = Debug|Any CPU
		{67E09C95-C842-4E15-9F7A-EEBBC3B25A1C}.Release|iPhone.ActiveCfg = Release|Any CPU
		{67E09C95-C842-4E15-9F7A-EEBBC3B25A1C}.Release|iPhone.Build.0 = Release|Any CPU
		{67E09C95-C842-4E15-9F7A-EEBBC3B25A1C}.Ad-Hoc|iPhone.ActiveCfg = Release|Any CPU
		{67E09C95-C842-4E15-9F7A-EEBBC3B25A1C}.Ad-Hoc|iPhone.Build.0 = Release|Any CPU
		{67E09C95-C842-4E15-9F7A-EEBBC3B25A1C}.AppStore|iPhone.ActiveCfg = Release|Any CPU
		{67E09C95-C842-4E15-9F7A-EEBBC3B25A1C}.AppStore|iPhone.Build.0 = Release|Any CPU
		{67E09C95-C842-4E15-9F7A-EEBBC3B25A1C}.net_3_5_Debug|Any CPU.ActiveCfg = Debug|Any CPU
		{67E09C95-C842-4E15-9F7A-EEBBC3B25A1C}.net_3_5_Debug|Any CPU.Build.0 = Debug|Any CPU
		{67E09C95-C842-4E15-9F7A-EEBBC3B25A1C}.net_3_5_Debug_ReadOnly|Any CPU.ActiveCfg = Debug|Any CPU
		{67E09C95-C842-4E15-9F7A-EEBBC3B25A1C}.net_3_5_Debug_ReadOnly|Any CPU.Build.0 = Debug|Any CPU
		{67E09C95-C842-4E15-9F7A-EEBBC3B25A1C}.net_3_5_Release|Any CPU.ActiveCfg = Debug|Any CPU
		{67E09C95-C842-4E15-9F7A-EEBBC3B25A1C}.net_3_5_Release|Any CPU.Build.0 = Debug|Any CPU
		{67E09C95-C842-4E15-9F7A-EEBBC3B25A1C}.net_3_5_Release_ReadOnly|Any CPU.ActiveCfg = Debug|Any CPU
		{67E09C95-C842-4E15-9F7A-EEBBC3B25A1C}.net_3_5_Release_ReadOnly|Any CPU.Build.0 = Debug|Any CPU
		{67E09C95-C842-4E15-9F7A-EEBBC3B25A1C}.net_4_0_Debug|Any CPU.ActiveCfg = Debug|Any CPU
		{67E09C95-C842-4E15-9F7A-EEBBC3B25A1C}.net_4_0_Debug|Any CPU.Build.0 = Debug|Any CPU
		{67E09C95-C842-4E15-9F7A-EEBBC3B25A1C}.net_4_0_Debug_ReadOnly|Any CPU.ActiveCfg = Debug|Any CPU
		{67E09C95-C842-4E15-9F7A-EEBBC3B25A1C}.net_4_0_Debug_ReadOnly|Any CPU.Build.0 = Debug|Any CPU
		{67E09C95-C842-4E15-9F7A-EEBBC3B25A1C}.net_4_0_Release|Any CPU.ActiveCfg = Debug|Any CPU
		{67E09C95-C842-4E15-9F7A-EEBBC3B25A1C}.net_4_0_Release|Any CPU.Build.0 = Debug|Any CPU
		{67E09C95-C842-4E15-9F7A-EEBBC3B25A1C}.net_4_0_Release_ReadOnly|Any CPU.ActiveCfg = Debug|Any CPU
		{67E09C95-C842-4E15-9F7A-EEBBC3B25A1C}.net_4_0_Release_ReadOnly|Any CPU.Build.0 = Debug|Any CPU
		{67E09C95-C842-4E15-9F7A-EEBBC3B25A1C}.net_462_Debug|Any CPU.ActiveCfg = Debug|Any CPU
		{67E09C95-C842-4E15-9F7A-EEBBC3B25A1C}.net_462_Debug|Any CPU.Build.0 = Debug|Any CPU
		{67E09C95-C842-4E15-9F7A-EEBBC3B25A1C}.net_462_Debug_ReadOnly|Any CPU.ActiveCfg = Debug|Any CPU
		{67E09C95-C842-4E15-9F7A-EEBBC3B25A1C}.net_462_Debug_ReadOnly|Any CPU.Build.0 = Debug|Any CPU
		{67E09C95-C842-4E15-9F7A-EEBBC3B25A1C}.net_462_Release|Any CPU.ActiveCfg = Debug|Any CPU
		{67E09C95-C842-4E15-9F7A-EEBBC3B25A1C}.net_462_Release|Any CPU.Build.0 = Debug|Any CPU
		{67E09C95-C842-4E15-9F7A-EEBBC3B25A1C}.net_462_Release_ReadOnly|Any CPU.ActiveCfg = Debug|Any CPU
		{67E09C95-C842-4E15-9F7A-EEBBC3B25A1C}.net_462_Release_ReadOnly|Any CPU.Build.0 = Debug|Any CPU
		{67E09C95-C842-4E15-9F7A-EEBBC3B25A1C}.netstandard_Debug|Any CPU.ActiveCfg = Debug|Any CPU
		{67E09C95-C842-4E15-9F7A-EEBBC3B25A1C}.netstandard_Debug|Any CPU.Build.0 = Debug|Any CPU
		{67E09C95-C842-4E15-9F7A-EEBBC3B25A1C}.netstandard_Debug_ReadOnly|Any CPU.ActiveCfg = Debug|Any CPU
		{67E09C95-C842-4E15-9F7A-EEBBC3B25A1C}.netstandard_Debug_ReadOnly|Any CPU.Build.0 = Debug|Any CPU
		{67E09C95-C842-4E15-9F7A-EEBBC3B25A1C}.netstandard_Release|Any CPU.ActiveCfg = Debug|Any CPU
		{67E09C95-C842-4E15-9F7A-EEBBC3B25A1C}.netstandard_Release|Any CPU.Build.0 = Debug|Any CPU
		{67E09C95-C842-4E15-9F7A-EEBBC3B25A1C}.netstandard_Release_ReadOnly|Any CPU.ActiveCfg = Debug|Any CPU
		{67E09C95-C842-4E15-9F7A-EEBBC3B25A1C}.netstandard_Release_ReadOnly|Any CPU.Build.0 = Debug|Any CPU
		{6E9D6E2D-6AED-48BB-A339-EDABC3713282}.Debug|Any CPU.ActiveCfg = Debug|Any CPU
		{6E9D6E2D-6AED-48BB-A339-EDABC3713282}.Debug|Any CPU.Build.0 = Debug|Any CPU
		{6E9D6E2D-6AED-48BB-A339-EDABC3713282}.Release|Any CPU.ActiveCfg = Release|Any CPU
		{6E9D6E2D-6AED-48BB-A339-EDABC3713282}.Release|Any CPU.Build.0 = Release|Any CPU
		{6E9D6E2D-6AED-48BB-A339-EDABC3713282}.Debug|iPhoneSimulator.ActiveCfg = Debug|Any CPU
		{6E9D6E2D-6AED-48BB-A339-EDABC3713282}.Debug|iPhoneSimulator.Build.0 = Debug|Any CPU
		{6E9D6E2D-6AED-48BB-A339-EDABC3713282}.Release|iPhoneSimulator.ActiveCfg = Release|Any CPU
		{6E9D6E2D-6AED-48BB-A339-EDABC3713282}.Release|iPhoneSimulator.Build.0 = Release|Any CPU
		{6E9D6E2D-6AED-48BB-A339-EDABC3713282}.Debug|iPhone.ActiveCfg = Debug|Any CPU
		{6E9D6E2D-6AED-48BB-A339-EDABC3713282}.Debug|iPhone.Build.0 = Debug|Any CPU
		{6E9D6E2D-6AED-48BB-A339-EDABC3713282}.Release|iPhone.ActiveCfg = Release|Any CPU
		{6E9D6E2D-6AED-48BB-A339-EDABC3713282}.Release|iPhone.Build.0 = Release|Any CPU
		{6E9D6E2D-6AED-48BB-A339-EDABC3713282}.Ad-Hoc|iPhone.ActiveCfg = Release|Any CPU
		{6E9D6E2D-6AED-48BB-A339-EDABC3713282}.Ad-Hoc|iPhone.Build.0 = Release|Any CPU
		{6E9D6E2D-6AED-48BB-A339-EDABC3713282}.AppStore|iPhone.ActiveCfg = Release|Any CPU
		{6E9D6E2D-6AED-48BB-A339-EDABC3713282}.AppStore|iPhone.Build.0 = Release|Any CPU
		{6E9D6E2D-6AED-48BB-A339-EDABC3713282}.net_3_5_Debug|Any CPU.ActiveCfg = Debug|Any CPU
		{6E9D6E2D-6AED-48BB-A339-EDABC3713282}.net_3_5_Debug|Any CPU.Build.0 = Debug|Any CPU
		{6E9D6E2D-6AED-48BB-A339-EDABC3713282}.net_3_5_Debug_ReadOnly|Any CPU.ActiveCfg = Debug|Any CPU
		{6E9D6E2D-6AED-48BB-A339-EDABC3713282}.net_3_5_Debug_ReadOnly|Any CPU.Build.0 = Debug|Any CPU
		{6E9D6E2D-6AED-48BB-A339-EDABC3713282}.net_3_5_Release|Any CPU.ActiveCfg = Debug|Any CPU
		{6E9D6E2D-6AED-48BB-A339-EDABC3713282}.net_3_5_Release|Any CPU.Build.0 = Debug|Any CPU
		{6E9D6E2D-6AED-48BB-A339-EDABC3713282}.net_3_5_Release_ReadOnly|Any CPU.ActiveCfg = Debug|Any CPU
		{6E9D6E2D-6AED-48BB-A339-EDABC3713282}.net_3_5_Release_ReadOnly|Any CPU.Build.0 = Debug|Any CPU
		{6E9D6E2D-6AED-48BB-A339-EDABC3713282}.net_4_0_Debug|Any CPU.ActiveCfg = Debug|Any CPU
		{6E9D6E2D-6AED-48BB-A339-EDABC3713282}.net_4_0_Debug|Any CPU.Build.0 = Debug|Any CPU
		{6E9D6E2D-6AED-48BB-A339-EDABC3713282}.net_4_0_Debug_ReadOnly|Any CPU.ActiveCfg = Debug|Any CPU
		{6E9D6E2D-6AED-48BB-A339-EDABC3713282}.net_4_0_Debug_ReadOnly|Any CPU.Build.0 = Debug|Any CPU
		{6E9D6E2D-6AED-48BB-A339-EDABC3713282}.net_4_0_Release|Any CPU.ActiveCfg = Debug|Any CPU
		{6E9D6E2D-6AED-48BB-A339-EDABC3713282}.net_4_0_Release|Any CPU.Build.0 = Debug|Any CPU
		{6E9D6E2D-6AED-48BB-A339-EDABC3713282}.net_4_0_Release_ReadOnly|Any CPU.ActiveCfg = Debug|Any CPU
		{6E9D6E2D-6AED-48BB-A339-EDABC3713282}.net_4_0_Release_ReadOnly|Any CPU.Build.0 = Debug|Any CPU
		{6E9D6E2D-6AED-48BB-A339-EDABC3713282}.net_462_Debug|Any CPU.ActiveCfg = Debug|Any CPU
		{6E9D6E2D-6AED-48BB-A339-EDABC3713282}.net_462_Debug|Any CPU.Build.0 = Debug|Any CPU
		{6E9D6E2D-6AED-48BB-A339-EDABC3713282}.net_462_Debug_ReadOnly|Any CPU.ActiveCfg = Debug|Any CPU
		{6E9D6E2D-6AED-48BB-A339-EDABC3713282}.net_462_Debug_ReadOnly|Any CPU.Build.0 = Debug|Any CPU
		{6E9D6E2D-6AED-48BB-A339-EDABC3713282}.net_462_Release|Any CPU.ActiveCfg = Debug|Any CPU
		{6E9D6E2D-6AED-48BB-A339-EDABC3713282}.net_462_Release|Any CPU.Build.0 = Debug|Any CPU
		{6E9D6E2D-6AED-48BB-A339-EDABC3713282}.net_462_Release_ReadOnly|Any CPU.ActiveCfg = Debug|Any CPU
		{6E9D6E2D-6AED-48BB-A339-EDABC3713282}.net_462_Release_ReadOnly|Any CPU.Build.0 = Debug|Any CPU
		{6E9D6E2D-6AED-48BB-A339-EDABC3713282}.netstandard_Debug|Any CPU.ActiveCfg = Debug|Any CPU
		{6E9D6E2D-6AED-48BB-A339-EDABC3713282}.netstandard_Debug|Any CPU.Build.0 = Debug|Any CPU
		{6E9D6E2D-6AED-48BB-A339-EDABC3713282}.netstandard_Debug_ReadOnly|Any CPU.ActiveCfg = Debug|Any CPU
		{6E9D6E2D-6AED-48BB-A339-EDABC3713282}.netstandard_Debug_ReadOnly|Any CPU.Build.0 = Debug|Any CPU
		{6E9D6E2D-6AED-48BB-A339-EDABC3713282}.netstandard_Release|Any CPU.ActiveCfg = Debug|Any CPU
		{6E9D6E2D-6AED-48BB-A339-EDABC3713282}.netstandard_Release|Any CPU.Build.0 = Debug|Any CPU
		{6E9D6E2D-6AED-48BB-A339-EDABC3713282}.netstandard_Release_ReadOnly|Any CPU.ActiveCfg = Debug|Any CPU
		{6E9D6E2D-6AED-48BB-A339-EDABC3713282}.netstandard_Release_ReadOnly|Any CPU.Build.0 = Debug|Any CPU
		{F33D9DEF-B413-4024-9985-6996B039D8A5}.Debug|Any CPU.ActiveCfg = Debug|Any CPU
		{F33D9DEF-B413-4024-9985-6996B039D8A5}.Debug|Any CPU.Build.0 = Debug|Any CPU
		{F33D9DEF-B413-4024-9985-6996B039D8A5}.Release|Any CPU.ActiveCfg = Release|Any CPU
		{F33D9DEF-B413-4024-9985-6996B039D8A5}.Release|Any CPU.Build.0 = Release|Any CPU
		{F33D9DEF-B413-4024-9985-6996B039D8A5}.Debug|iPhoneSimulator.ActiveCfg = Debug|Any CPU
		{F33D9DEF-B413-4024-9985-6996B039D8A5}.Debug|iPhoneSimulator.Build.0 = Debug|Any CPU
		{F33D9DEF-B413-4024-9985-6996B039D8A5}.Release|iPhoneSimulator.ActiveCfg = Release|Any CPU
		{F33D9DEF-B413-4024-9985-6996B039D8A5}.Release|iPhoneSimulator.Build.0 = Release|Any CPU
		{F33D9DEF-B413-4024-9985-6996B039D8A5}.Debug|iPhone.ActiveCfg = Debug|Any CPU
		{F33D9DEF-B413-4024-9985-6996B039D8A5}.Debug|iPhone.Build.0 = Debug|Any CPU
		{F33D9DEF-B413-4024-9985-6996B039D8A5}.Release|iPhone.ActiveCfg = Release|Any CPU
		{F33D9DEF-B413-4024-9985-6996B039D8A5}.Release|iPhone.Build.0 = Release|Any CPU
		{F33D9DEF-B413-4024-9985-6996B039D8A5}.Ad-Hoc|iPhone.ActiveCfg = Debug|Any CPU
		{F33D9DEF-B413-4024-9985-6996B039D8A5}.Ad-Hoc|iPhone.Build.0 = Debug|Any CPU
		{F33D9DEF-B413-4024-9985-6996B039D8A5}.AppStore|iPhone.ActiveCfg = Debug|Any CPU
		{F33D9DEF-B413-4024-9985-6996B039D8A5}.AppStore|iPhone.Build.0 = Debug|Any CPU
		{F33D9DEF-B413-4024-9985-6996B039D8A5}.net_3_5_Debug|Any CPU.ActiveCfg = Debug|Any CPU
		{F33D9DEF-B413-4024-9985-6996B039D8A5}.net_3_5_Debug|Any CPU.Build.0 = Debug|Any CPU
		{F33D9DEF-B413-4024-9985-6996B039D8A5}.net_3_5_Debug_ReadOnly|Any CPU.ActiveCfg = Debug|Any CPU
		{F33D9DEF-B413-4024-9985-6996B039D8A5}.net_3_5_Debug_ReadOnly|Any CPU.Build.0 = Debug|Any CPU
		{F33D9DEF-B413-4024-9985-6996B039D8A5}.net_3_5_Release|Any CPU.ActiveCfg = Debug|Any CPU
		{F33D9DEF-B413-4024-9985-6996B039D8A5}.net_3_5_Release|Any CPU.Build.0 = Debug|Any CPU
		{F33D9DEF-B413-4024-9985-6996B039D8A5}.net_3_5_Release_ReadOnly|Any CPU.ActiveCfg = Debug|Any CPU
		{F33D9DEF-B413-4024-9985-6996B039D8A5}.net_3_5_Release_ReadOnly|Any CPU.Build.0 = Debug|Any CPU
		{F33D9DEF-B413-4024-9985-6996B039D8A5}.net_4_0_Debug|Any CPU.ActiveCfg = Debug|Any CPU
		{F33D9DEF-B413-4024-9985-6996B039D8A5}.net_4_0_Debug|Any CPU.Build.0 = Debug|Any CPU
		{F33D9DEF-B413-4024-9985-6996B039D8A5}.net_4_0_Debug_ReadOnly|Any CPU.ActiveCfg = Debug|Any CPU
		{F33D9DEF-B413-4024-9985-6996B039D8A5}.net_4_0_Debug_ReadOnly|Any CPU.Build.0 = Debug|Any CPU
		{F33D9DEF-B413-4024-9985-6996B039D8A5}.net_4_0_Release|Any CPU.ActiveCfg = Debug|Any CPU
		{F33D9DEF-B413-4024-9985-6996B039D8A5}.net_4_0_Release|Any CPU.Build.0 = Debug|Any CPU
		{F33D9DEF-B413-4024-9985-6996B039D8A5}.net_4_0_Release_ReadOnly|Any CPU.ActiveCfg = Debug|Any CPU
		{F33D9DEF-B413-4024-9985-6996B039D8A5}.net_4_0_Release_ReadOnly|Any CPU.Build.0 = Debug|Any CPU
		{F33D9DEF-B413-4024-9985-6996B039D8A5}.net_462_Debug|Any CPU.ActiveCfg = Debug|Any CPU
		{F33D9DEF-B413-4024-9985-6996B039D8A5}.net_462_Debug|Any CPU.Build.0 = Debug|Any CPU
		{F33D9DEF-B413-4024-9985-6996B039D8A5}.net_462_Debug_ReadOnly|Any CPU.ActiveCfg = Debug|Any CPU
		{F33D9DEF-B413-4024-9985-6996B039D8A5}.net_462_Debug_ReadOnly|Any CPU.Build.0 = Debug|Any CPU
		{F33D9DEF-B413-4024-9985-6996B039D8A5}.net_462_Release|Any CPU.ActiveCfg = Debug|Any CPU
		{F33D9DEF-B413-4024-9985-6996B039D8A5}.net_462_Release|Any CPU.Build.0 = Debug|Any CPU
		{F33D9DEF-B413-4024-9985-6996B039D8A5}.net_462_Release_ReadOnly|Any CPU.ActiveCfg = Debug|Any CPU
		{F33D9DEF-B413-4024-9985-6996B039D8A5}.net_462_Release_ReadOnly|Any CPU.Build.0 = Debug|Any CPU
		{F33D9DEF-B413-4024-9985-6996B039D8A5}.netstandard_Debug|Any CPU.ActiveCfg = Debug|Any CPU
		{F33D9DEF-B413-4024-9985-6996B039D8A5}.netstandard_Debug|Any CPU.Build.0 = Debug|Any CPU
		{F33D9DEF-B413-4024-9985-6996B039D8A5}.netstandard_Debug_ReadOnly|Any CPU.ActiveCfg = Debug|Any CPU
		{F33D9DEF-B413-4024-9985-6996B039D8A5}.netstandard_Debug_ReadOnly|Any CPU.Build.0 = Debug|Any CPU
		{F33D9DEF-B413-4024-9985-6996B039D8A5}.netstandard_Release|Any CPU.ActiveCfg = Debug|Any CPU
		{F33D9DEF-B413-4024-9985-6996B039D8A5}.netstandard_Release|Any CPU.Build.0 = Debug|Any CPU
		{F33D9DEF-B413-4024-9985-6996B039D8A5}.netstandard_Release_ReadOnly|Any CPU.ActiveCfg = Debug|Any CPU
		{F33D9DEF-B413-4024-9985-6996B039D8A5}.netstandard_Release_ReadOnly|Any CPU.Build.0 = Debug|Any CPU
		{97CEE12E-2318-4B6A-BE7B-7D7C60ACB227}.Debug|Any CPU.ActiveCfg = Debug|Any CPU
		{97CEE12E-2318-4B6A-BE7B-7D7C60ACB227}.Debug|Any CPU.Build.0 = Debug|Any CPU
		{97CEE12E-2318-4B6A-BE7B-7D7C60ACB227}.Release|Any CPU.ActiveCfg = Release|Any CPU
		{97CEE12E-2318-4B6A-BE7B-7D7C60ACB227}.Release|Any CPU.Build.0 = Release|Any CPU
		{97CEE12E-2318-4B6A-BE7B-7D7C60ACB227}.Debug|iPhoneSimulator.ActiveCfg = Debug|Any CPU
		{97CEE12E-2318-4B6A-BE7B-7D7C60ACB227}.Debug|iPhoneSimulator.Build.0 = Debug|Any CPU
		{97CEE12E-2318-4B6A-BE7B-7D7C60ACB227}.Release|iPhoneSimulator.ActiveCfg = Release|Any CPU
		{97CEE12E-2318-4B6A-BE7B-7D7C60ACB227}.Release|iPhoneSimulator.Build.0 = Release|Any CPU
		{97CEE12E-2318-4B6A-BE7B-7D7C60ACB227}.Debug|iPhone.ActiveCfg = Debug|Any CPU
		{97CEE12E-2318-4B6A-BE7B-7D7C60ACB227}.Debug|iPhone.Build.0 = Debug|Any CPU
		{97CEE12E-2318-4B6A-BE7B-7D7C60ACB227}.Release|iPhone.ActiveCfg = Release|Any CPU
		{97CEE12E-2318-4B6A-BE7B-7D7C60ACB227}.Release|iPhone.Build.0 = Release|Any CPU
		{97CEE12E-2318-4B6A-BE7B-7D7C60ACB227}.Ad-Hoc|iPhone.ActiveCfg = Debug|Any CPU
		{97CEE12E-2318-4B6A-BE7B-7D7C60ACB227}.Ad-Hoc|iPhone.Build.0 = Debug|Any CPU
		{97CEE12E-2318-4B6A-BE7B-7D7C60ACB227}.AppStore|iPhone.ActiveCfg = Debug|Any CPU
		{97CEE12E-2318-4B6A-BE7B-7D7C60ACB227}.AppStore|iPhone.Build.0 = Debug|Any CPU
		{97CEE12E-2318-4B6A-BE7B-7D7C60ACB227}.net_3_5_Debug|Any CPU.ActiveCfg = Debug|Any CPU
		{97CEE12E-2318-4B6A-BE7B-7D7C60ACB227}.net_3_5_Debug|Any CPU.Build.0 = Debug|Any CPU
		{97CEE12E-2318-4B6A-BE7B-7D7C60ACB227}.net_3_5_Debug_ReadOnly|Any CPU.ActiveCfg = Debug|Any CPU
		{97CEE12E-2318-4B6A-BE7B-7D7C60ACB227}.net_3_5_Debug_ReadOnly|Any CPU.Build.0 = Debug|Any CPU
		{97CEE12E-2318-4B6A-BE7B-7D7C60ACB227}.net_3_5_Release|Any CPU.ActiveCfg = Debug|Any CPU
		{97CEE12E-2318-4B6A-BE7B-7D7C60ACB227}.net_3_5_Release|Any CPU.Build.0 = Debug|Any CPU
		{97CEE12E-2318-4B6A-BE7B-7D7C60ACB227}.net_3_5_Release_ReadOnly|Any CPU.ActiveCfg = Debug|Any CPU
		{97CEE12E-2318-4B6A-BE7B-7D7C60ACB227}.net_3_5_Release_ReadOnly|Any CPU.Build.0 = Debug|Any CPU
		{97CEE12E-2318-4B6A-BE7B-7D7C60ACB227}.net_4_0_Debug|Any CPU.ActiveCfg = Debug|Any CPU
		{97CEE12E-2318-4B6A-BE7B-7D7C60ACB227}.net_4_0_Debug|Any CPU.Build.0 = Debug|Any CPU
		{97CEE12E-2318-4B6A-BE7B-7D7C60ACB227}.net_4_0_Debug_ReadOnly|Any CPU.ActiveCfg = Debug|Any CPU
		{97CEE12E-2318-4B6A-BE7B-7D7C60ACB227}.net_4_0_Debug_ReadOnly|Any CPU.Build.0 = Debug|Any CPU
		{97CEE12E-2318-4B6A-BE7B-7D7C60ACB227}.net_4_0_Release|Any CPU.ActiveCfg = Debug|Any CPU
		{97CEE12E-2318-4B6A-BE7B-7D7C60ACB227}.net_4_0_Release|Any CPU.Build.0 = Debug|Any CPU
		{97CEE12E-2318-4B6A-BE7B-7D7C60ACB227}.net_4_0_Release_ReadOnly|Any CPU.ActiveCfg = Debug|Any CPU
		{97CEE12E-2318-4B6A-BE7B-7D7C60ACB227}.net_4_0_Release_ReadOnly|Any CPU.Build.0 = Debug|Any CPU
		{97CEE12E-2318-4B6A-BE7B-7D7C60ACB227}.net_462_Debug|Any CPU.ActiveCfg = Debug|Any CPU
		{97CEE12E-2318-4B6A-BE7B-7D7C60ACB227}.net_462_Debug|Any CPU.Build.0 = Debug|Any CPU
		{97CEE12E-2318-4B6A-BE7B-7D7C60ACB227}.net_462_Debug_ReadOnly|Any CPU.ActiveCfg = Debug|Any CPU
		{97CEE12E-2318-4B6A-BE7B-7D7C60ACB227}.net_462_Debug_ReadOnly|Any CPU.Build.0 = Debug|Any CPU
		{97CEE12E-2318-4B6A-BE7B-7D7C60ACB227}.net_462_Release|Any CPU.ActiveCfg = Debug|Any CPU
		{97CEE12E-2318-4B6A-BE7B-7D7C60ACB227}.net_462_Release|Any CPU.Build.0 = Debug|Any CPU
		{97CEE12E-2318-4B6A-BE7B-7D7C60ACB227}.net_462_Release_ReadOnly|Any CPU.ActiveCfg = Debug|Any CPU
		{97CEE12E-2318-4B6A-BE7B-7D7C60ACB227}.net_462_Release_ReadOnly|Any CPU.Build.0 = Debug|Any CPU
		{97CEE12E-2318-4B6A-BE7B-7D7C60ACB227}.netstandard_Debug|Any CPU.ActiveCfg = Debug|Any CPU
		{97CEE12E-2318-4B6A-BE7B-7D7C60ACB227}.netstandard_Debug|Any CPU.Build.0 = Debug|Any CPU
		{97CEE12E-2318-4B6A-BE7B-7D7C60ACB227}.netstandard_Debug_ReadOnly|Any CPU.ActiveCfg = Debug|Any CPU
		{97CEE12E-2318-4B6A-BE7B-7D7C60ACB227}.netstandard_Debug_ReadOnly|Any CPU.Build.0 = Debug|Any CPU
		{97CEE12E-2318-4B6A-BE7B-7D7C60ACB227}.netstandard_Release|Any CPU.ActiveCfg = Debug|Any CPU
		{97CEE12E-2318-4B6A-BE7B-7D7C60ACB227}.netstandard_Release|Any CPU.Build.0 = Debug|Any CPU
		{97CEE12E-2318-4B6A-BE7B-7D7C60ACB227}.netstandard_Release_ReadOnly|Any CPU.ActiveCfg = Debug|Any CPU
		{97CEE12E-2318-4B6A-BE7B-7D7C60ACB227}.netstandard_Release_ReadOnly|Any CPU.Build.0 = Debug|Any CPU
		{5BD374D2-0C9F-4E5E-A178-A4524C22AF8C}.Debug|Any CPU.ActiveCfg = Debug|Any CPU
		{5BD374D2-0C9F-4E5E-A178-A4524C22AF8C}.Debug|Any CPU.Build.0 = Debug|Any CPU
		{5BD374D2-0C9F-4E5E-A178-A4524C22AF8C}.Release|Any CPU.ActiveCfg = Release|Any CPU
		{5BD374D2-0C9F-4E5E-A178-A4524C22AF8C}.Release|Any CPU.Build.0 = Release|Any CPU
		{5BD374D2-0C9F-4E5E-A178-A4524C22AF8C}.Debug|iPhoneSimulator.ActiveCfg = Debug|Any CPU
		{5BD374D2-0C9F-4E5E-A178-A4524C22AF8C}.Debug|iPhoneSimulator.Build.0 = Debug|Any CPU
		{5BD374D2-0C9F-4E5E-A178-A4524C22AF8C}.Release|iPhoneSimulator.ActiveCfg = Release|Any CPU
		{5BD374D2-0C9F-4E5E-A178-A4524C22AF8C}.Release|iPhoneSimulator.Build.0 = Release|Any CPU
		{5BD374D2-0C9F-4E5E-A178-A4524C22AF8C}.Debug|iPhone.ActiveCfg = Debug|Any CPU
		{5BD374D2-0C9F-4E5E-A178-A4524C22AF8C}.Debug|iPhone.Build.0 = Debug|Any CPU
		{5BD374D2-0C9F-4E5E-A178-A4524C22AF8C}.Release|iPhone.ActiveCfg = Release|Any CPU
		{5BD374D2-0C9F-4E5E-A178-A4524C22AF8C}.Release|iPhone.Build.0 = Release|Any CPU
		{5BD374D2-0C9F-4E5E-A178-A4524C22AF8C}.Ad-Hoc|iPhone.ActiveCfg = Release|Any CPU
		{5BD374D2-0C9F-4E5E-A178-A4524C22AF8C}.Ad-Hoc|iPhone.Build.0 = Release|Any CPU
		{5BD374D2-0C9F-4E5E-A178-A4524C22AF8C}.AppStore|iPhone.ActiveCfg = Release|Any CPU
		{5BD374D2-0C9F-4E5E-A178-A4524C22AF8C}.AppStore|iPhone.Build.0 = Release|Any CPU
		{5BD374D2-0C9F-4E5E-A178-A4524C22AF8C}.net_3_5_Debug|Any CPU.ActiveCfg = Debug|Any CPU
		{5BD374D2-0C9F-4E5E-A178-A4524C22AF8C}.net_3_5_Debug|Any CPU.Build.0 = Debug|Any CPU
		{5BD374D2-0C9F-4E5E-A178-A4524C22AF8C}.net_3_5_Debug_ReadOnly|Any CPU.ActiveCfg = Debug|Any CPU
		{5BD374D2-0C9F-4E5E-A178-A4524C22AF8C}.net_3_5_Debug_ReadOnly|Any CPU.Build.0 = Debug|Any CPU
		{5BD374D2-0C9F-4E5E-A178-A4524C22AF8C}.net_3_5_Release|Any CPU.ActiveCfg = Debug|Any CPU
		{5BD374D2-0C9F-4E5E-A178-A4524C22AF8C}.net_3_5_Release|Any CPU.Build.0 = Debug|Any CPU
		{5BD374D2-0C9F-4E5E-A178-A4524C22AF8C}.net_3_5_Release_ReadOnly|Any CPU.ActiveCfg = Debug|Any CPU
		{5BD374D2-0C9F-4E5E-A178-A4524C22AF8C}.net_3_5_Release_ReadOnly|Any CPU.Build.0 = Debug|Any CPU
		{5BD374D2-0C9F-4E5E-A178-A4524C22AF8C}.net_4_0_Debug|Any CPU.ActiveCfg = Debug|Any CPU
		{5BD374D2-0C9F-4E5E-A178-A4524C22AF8C}.net_4_0_Debug|Any CPU.Build.0 = Debug|Any CPU
		{5BD374D2-0C9F-4E5E-A178-A4524C22AF8C}.net_4_0_Debug_ReadOnly|Any CPU.ActiveCfg = Debug|Any CPU
		{5BD374D2-0C9F-4E5E-A178-A4524C22AF8C}.net_4_0_Debug_ReadOnly|Any CPU.Build.0 = Debug|Any CPU
		{5BD374D2-0C9F-4E5E-A178-A4524C22AF8C}.net_4_0_Release|Any CPU.ActiveCfg = Debug|Any CPU
		{5BD374D2-0C9F-4E5E-A178-A4524C22AF8C}.net_4_0_Release|Any CPU.Build.0 = Debug|Any CPU
		{5BD374D2-0C9F-4E5E-A178-A4524C22AF8C}.net_4_0_Release_ReadOnly|Any CPU.ActiveCfg = Debug|Any CPU
		{5BD374D2-0C9F-4E5E-A178-A4524C22AF8C}.net_4_0_Release_ReadOnly|Any CPU.Build.0 = Debug|Any CPU
		{5BD374D2-0C9F-4E5E-A178-A4524C22AF8C}.net_462_Debug|Any CPU.ActiveCfg = Debug|Any CPU
		{5BD374D2-0C9F-4E5E-A178-A4524C22AF8C}.net_462_Debug|Any CPU.Build.0 = Debug|Any CPU
		{5BD374D2-0C9F-4E5E-A178-A4524C22AF8C}.net_462_Debug_ReadOnly|Any CPU.ActiveCfg = Debug|Any CPU
		{5BD374D2-0C9F-4E5E-A178-A4524C22AF8C}.net_462_Debug_ReadOnly|Any CPU.Build.0 = Debug|Any CPU
		{5BD374D2-0C9F-4E5E-A178-A4524C22AF8C}.net_462_Release|Any CPU.ActiveCfg = Debug|Any CPU
		{5BD374D2-0C9F-4E5E-A178-A4524C22AF8C}.net_462_Release|Any CPU.Build.0 = Debug|Any CPU
		{5BD374D2-0C9F-4E5E-A178-A4524C22AF8C}.net_462_Release_ReadOnly|Any CPU.ActiveCfg = Debug|Any CPU
		{5BD374D2-0C9F-4E5E-A178-A4524C22AF8C}.net_462_Release_ReadOnly|Any CPU.Build.0 = Debug|Any CPU
		{5BD374D2-0C9F-4E5E-A178-A4524C22AF8C}.netstandard_Debug|Any CPU.ActiveCfg = Debug|Any CPU
		{5BD374D2-0C9F-4E5E-A178-A4524C22AF8C}.netstandard_Debug|Any CPU.Build.0 = Debug|Any CPU
		{5BD374D2-0C9F-4E5E-A178-A4524C22AF8C}.netstandard_Debug_ReadOnly|Any CPU.ActiveCfg = Debug|Any CPU
		{5BD374D2-0C9F-4E5E-A178-A4524C22AF8C}.netstandard_Debug_ReadOnly|Any CPU.Build.0 = Debug|Any CPU
		{5BD374D2-0C9F-4E5E-A178-A4524C22AF8C}.netstandard_Release|Any CPU.ActiveCfg = Debug|Any CPU
		{5BD374D2-0C9F-4E5E-A178-A4524C22AF8C}.netstandard_Release|Any CPU.Build.0 = Debug|Any CPU
		{5BD374D2-0C9F-4E5E-A178-A4524C22AF8C}.netstandard_Release_ReadOnly|Any CPU.ActiveCfg = Debug|Any CPU
		{5BD374D2-0C9F-4E5E-A178-A4524C22AF8C}.netstandard_Release_ReadOnly|Any CPU.Build.0 = Debug|Any CPU
	EndGlobalSection
	GlobalSection(NestedProjects) = preSolution
		{7556F489-417B-4D29-8FF7-4041B6DCA0D3} = {073377F8-07C6-4A35-81F2-C3599BE21022}
		{0B9DE186-355F-4261-B4A2-83FF160AB50E} = {0F506371-1339-4D70-A80E-65959DB969FB}
		{C97F4708-521F-4D5F-8D0C-23DD4431ABC9} = {0F506371-1339-4D70-A80E-65959DB969FB}
		{E283AEFD-4581-4EEE-9F6D-B7545D9536FE} = {0F506371-1339-4D70-A80E-65959DB969FB}
		{F22483C4-C6C7-4D46-A64A-C7D3E1003333} = {0F506371-1339-4D70-A80E-65959DB969FB}
		{B818AACA-35DA-4310-9AE7-04DF813C3BE5} = {0F506371-1339-4D70-A80E-65959DB969FB}
		{155BAE15-ED94-4F67-9EA3-01DAAE37A53E} = {B818AACA-35DA-4310-9AE7-04DF813C3BE5}
		{22B999C3-BD86-4B62-8A74-516089B829DA} = {B818AACA-35DA-4310-9AE7-04DF813C3BE5}
		{773DEFCF-3A9C-43CC-826F-4091BBBF93A6} = {C5202716-D2E0-4F72-9FA1-239769C89123}
		{1816D21F-CBA0-47E5-B522-79D7D89EF18F} = {C5202716-D2E0-4F72-9FA1-239769C89123}
		{008448A8-6DD9-4EF6-9A24-934F09D7417C} = {C5202716-D2E0-4F72-9FA1-239769C89123}
		{809D2CC0-33B7-49B9-9279-C665875E3ED0} = {C5202716-D2E0-4F72-9FA1-239769C89123}
		{07C0ACD2-819C-4EFE-8EAF-6CDC895B0BE1} = {0F506371-1339-4D70-A80E-65959DB969FB}
		{67E09C95-C842-4E15-9F7A-EEBBC3B25A1C} = {0F506371-1339-4D70-A80E-65959DB969FB}
		{6E9D6E2D-6AED-48BB-A339-EDABC3713282} = {0F506371-1339-4D70-A80E-65959DB969FB}
		{F33D9DEF-B413-4024-9985-6996B039D8A5} = {0F506371-1339-4D70-A80E-65959DB969FB}
		{97CEE12E-2318-4B6A-BE7B-7D7C60ACB227} = {0F506371-1339-4D70-A80E-65959DB969FB}
		{5BD374D2-0C9F-4E5E-A178-A4524C22AF8C} = {0F506371-1339-4D70-A80E-65959DB969FB}
	EndGlobalSection
EndGlobal
